
Microsoft Visual Studio Solution File, Format Version 12.00
# Visual Studio Version 17
VisualStudioVersion = 17.0.31903.59
MinimumVisualStudioVersion = 10.0.40219.1
Project("{FAE04EC0-301F-11D3-BF4B-00C04F79EFBC}") = "RestClient.Net", "RestClient.Net\RestClient.Net.csproj", "{9B2647B2-DBAA-4EC7-9D65-10B554238BC2}"
EndProject
Project("{FAE04EC0-301F-11D3-BF4B-00C04F79EFBC}") = "RestClient.Net.CsTest", "RestClient.Net.CsTest\RestClient.Net.CsTest.csproj", "{8C102E2A-2399-430C-B8A7-163274E94A67}"
EndProject
Project("{FAE04EC0-301F-11D3-BF4B-00C04F79EFBC}") = "Exhaustion", "Exhaustion\Exhaustion.csproj", "{6DCCE6E2-9377-4566-988C-172623FF408C}"
EndProject
Project("{FAE04EC0-301F-11D3-BF4B-00C04F79EFBC}") = "Exhaustion.Tests", "Exhaustion.Tests\Exhaustion.Tests.csproj", "{E005CF26-6A01-499E-A506-A1A9156D7722}"
EndProject
Project("{2150E333-8FDC-42A3-9474-1A3956D46DE8}") = "Samples", "Samples", "{5D20AA90-6969-D8BD-9DCD-8634F4692FDA}"
EndProject
Project("{FAE04EC0-301F-11D3-BF4B-00C04F79EFBC}") = "RestClient.AvaloniaUI.Sample", "Samples\RestClient.AvaloniaUI.Sample\RestClient.AvaloniaUI.Sample.csproj", "{39D87D43-FA01-4E3F-BC92-E7D735847BA4}"
EndProject
Project("{FAE04EC0-301F-11D3-BF4B-00C04F79EFBC}") = "RestClient.Net.Original", "RestClient.Net.Original\RestClient.Net.Original.csproj", "{7DFE2D82-5C8D-441E-8777-7C7C68D25BA2}"
EndProject
Project("{FAE04EC0-301F-11D3-BF4B-00C04F79EFBC}") = "RestClient.Net.Original.Tests", "RestClient.Net.Original.Tests\RestClient.Net.Original.Tests.csproj", "{1DBB716B-2B44-4356-8F66-75215CFC55B4}"
EndProject
Project("{FAE04EC0-301F-11D3-BF4B-00C04F79EFBC}") = "RestClient.AvaloniaUI.Sample.Tests", "Samples\RestClient.AvaloniaUI.Sample.Tests\RestClient.AvaloniaUI.Sample.Tests.csproj", "{2F9E26A2-F2AB-4EAC-8E58-2997836178A3}"
EndProject
Project("{FAE04EC0-301F-11D3-BF4B-00C04F79EFBC}") = "RestClient.Net.OpenApiGenerator", "RestClient.Net.OpenApiGenerator\RestClient.Net.OpenApiGenerator.csproj", "{33112EA7-1599-4C0E-A3B3-99D022885322}"
EndProject
Project("{FAE04EC0-301F-11D3-BF4B-00C04F79EFBC}") = "RestClient.Net.OpenApiGenerator.Tests", "RestClient.Net.OpenApiGenerator.Tests\RestClient.Net.OpenApiGenerator.Tests.csproj", "{2BD797E5-38C5-40FE-800C-A35A69A1A9D6}"
EndProject
Project("{FAE04EC0-301F-11D3-BF4B-00C04F79EFBC}") = "RestClient.OpenApiGenerator.Sample.Tests", "Samples\RestClient.OpenApiGenerator.Sample.Tests\RestClient.OpenApiGenerator.Sample.Tests.csproj", "{6DD609E1-C757-462C-9FC4-4B5AE6430BFD}"
EndProject
Project("{FAE04EC0-301F-11D3-BF4B-00C04F79EFBC}") = "RestClient.OpenApiGenerator.Sample.JSONPlaceholder", "Samples\RestClient.OpenApiGenerator.Sample.JSONPlaceholder\RestClient.OpenApiGenerator.Sample.JSONPlaceholder.csproj", "{AFB69AB0-2EBD-4B5A-B6B5-F920149BDF58}"
EndProject
Project("{FAE04EC0-301F-11D3-BF4B-00C04F79EFBC}") = "Outcome", "Outcome\Outcome.csproj", "{AB5ED026-A2B1-45D8-9969-5F67E7FB3C5E}"
EndProject
Project("{FAE04EC0-301F-11D3-BF4B-00C04F79EFBC}") = "Outcome.Tests", "Outcome.Tests\Outcome.Tests.csproj", "{A7EEF826-DAC1-4D30-B5FC-DD9F7308C622}"
EndProject
Project("{FAE04EC0-301F-11D3-BF4B-00C04F79EFBC}") = "RestClient.Net.OpenApiGenerator.Cli", "RestClient.Net.OpenApiGenerator.Cli\RestClient.Net.OpenApiGenerator.Cli.csproj", "{F1A55DA4-C3BB-41DF-8F6F-E6B872A9DC49}"
EndProject
Project("{F2A71F9B-5D33-465A-A702-920D77279786}") = "RestClient.Net.FsTest", "RestClient.Net.FsTest\RestClient.Net.FsTest.fsproj", "{E9EEE1D7-2A49-4665-8CBA-B0DC22BEB254}"
EndProject
Global
	GlobalSection(SolutionConfigurationPlatforms) = preSolution
		Debug|Any CPU = Debug|Any CPU
		Debug|x64 = Debug|x64
		Debug|x86 = Debug|x86
		Release|Any CPU = Release|Any CPU
		Release|x64 = Release|x64
		Release|x86 = Release|x86
	EndGlobalSection
	GlobalSection(ProjectConfigurationPlatforms) = postSolution
		{9B2647B2-DBAA-4EC7-9D65-10B554238BC2}.Debug|Any CPU.ActiveCfg = Debug|Any CPU
		{9B2647B2-DBAA-4EC7-9D65-10B554238BC2}.Debug|Any CPU.Build.0 = Debug|Any CPU
		{9B2647B2-DBAA-4EC7-9D65-10B554238BC2}.Debug|x64.ActiveCfg = Debug|Any CPU
		{9B2647B2-DBAA-4EC7-9D65-10B554238BC2}.Debug|x64.Build.0 = Debug|Any CPU
		{9B2647B2-DBAA-4EC7-9D65-10B554238BC2}.Debug|x86.ActiveCfg = Debug|Any CPU
		{9B2647B2-DBAA-4EC7-9D65-10B554238BC2}.Debug|x86.Build.0 = Debug|Any CPU
		{9B2647B2-DBAA-4EC7-9D65-10B554238BC2}.Release|Any CPU.ActiveCfg = Release|Any CPU
		{9B2647B2-DBAA-4EC7-9D65-10B554238BC2}.Release|Any CPU.Build.0 = Release|Any CPU
		{9B2647B2-DBAA-4EC7-9D65-10B554238BC2}.Release|x64.ActiveCfg = Release|Any CPU
		{9B2647B2-DBAA-4EC7-9D65-10B554238BC2}.Release|x64.Build.0 = Release|Any CPU
		{9B2647B2-DBAA-4EC7-9D65-10B554238BC2}.Release|x86.ActiveCfg = Release|Any CPU
		{9B2647B2-DBAA-4EC7-9D65-10B554238BC2}.Release|x86.Build.0 = Release|Any CPU
		{8C102E2A-2399-430C-B8A7-163274E94A67}.Debug|Any CPU.ActiveCfg = Debug|Any CPU
		{8C102E2A-2399-430C-B8A7-163274E94A67}.Debug|Any CPU.Build.0 = Debug|Any CPU
		{8C102E2A-2399-430C-B8A7-163274E94A67}.Debug|x64.ActiveCfg = Debug|Any CPU
		{8C102E2A-2399-430C-B8A7-163274E94A67}.Debug|x64.Build.0 = Debug|Any CPU
		{8C102E2A-2399-430C-B8A7-163274E94A67}.Debug|x86.ActiveCfg = Debug|Any CPU
		{8C102E2A-2399-430C-B8A7-163274E94A67}.Debug|x86.Build.0 = Debug|Any CPU
		{8C102E2A-2399-430C-B8A7-163274E94A67}.Release|Any CPU.ActiveCfg = Release|Any CPU
		{8C102E2A-2399-430C-B8A7-163274E94A67}.Release|Any CPU.Build.0 = Release|Any CPU
		{8C102E2A-2399-430C-B8A7-163274E94A67}.Release|x64.ActiveCfg = Release|Any CPU
		{8C102E2A-2399-430C-B8A7-163274E94A67}.Release|x64.Build.0 = Release|Any CPU
		{8C102E2A-2399-430C-B8A7-163274E94A67}.Release|x86.ActiveCfg = Release|Any CPU
		{8C102E2A-2399-430C-B8A7-163274E94A67}.Release|x86.Build.0 = Release|Any CPU
		{6DCCE6E2-9377-4566-988C-172623FF408C}.Debug|Any CPU.ActiveCfg = Debug|Any CPU
		{6DCCE6E2-9377-4566-988C-172623FF408C}.Debug|Any CPU.Build.0 = Debug|Any CPU
		{6DCCE6E2-9377-4566-988C-172623FF408C}.Debug|x64.ActiveCfg = Debug|Any CPU
		{6DCCE6E2-9377-4566-988C-172623FF408C}.Debug|x64.Build.0 = Debug|Any CPU
		{6DCCE6E2-9377-4566-988C-172623FF408C}.Debug|x86.ActiveCfg = Debug|Any CPU
		{6DCCE6E2-9377-4566-988C-172623FF408C}.Debug|x86.Build.0 = Debug|Any CPU
		{6DCCE6E2-9377-4566-988C-172623FF408C}.Release|Any CPU.ActiveCfg = Release|Any CPU
		{6DCCE6E2-9377-4566-988C-172623FF408C}.Release|Any CPU.Build.0 = Release|Any CPU
		{6DCCE6E2-9377-4566-988C-172623FF408C}.Release|x64.ActiveCfg = Release|Any CPU
		{6DCCE6E2-9377-4566-988C-172623FF408C}.Release|x64.Build.0 = Release|Any CPU
		{6DCCE6E2-9377-4566-988C-172623FF408C}.Release|x86.ActiveCfg = Release|Any CPU
		{6DCCE6E2-9377-4566-988C-172623FF408C}.Release|x86.Build.0 = Release|Any CPU
		{E005CF26-6A01-499E-A506-A1A9156D7722}.Debug|Any CPU.ActiveCfg = Debug|Any CPU
		{E005CF26-6A01-499E-A506-A1A9156D7722}.Debug|Any CPU.Build.0 = Debug|Any CPU
		{E005CF26-6A01-499E-A506-A1A9156D7722}.Debug|x64.ActiveCfg = Debug|Any CPU
		{E005CF26-6A01-499E-A506-A1A9156D7722}.Debug|x64.Build.0 = Debug|Any CPU
		{E005CF26-6A01-499E-A506-A1A9156D7722}.Debug|x86.ActiveCfg = Debug|Any CPU
		{E005CF26-6A01-499E-A506-A1A9156D7722}.Debug|x86.Build.0 = Debug|Any CPU
		{E005CF26-6A01-499E-A506-A1A9156D7722}.Release|Any CPU.ActiveCfg = Release|Any CPU
		{E005CF26-6A01-499E-A506-A1A9156D7722}.Release|Any CPU.Build.0 = Release|Any CPU
		{E005CF26-6A01-499E-A506-A1A9156D7722}.Release|x64.ActiveCfg = Release|Any CPU
		{E005CF26-6A01-499E-A506-A1A9156D7722}.Release|x64.Build.0 = Release|Any CPU
		{E005CF26-6A01-499E-A506-A1A9156D7722}.Release|x86.ActiveCfg = Release|Any CPU
		{E005CF26-6A01-499E-A506-A1A9156D7722}.Release|x86.Build.0 = Release|Any CPU
		{39D87D43-FA01-4E3F-BC92-E7D735847BA4}.Debug|Any CPU.ActiveCfg = Debug|Any CPU
		{39D87D43-FA01-4E3F-BC92-E7D735847BA4}.Debug|Any CPU.Build.0 = Debug|Any CPU
		{39D87D43-FA01-4E3F-BC92-E7D735847BA4}.Debug|x64.ActiveCfg = Debug|Any CPU
		{39D87D43-FA01-4E3F-BC92-E7D735847BA4}.Debug|x64.Build.0 = Debug|Any CPU
		{39D87D43-FA01-4E3F-BC92-E7D735847BA4}.Debug|x86.ActiveCfg = Debug|Any CPU
		{39D87D43-FA01-4E3F-BC92-E7D735847BA4}.Debug|x86.Build.0 = Debug|Any CPU
		{39D87D43-FA01-4E3F-BC92-E7D735847BA4}.Release|Any CPU.ActiveCfg = Release|Any CPU
		{39D87D43-FA01-4E3F-BC92-E7D735847BA4}.Release|Any CPU.Build.0 = Release|Any CPU
		{39D87D43-FA01-4E3F-BC92-E7D735847BA4}.Release|x64.ActiveCfg = Release|Any CPU
		{39D87D43-FA01-4E3F-BC92-E7D735847BA4}.Release|x64.Build.0 = Release|Any CPU
		{39D87D43-FA01-4E3F-BC92-E7D735847BA4}.Release|x86.ActiveCfg = Release|Any CPU
		{39D87D43-FA01-4E3F-BC92-E7D735847BA4}.Release|x86.Build.0 = Release|Any CPU
		{7DFE2D82-5C8D-441E-8777-7C7C68D25BA2}.Debug|Any CPU.ActiveCfg = Debug|Any CPU
		{7DFE2D82-5C8D-441E-8777-7C7C68D25BA2}.Debug|Any CPU.Build.0 = Debug|Any CPU
		{7DFE2D82-5C8D-441E-8777-7C7C68D25BA2}.Debug|x64.ActiveCfg = Debug|Any CPU
		{7DFE2D82-5C8D-441E-8777-7C7C68D25BA2}.Debug|x64.Build.0 = Debug|Any CPU
		{7DFE2D82-5C8D-441E-8777-7C7C68D25BA2}.Debug|x86.ActiveCfg = Debug|Any CPU
		{7DFE2D82-5C8D-441E-8777-7C7C68D25BA2}.Debug|x86.Build.0 = Debug|Any CPU
		{7DFE2D82-5C8D-441E-8777-7C7C68D25BA2}.Release|Any CPU.ActiveCfg = Release|Any CPU
		{7DFE2D82-5C8D-441E-8777-7C7C68D25BA2}.Release|Any CPU.Build.0 = Release|Any CPU
		{7DFE2D82-5C8D-441E-8777-7C7C68D25BA2}.Release|x64.ActiveCfg = Release|Any CPU
		{7DFE2D82-5C8D-441E-8777-7C7C68D25BA2}.Release|x64.Build.0 = Release|Any CPU
		{7DFE2D82-5C8D-441E-8777-7C7C68D25BA2}.Release|x86.ActiveCfg = Release|Any CPU
		{7DFE2D82-5C8D-441E-8777-7C7C68D25BA2}.Release|x86.Build.0 = Release|Any CPU
		{1DBB716B-2B44-4356-8F66-75215CFC55B4}.Debug|Any CPU.ActiveCfg = Debug|Any CPU
		{1DBB716B-2B44-4356-8F66-75215CFC55B4}.Debug|Any CPU.Build.0 = Debug|Any CPU
		{1DBB716B-2B44-4356-8F66-75215CFC55B4}.Debug|x64.ActiveCfg = Debug|Any CPU
		{1DBB716B-2B44-4356-8F66-75215CFC55B4}.Debug|x64.Build.0 = Debug|Any CPU
		{1DBB716B-2B44-4356-8F66-75215CFC55B4}.Debug|x86.ActiveCfg = Debug|Any CPU
		{1DBB716B-2B44-4356-8F66-75215CFC55B4}.Debug|x86.Build.0 = Debug|Any CPU
		{1DBB716B-2B44-4356-8F66-75215CFC55B4}.Release|Any CPU.ActiveCfg = Release|Any CPU
		{1DBB716B-2B44-4356-8F66-75215CFC55B4}.Release|Any CPU.Build.0 = Release|Any CPU
		{1DBB716B-2B44-4356-8F66-75215CFC55B4}.Release|x64.ActiveCfg = Release|Any CPU
		{1DBB716B-2B44-4356-8F66-75215CFC55B4}.Release|x64.Build.0 = Release|Any CPU
		{1DBB716B-2B44-4356-8F66-75215CFC55B4}.Release|x86.ActiveCfg = Release|Any CPU
		{1DBB716B-2B44-4356-8F66-75215CFC55B4}.Release|x86.Build.0 = Release|Any CPU
		{2F9E26A2-F2AB-4EAC-8E58-2997836178A3}.Debug|Any CPU.ActiveCfg = Debug|Any CPU
		{2F9E26A2-F2AB-4EAC-8E58-2997836178A3}.Debug|Any CPU.Build.0 = Debug|Any CPU
		{2F9E26A2-F2AB-4EAC-8E58-2997836178A3}.Debug|x64.ActiveCfg = Debug|Any CPU
		{2F9E26A2-F2AB-4EAC-8E58-2997836178A3}.Debug|x64.Build.0 = Debug|Any CPU
		{2F9E26A2-F2AB-4EAC-8E58-2997836178A3}.Debug|x86.ActiveCfg = Debug|Any CPU
		{2F9E26A2-F2AB-4EAC-8E58-2997836178A3}.Debug|x86.Build.0 = Debug|Any CPU
		{2F9E26A2-F2AB-4EAC-8E58-2997836178A3}.Release|Any CPU.ActiveCfg = Release|Any CPU
		{2F9E26A2-F2AB-4EAC-8E58-2997836178A3}.Release|Any CPU.Build.0 = Release|Any CPU
		{2F9E26A2-F2AB-4EAC-8E58-2997836178A3}.Release|x64.ActiveCfg = Release|Any CPU
		{2F9E26A2-F2AB-4EAC-8E58-2997836178A3}.Release|x64.Build.0 = Release|Any CPU
		{2F9E26A2-F2AB-4EAC-8E58-2997836178A3}.Release|x86.ActiveCfg = Release|Any CPU
		{2F9E26A2-F2AB-4EAC-8E58-2997836178A3}.Release|x86.Build.0 = Release|Any CPU
		{33112EA7-1599-4C0E-A3B3-99D022885322}.Debug|Any CPU.ActiveCfg = Debug|Any CPU
		{33112EA7-1599-4C0E-A3B3-99D022885322}.Debug|Any CPU.Build.0 = Debug|Any CPU
		{33112EA7-1599-4C0E-A3B3-99D022885322}.Debug|x64.ActiveCfg = Debug|Any CPU
		{33112EA7-1599-4C0E-A3B3-99D022885322}.Debug|x64.Build.0 = Debug|Any CPU
		{33112EA7-1599-4C0E-A3B3-99D022885322}.Debug|x86.ActiveCfg = Debug|Any CPU
		{33112EA7-1599-4C0E-A3B3-99D022885322}.Debug|x86.Build.0 = Debug|Any CPU
		{33112EA7-1599-4C0E-A3B3-99D022885322}.Release|Any CPU.ActiveCfg = Release|Any CPU
		{33112EA7-1599-4C0E-A3B3-99D022885322}.Release|Any CPU.Build.0 = Release|Any CPU
		{33112EA7-1599-4C0E-A3B3-99D022885322}.Release|x64.ActiveCfg = Release|Any CPU
		{33112EA7-1599-4C0E-A3B3-99D022885322}.Release|x64.Build.0 = Release|Any CPU
		{33112EA7-1599-4C0E-A3B3-99D022885322}.Release|x86.ActiveCfg = Release|Any CPU
		{33112EA7-1599-4C0E-A3B3-99D022885322}.Release|x86.Build.0 = Release|Any CPU
		{2BD797E5-38C5-40FE-800C-A35A69A1A9D6}.Debug|Any CPU.ActiveCfg = Debug|Any CPU
		{2BD797E5-38C5-40FE-800C-A35A69A1A9D6}.Debug|Any CPU.Build.0 = Debug|Any CPU
		{2BD797E5-38C5-40FE-800C-A35A69A1A9D6}.Debug|x64.ActiveCfg = Debug|Any CPU
		{2BD797E5-38C5-40FE-800C-A35A69A1A9D6}.Debug|x64.Build.0 = Debug|Any CPU
		{2BD797E5-38C5-40FE-800C-A35A69A1A9D6}.Debug|x86.ActiveCfg = Debug|Any CPU
		{2BD797E5-38C5-40FE-800C-A35A69A1A9D6}.Debug|x86.Build.0 = Debug|Any CPU
		{2BD797E5-38C5-40FE-800C-A35A69A1A9D6}.Release|Any CPU.ActiveCfg = Release|Any CPU
		{2BD797E5-38C5-40FE-800C-A35A69A1A9D6}.Release|Any CPU.Build.0 = Release|Any CPU
		{2BD797E5-38C5-40FE-800C-A35A69A1A9D6}.Release|x64.ActiveCfg = Release|Any CPU
		{2BD797E5-38C5-40FE-800C-A35A69A1A9D6}.Release|x64.Build.0 = Release|Any CPU
		{2BD797E5-38C5-40FE-800C-A35A69A1A9D6}.Release|x86.ActiveCfg = Release|Any CPU
		{2BD797E5-38C5-40FE-800C-A35A69A1A9D6}.Release|x86.Build.0 = Release|Any CPU
		{6DD609E1-C757-462C-9FC4-4B5AE6430BFD}.Debug|Any CPU.ActiveCfg = Debug|Any CPU
		{6DD609E1-C757-462C-9FC4-4B5AE6430BFD}.Debug|Any CPU.Build.0 = Debug|Any CPU
		{6DD609E1-C757-462C-9FC4-4B5AE6430BFD}.Debug|x64.ActiveCfg = Debug|Any CPU
		{6DD609E1-C757-462C-9FC4-4B5AE6430BFD}.Debug|x64.Build.0 = Debug|Any CPU
		{6DD609E1-C757-462C-9FC4-4B5AE6430BFD}.Debug|x86.ActiveCfg = Debug|Any CPU
		{6DD609E1-C757-462C-9FC4-4B5AE6430BFD}.Debug|x86.Build.0 = Debug|Any CPU
		{6DD609E1-C757-462C-9FC4-4B5AE6430BFD}.Release|Any CPU.ActiveCfg = Release|Any CPU
		{6DD609E1-C757-462C-9FC4-4B5AE6430BFD}.Release|Any CPU.Build.0 = Release|Any CPU
		{6DD609E1-C757-462C-9FC4-4B5AE6430BFD}.Release|x64.ActiveCfg = Release|Any CPU
		{6DD609E1-C757-462C-9FC4-4B5AE6430BFD}.Release|x64.Build.0 = Release|Any CPU
		{6DD609E1-C757-462C-9FC4-4B5AE6430BFD}.Release|x86.ActiveCfg = Release|Any CPU
		{6DD609E1-C757-462C-9FC4-4B5AE6430BFD}.Release|x86.Build.0 = Release|Any CPU
		{AFB69AB0-2EBD-4B5A-B6B5-F920149BDF58}.Debug|Any CPU.ActiveCfg = Debug|Any CPU
		{AFB69AB0-2EBD-4B5A-B6B5-F920149BDF58}.Debug|Any CPU.Build.0 = Debug|Any CPU
		{AFB69AB0-2EBD-4B5A-B6B5-F920149BDF58}.Debug|x64.ActiveCfg = Debug|Any CPU
		{AFB69AB0-2EBD-4B5A-B6B5-F920149BDF58}.Debug|x64.Build.0 = Debug|Any CPU
		{AFB69AB0-2EBD-4B5A-B6B5-F920149BDF58}.Debug|x86.ActiveCfg = Debug|Any CPU
		{AFB69AB0-2EBD-4B5A-B6B5-F920149BDF58}.Debug|x86.Build.0 = Debug|Any CPU
		{AFB69AB0-2EBD-4B5A-B6B5-F920149BDF58}.Release|Any CPU.ActiveCfg = Release|Any CPU
		{AFB69AB0-2EBD-4B5A-B6B5-F920149BDF58}.Release|Any CPU.Build.0 = Release|Any CPU
		{AFB69AB0-2EBD-4B5A-B6B5-F920149BDF58}.Release|x64.ActiveCfg = Release|Any CPU
		{AFB69AB0-2EBD-4B5A-B6B5-F920149BDF58}.Release|x64.Build.0 = Release|Any CPU
		{AFB69AB0-2EBD-4B5A-B6B5-F920149BDF58}.Release|x86.ActiveCfg = Release|Any CPU
		{AFB69AB0-2EBD-4B5A-B6B5-F920149BDF58}.Release|x86.Build.0 = Release|Any CPU
		{AB5ED026-A2B1-45D8-9969-5F67E7FB3C5E}.Debug|Any CPU.ActiveCfg = Debug|Any CPU
		{AB5ED026-A2B1-45D8-9969-5F67E7FB3C5E}.Debug|Any CPU.Build.0 = Debug|Any CPU
		{AB5ED026-A2B1-45D8-9969-5F67E7FB3C5E}.Debug|x64.ActiveCfg = Debug|Any CPU
		{AB5ED026-A2B1-45D8-9969-5F67E7FB3C5E}.Debug|x64.Build.0 = Debug|Any CPU
		{AB5ED026-A2B1-45D8-9969-5F67E7FB3C5E}.Debug|x86.ActiveCfg = Debug|Any CPU
		{AB5ED026-A2B1-45D8-9969-5F67E7FB3C5E}.Debug|x86.Build.0 = Debug|Any CPU
		{AB5ED026-A2B1-45D8-9969-5F67E7FB3C5E}.Release|Any CPU.ActiveCfg = Release|Any CPU
		{AB5ED026-A2B1-45D8-9969-5F67E7FB3C5E}.Release|Any CPU.Build.0 = Release|Any CPU
		{AB5ED026-A2B1-45D8-9969-5F67E7FB3C5E}.Release|x64.ActiveCfg = Release|Any CPU
		{AB5ED026-A2B1-45D8-9969-5F67E7FB3C5E}.Release|x64.Build.0 = Release|Any CPU
		{AB5ED026-A2B1-45D8-9969-5F67E7FB3C5E}.Release|x86.ActiveCfg = Release|Any CPU
		{AB5ED026-A2B1-45D8-9969-5F67E7FB3C5E}.Release|x86.Build.0 = Release|Any CPU
		{A7EEF826-DAC1-4D30-B5FC-DD9F7308C622}.Debug|Any CPU.ActiveCfg = Debug|Any CPU
		{A7EEF826-DAC1-4D30-B5FC-DD9F7308C622}.Debug|Any CPU.Build.0 = Debug|Any CPU
		{A7EEF826-DAC1-4D30-B5FC-DD9F7308C622}.Debug|x64.ActiveCfg = Debug|Any CPU
		{A7EEF826-DAC1-4D30-B5FC-DD9F7308C622}.Debug|x64.Build.0 = Debug|Any CPU
		{A7EEF826-DAC1-4D30-B5FC-DD9F7308C622}.Debug|x86.ActiveCfg = Debug|Any CPU
		{A7EEF826-DAC1-4D30-B5FC-DD9F7308C622}.Debug|x86.Build.0 = Debug|Any CPU
		{A7EEF826-DAC1-4D30-B5FC-DD9F7308C622}.Release|Any CPU.ActiveCfg = Release|Any CPU
		{A7EEF826-DAC1-4D30-B5FC-DD9F7308C622}.Release|Any CPU.Build.0 = Release|Any CPU
		{A7EEF826-DAC1-4D30-B5FC-DD9F7308C622}.Release|x64.ActiveCfg = Release|Any CPU
		{A7EEF826-DAC1-4D30-B5FC-DD9F7308C622}.Release|x64.Build.0 = Release|Any CPU
		{A7EEF826-DAC1-4D30-B5FC-DD9F7308C622}.Release|x86.ActiveCfg = Release|Any CPU
		{A7EEF826-DAC1-4D30-B5FC-DD9F7308C622}.Release|x86.Build.0 = Release|Any CPU
		{F1A55DA4-C3BB-41DF-8F6F-E6B872A9DC49}.Debug|Any CPU.ActiveCfg = Debug|Any CPU
		{F1A55DA4-C3BB-41DF-8F6F-E6B872A9DC49}.Debug|Any CPU.Build.0 = Debug|Any CPU
		{F1A55DA4-C3BB-41DF-8F6F-E6B872A9DC49}.Debug|x64.ActiveCfg = Debug|Any CPU
		{F1A55DA4-C3BB-41DF-8F6F-E6B872A9DC49}.Debug|x64.Build.0 = Debug|Any CPU
		{F1A55DA4-C3BB-41DF-8F6F-E6B872A9DC49}.Debug|x86.ActiveCfg = Debug|Any CPU
		{F1A55DA4-C3BB-41DF-8F6F-E6B872A9DC49}.Debug|x86.Build.0 = Debug|Any CPU
		{F1A55DA4-C3BB-41DF-8F6F-E6B872A9DC49}.Release|Any CPU.ActiveCfg = Release|Any CPU
		{F1A55DA4-C3BB-41DF-8F6F-E6B872A9DC49}.Release|Any CPU.Build.0 = Release|Any CPU
		{F1A55DA4-C3BB-41DF-8F6F-E6B872A9DC49}.Release|x64.ActiveCfg = Release|Any CPU
		{F1A55DA4-C3BB-41DF-8F6F-E6B872A9DC49}.Release|x64.Build.0 = Release|Any CPU
		{F1A55DA4-C3BB-41DF-8F6F-E6B872A9DC49}.Release|x86.ActiveCfg = Release|Any CPU
		{F1A55DA4-C3BB-41DF-8F6F-E6B872A9DC49}.Release|x86.Build.0 = Release|Any CPU
		{E9EEE1D7-2A49-4665-8CBA-B0DC22BEB254}.Debug|Any CPU.ActiveCfg = Debug|Any CPU
		{E9EEE1D7-2A49-4665-8CBA-B0DC22BEB254}.Debug|Any CPU.Build.0 = Debug|Any CPU
		{E9EEE1D7-2A49-4665-8CBA-B0DC22BEB254}.Debug|x64.ActiveCfg = Debug|Any CPU
		{E9EEE1D7-2A49-4665-8CBA-B0DC22BEB254}.Debug|x64.Build.0 = Debug|Any CPU
		{E9EEE1D7-2A49-4665-8CBA-B0DC22BEB254}.Debug|x86.ActiveCfg = Debug|Any CPU
		{E9EEE1D7-2A49-4665-8CBA-B0DC22BEB254}.Debug|x86.Build.0 = Debug|Any CPU
		{E9EEE1D7-2A49-4665-8CBA-B0DC22BEB254}.Release|Any CPU.ActiveCfg = Release|Any CPU
		{E9EEE1D7-2A49-4665-8CBA-B0DC22BEB254}.Release|Any CPU.Build.0 = Release|Any CPU
		{E9EEE1D7-2A49-4665-8CBA-B0DC22BEB254}.Release|x64.ActiveCfg = Release|Any CPU
		{E9EEE1D7-2A49-4665-8CBA-B0DC22BEB254}.Release|x64.Build.0 = Release|Any CPU
		{E9EEE1D7-2A49-4665-8CBA-B0DC22BEB254}.Release|x86.ActiveCfg = Release|Any CPU
		{E9EEE1D7-2A49-4665-8CBA-B0DC22BEB254}.Release|x86.Build.0 = Release|Any CPU
	EndGlobalSection
	GlobalSection(SolutionProperties) = preSolution
		HideSolutionNode = FALSE
	EndGlobalSection
	GlobalSection(NestedProjects) = preSolution
		{39D87D43-FA01-4E3F-BC92-E7D735847BA4} = {5D20AA90-6969-D8BD-9DCD-8634F4692FDA}
		{2F9E26A2-F2AB-4EAC-8E58-2997836178A3} = {5D20AA90-6969-D8BD-9DCD-8634F4692FDA}
		{6DD609E1-C757-462C-9FC4-4B5AE6430BFD} = {5D20AA90-6969-D8BD-9DCD-8634F4692FDA}
		{AFB69AB0-2EBD-4B5A-B6B5-F920149BDF58} = {5D20AA90-6969-D8BD-9DCD-8634F4692FDA}
	EndGlobalSection
EndGlobal
