
Microsoft Visual Studio Solution File, Format Version 12.00
# Visual Studio Version 16
VisualStudioVersion = 16.0.29519.87
MinimumVisualStudioVersion = 10.0.40219.1
Project("{9A19103F-16F7-4668-BE54-9A1E7A4F7556}") = "RestClient.Net", "RestClient.NET\RestClient.Net.csproj", "{D4770CB0-C85C-4B2E-B468-08F174EFD5B3}"
EndProject
Project("{9A19103F-16F7-4668-BE54-9A1E7A4F7556}") = "RestClient.Net.UnitTests", "RestClient.Net.UnitTests\RestClient.Net.UnitTests.csproj", "{82964654-E482-4504-A556-54F47DD45081}"
EndProject
Project("{2150E333-8FDC-42A3-9474-1A3956D46DE8}") = "Web Services", "Web Services", "{3B7EA17B-8141-48B9-B904-7718D225A958}"
EndProject
Project("{9A19103F-16F7-4668-BE54-9A1E7A4F7556}") = "RestClient.Net.CoreSample", "RestClient.Net.Samples\RestClient.Net.CoreSample\RestClient.Net.CoreSample.csproj", "{5605410C-255D-47FF-8468-193664B19862}"
EndProject
Project("{9A19103F-16F7-4668-BE54-9A1E7A4F7556}") = "ApiExamples.Model", "ApiExamples.Model\ApiExamples.Model.csproj", "{62A06A62-2BB1-4A36-B99F-C3BD14D73C9F}"
EndProject
Project("{9A19103F-16F7-4668-BE54-9A1E7A4F7556}") = "ApiExamples", "ApiExamples\ApiExamples.csproj", "{B079332B-0A4A-43F0-A454-5D1728CD4325}"
EndProject
Project("{9A19103F-16F7-4668-BE54-9A1E7A4F7556}") = "RestClient.Net.Abstractions", "RestClient.Net.Abstractions\RestClient.Net.Abstractions.csproj", "{E98768C7-7C95-4B5E-AF7B-3BB8C4C2C93E}"
EndProject
Project("{9A19103F-16F7-4668-BE54-9A1E7A4F7556}") = "RestClient.Net.DependencyInjection", "RestClient.Net.DependencyInjection\RestClient.Net.DependencyInjection.csproj", "{2232269D-54FC-43A3-9BA0-7B432036065D}"
EndProject
Global
	GlobalSection(SolutionConfigurationPlatforms) = preSolution
		Debug|Any CPU = Debug|Any CPU
		Release|Any CPU = Release|Any CPU
	EndGlobalSection
	GlobalSection(ProjectConfigurationPlatforms) = postSolution
		{D4770CB0-C85C-4B2E-B468-08F174EFD5B3}.Debug|Any CPU.ActiveCfg = Debug|Any CPU
		{D4770CB0-C85C-4B2E-B468-08F174EFD5B3}.Debug|Any CPU.Build.0 = Debug|Any CPU
		{D4770CB0-C85C-4B2E-B468-08F174EFD5B3}.Release|Any CPU.ActiveCfg = Release|Any CPU
		{D4770CB0-C85C-4B2E-B468-08F174EFD5B3}.Release|Any CPU.Build.0 = Release|Any CPU
		{82964654-E482-4504-A556-54F47DD45081}.Debug|Any CPU.ActiveCfg = Debug|Any CPU
		{82964654-E482-4504-A556-54F47DD45081}.Debug|Any CPU.Build.0 = Debug|Any CPU
		{82964654-E482-4504-A556-54F47DD45081}.Release|Any CPU.ActiveCfg = Release|Any CPU
		{82964654-E482-4504-A556-54F47DD45081}.Release|Any CPU.Build.0 = Release|Any CPU
		{5605410C-255D-47FF-8468-193664B19862}.Debug|Any CPU.ActiveCfg = Debug|Any CPU
		{5605410C-255D-47FF-8468-193664B19862}.Debug|Any CPU.Build.0 = Debug|Any CPU
		{5605410C-255D-47FF-8468-193664B19862}.Release|Any CPU.ActiveCfg = Release|Any CPU
		{5605410C-255D-47FF-8468-193664B19862}.Release|Any CPU.Build.0 = Release|Any CPU
		{62A06A62-2BB1-4A36-B99F-C3BD14D73C9F}.Debug|Any CPU.ActiveCfg = Debug|Any CPU
		{62A06A62-2BB1-4A36-B99F-C3BD14D73C9F}.Debug|Any CPU.Build.0 = Debug|Any CPU
		{62A06A62-2BB1-4A36-B99F-C3BD14D73C9F}.Release|Any CPU.ActiveCfg = Release|Any CPU
		{62A06A62-2BB1-4A36-B99F-C3BD14D73C9F}.Release|Any CPU.Build.0 = Release|Any CPU
		{B079332B-0A4A-43F0-A454-5D1728CD4325}.Debug|Any CPU.ActiveCfg = Debug|Any CPU
		{B079332B-0A4A-43F0-A454-5D1728CD4325}.Debug|Any CPU.Build.0 = Debug|Any CPU
		{B079332B-0A4A-43F0-A454-5D1728CD4325}.Release|Any CPU.ActiveCfg = Release|Any CPU
		{B079332B-0A4A-43F0-A454-5D1728CD4325}.Release|Any CPU.Build.0 = Release|Any CPU
		{E98768C7-7C95-4B5E-AF7B-3BB8C4C2C93E}.Debug|Any CPU.ActiveCfg = Debug|Any CPU
		{E98768C7-7C95-4B5E-AF7B-3BB8C4C2C93E}.Debug|Any CPU.Build.0 = Debug|Any CPU
		{E98768C7-7C95-4B5E-AF7B-3BB8C4C2C93E}.Release|Any CPU.ActiveCfg = Release|Any CPU
		{E98768C7-7C95-4B5E-AF7B-3BB8C4C2C93E}.Release|Any CPU.Build.0 = Release|Any CPU
		{2232269D-54FC-43A3-9BA0-7B432036065D}.Debug|Any CPU.ActiveCfg = Debug|Any CPU
		{2232269D-54FC-43A3-9BA0-7B432036065D}.Debug|Any CPU.Build.0 = Debug|Any CPU
		{2232269D-54FC-43A3-9BA0-7B432036065D}.Release|Any CPU.ActiveCfg = Release|Any CPU
		{2232269D-54FC-43A3-9BA0-7B432036065D}.Release|Any CPU.Build.0 = Release|Any CPU
	EndGlobalSection
	GlobalSection(SolutionProperties) = preSolution
		HideSolutionNode = FALSE
	EndGlobalSection
	GlobalSection(NestedProjects) = preSolution
		{5605410C-255D-47FF-8468-193664B19862} = {3B7EA17B-8141-48B9-B904-7718D225A958}
		{62A06A62-2BB1-4A36-B99F-C3BD14D73C9F} = {3B7EA17B-8141-48B9-B904-7718D225A958}
		{B079332B-0A4A-43F0-A454-5D1728CD4325} = {3B7EA17B-8141-48B9-B904-7718D225A958}
	EndGlobalSection
	GlobalSection(ExtensibilityGlobals) = postSolution
		SolutionGuid = {5FE2C74C-4603-4821-BDE6-6CA9B341C894}
	EndGlobalSection
EndGlobal
