
Microsoft Visual Studio Solution File, Format Version 12.00
# Visual Studio 14
VisualStudioVersion = 14.0.25420.1
MinimumVisualStudioVersion = 10.0.40219.1
Project("{FAE04EC0-301F-11D3-BF4B-00C04F79EFBC}") = "CF.RESTClient.NET.UWP", "CF.RESTClient.NET.UWP\CF.RESTClient.NET.UWP.csproj", "{F2CF2F5D-557D-40F7-B6B3-25AA0321DD18}"
EndProject
Project("{FAE04EC0-301F-11D3-BF4B-00C04F79EFBC}") = "CF.RESTClient.NET.Silverlight", "CF.RESTClient.NET.Silverlight\CF.RESTClient.NET.Silverlight.csproj", "{F8CBCB49-B031-4086-A339-9BA42BCB8433}"
EndProject
Project("{FAE04EC0-301F-11D3-BF4B-00C04F79EFBC}") = "CF.RESTClient.NET.NET461", "CF.RESTClient.NET.Net461\CF.RESTClient.NET.NET461.csproj", "{ECFCBEAA-8A1A-4EE2-9745-45A93975418A}"
EndProject
Project("{FAE04EC0-301F-11D3-BF4B-00C04F79EFBC}") = "CF.RESTClient.NET.UWP.Sample", "CF.RESTClient.NET.UWP.Sample\CF.RESTClient.NET.UWP.Sample.csproj", "{C0C5B9DA-A71C-427F-941D-B593055D8FAC}"
EndProject
Project("{FAE04EC0-301F-11D3-BF4B-00C04F79EFBC}") = "CF.RESTClient.NET.Silverlight.Sample", "CF.RESTClient.NET.Silverlight.Sample\CF.RESTClient.NET.Silverlight.Sample.csproj", "{BD2C76CA-9262-4886-8800-C6840E584BFD}"
EndProject
Project("{8BB2217D-0F2D-49D1-97BC-3654ED321F3B}") = "CF.REST.Sample", "CF.REST.Sample\CF.REST.Sample.xproj", "{25A9FB0C-48C8-4009-BE29-7157E9BBD284}"
EndProject
Project("{FAE04EC0-301F-11D3-BF4B-00C04F79EFBC}") = "CF.RESTClient.NET.Xamarin", "CF.RESTClient.NET.Xamarin\CF.RESTClient.NET.Xamarin.csproj", "{67F9D3A8-F71E-4428-913F-C37AE82CDB24}"
EndProject
Project("{FAE04EC0-301F-11D3-BF4B-00C04F79EFBC}") = "CF.RESTClient.NET.Xamarin.Sample.Droid", "CF.RESTClient.NET.Xamarin.Sample\CF.RESTClientDotNet.Xamarin.Sample.Droid\CF.RESTClient.NET.Xamarin.Sample.Droid.csproj", "{342094DE-004E-48A8-830B-8927C4686137}"
EndProject
Project("{FAE04EC0-301F-11D3-BF4B-00C04F79EFBC}") = "CF.RESTClient.NET.Xamarin.Sample.iOS", "CF.RESTClient.NET.Xamarin.Sample\CF.RESTClientDotNet.Xamarin.Sample.iOS\CF.RESTClient.NET.Xamarin.Sample.iOS.csproj", "{14B2A339-CC53-4E57-A602-E8A9A62B83C6}"
EndProject
Project("{FAE04EC0-301F-11D3-BF4B-00C04F79EFBC}") = "CF.RESTClient.NET.Xamarin.Sample.WinPhone", "CF.RESTClient.NET.Xamarin.Sample\CF.RESTClientDotNet.Xamarin.Sample.WinPhone\CF.RESTClient.NET.Xamarin.Sample.WinPhone.csproj", "{5D4113B1-0336-4CBB-A6E6-A08C1220BA66}"
EndProject
Project("{FAE04EC0-301F-11D3-BF4B-00C04F79EFBC}") = "CF.RESTClient.NET.Xamarin.Sample.Windows", "CF.RESTClient.NET.Xamarin.Sample\CF.RESTClientDotNet.Xamarin.Sample.Windows\CF.RESTClient.NET.Xamarin.Sample.Windows.csproj", "{F5010A8D-BDCE-444D-BDE5-C8CC7067530B}"
EndProject
Project("{FAE04EC0-301F-11D3-BF4B-00C04F79EFBC}") = "CF.RESTClient.NET.Xamarin.Sample", "CF.RESTClient.NET.Xamarin.Sample\CF.RESTClientDotNet.Xamarin.Sample\CF.RESTClient.NET.Xamarin.Sample.csproj", "{986D5A93-FBAA-440E-B31A-01A7358A2DAB}"
EndProject
Project("{8BB2217D-0F2D-49D1-97BC-3654ED321F3B}") = "CF.RESTClient.NET.Core", "CF.RESTClient.NET.Core\CF.RESTClient.NET.Core.xproj", "{8171457B-9EA1-4893-985B-F241918F57AF}"
EndProject
Project("{FAE04EC0-301F-11D3-BF4B-00C04F79EFBC}") = "CF.RESTClient.NET.Standard", "CF.RESTClient.NET.Standard\CF.RESTClient.NET.Standard.csproj", "{2FD0F85C-A349-4783-AB21-3ADDC04E9729}"
EndProject
Global
	GlobalSection(SolutionConfigurationPlatforms) = preSolution
		Ad-Hoc|Any CPU = Ad-Hoc|Any CPU
		Ad-Hoc|ARM = Ad-Hoc|ARM
		Ad-Hoc|iPhone = Ad-Hoc|iPhone
		Ad-Hoc|iPhoneSimulator = Ad-Hoc|iPhoneSimulator
		Ad-Hoc|x64 = Ad-Hoc|x64
		Ad-Hoc|x86 = Ad-Hoc|x86
		AppStore|Any CPU = AppStore|Any CPU
		AppStore|ARM = AppStore|ARM
		AppStore|iPhone = AppStore|iPhone
		AppStore|iPhoneSimulator = AppStore|iPhoneSimulator
		AppStore|x64 = AppStore|x64
		AppStore|x86 = AppStore|x86
		Debug|Any CPU = Debug|Any CPU
		Debug|ARM = Debug|ARM
		Debug|iPhone = Debug|iPhone
		Debug|iPhoneSimulator = Debug|iPhoneSimulator
		Debug|x64 = Debug|x64
		Debug|x86 = Debug|x86
		Release|Any CPU = Release|Any CPU
		Release|ARM = Release|ARM
		Release|iPhone = Release|iPhone
		Release|iPhoneSimulator = Release|iPhoneSimulator
		Release|x64 = Release|x64
		Release|x86 = Release|x86
	EndGlobalSection
	GlobalSection(ProjectConfigurationPlatforms) = postSolution
		{F2CF2F5D-557D-40F7-B6B3-25AA0321DD18}.Ad-Hoc|Any CPU.ActiveCfg = Release|Any CPU
		{F2CF2F5D-557D-40F7-B6B3-25AA0321DD18}.Ad-Hoc|ARM.ActiveCfg = Release|ARM
		{F2CF2F5D-557D-40F7-B6B3-25AA0321DD18}.Ad-Hoc|iPhone.ActiveCfg = Release|Any CPU
		{F2CF2F5D-557D-40F7-B6B3-25AA0321DD18}.Ad-Hoc|iPhoneSimulator.ActiveCfg = Release|Any CPU
		{F2CF2F5D-557D-40F7-B6B3-25AA0321DD18}.Ad-Hoc|x64.ActiveCfg = Release|x64
		{F2CF2F5D-557D-40F7-B6B3-25AA0321DD18}.Ad-Hoc|x86.ActiveCfg = Release|x86
		{F2CF2F5D-557D-40F7-B6B3-25AA0321DD18}.AppStore|Any CPU.ActiveCfg = Release|Any CPU
		{F2CF2F5D-557D-40F7-B6B3-25AA0321DD18}.AppStore|ARM.ActiveCfg = Release|ARM
		{F2CF2F5D-557D-40F7-B6B3-25AA0321DD18}.AppStore|iPhone.ActiveCfg = Release|Any CPU
		{F2CF2F5D-557D-40F7-B6B3-25AA0321DD18}.AppStore|iPhoneSimulator.ActiveCfg = Release|Any CPU
		{F2CF2F5D-557D-40F7-B6B3-25AA0321DD18}.AppStore|x64.ActiveCfg = Release|x64
		{F2CF2F5D-557D-40F7-B6B3-25AA0321DD18}.AppStore|x86.ActiveCfg = Release|x86
		{F2CF2F5D-557D-40F7-B6B3-25AA0321DD18}.Debug|Any CPU.ActiveCfg = Debug|Any CPU
		{F2CF2F5D-557D-40F7-B6B3-25AA0321DD18}.Debug|Any CPU.Build.0 = Debug|Any CPU
		{F2CF2F5D-557D-40F7-B6B3-25AA0321DD18}.Debug|ARM.ActiveCfg = Debug|ARM
		{F2CF2F5D-557D-40F7-B6B3-25AA0321DD18}.Debug|ARM.Build.0 = Debug|ARM
		{F2CF2F5D-557D-40F7-B6B3-25AA0321DD18}.Debug|iPhone.ActiveCfg = Debug|Any CPU
		{F2CF2F5D-557D-40F7-B6B3-25AA0321DD18}.Debug|iPhoneSimulator.ActiveCfg = Debug|Any CPU
		{F2CF2F5D-557D-40F7-B6B3-25AA0321DD18}.Debug|x64.ActiveCfg = Debug|x64
		{F2CF2F5D-557D-40F7-B6B3-25AA0321DD18}.Debug|x64.Build.0 = Debug|x64
		{F2CF2F5D-557D-40F7-B6B3-25AA0321DD18}.Debug|x86.ActiveCfg = Debug|x86
		{F2CF2F5D-557D-40F7-B6B3-25AA0321DD18}.Debug|x86.Build.0 = Debug|x86
		{F2CF2F5D-557D-40F7-B6B3-25AA0321DD18}.Release|Any CPU.ActiveCfg = Release|Any CPU
		{F2CF2F5D-557D-40F7-B6B3-25AA0321DD18}.Release|Any CPU.Build.0 = Release|Any CPU
		{F2CF2F5D-557D-40F7-B6B3-25AA0321DD18}.Release|ARM.ActiveCfg = Release|ARM
		{F2CF2F5D-557D-40F7-B6B3-25AA0321DD18}.Release|ARM.Build.0 = Release|ARM
		{F2CF2F5D-557D-40F7-B6B3-25AA0321DD18}.Release|iPhone.ActiveCfg = Release|Any CPU
		{F2CF2F5D-557D-40F7-B6B3-25AA0321DD18}.Release|iPhoneSimulator.ActiveCfg = Release|Any CPU
		{F2CF2F5D-557D-40F7-B6B3-25AA0321DD18}.Release|x64.ActiveCfg = Release|x64
		{F2CF2F5D-557D-40F7-B6B3-25AA0321DD18}.Release|x64.Build.0 = Release|x64
		{F2CF2F5D-557D-40F7-B6B3-25AA0321DD18}.Release|x86.ActiveCfg = Release|x86
		{F2CF2F5D-557D-40F7-B6B3-25AA0321DD18}.Release|x86.Build.0 = Release|x86
		{F8CBCB49-B031-4086-A339-9BA42BCB8433}.Ad-Hoc|Any CPU.ActiveCfg = Release|Any CPU
		{F8CBCB49-B031-4086-A339-9BA42BCB8433}.Ad-Hoc|Any CPU.Build.0 = Release|Any CPU
		{F8CBCB49-B031-4086-A339-9BA42BCB8433}.Ad-Hoc|ARM.ActiveCfg = Release|Any CPU
		{F8CBCB49-B031-4086-A339-9BA42BCB8433}.Ad-Hoc|ARM.Build.0 = Release|Any CPU
		{F8CBCB49-B031-4086-A339-9BA42BCB8433}.Ad-Hoc|iPhone.ActiveCfg = Release|Any CPU
		{F8CBCB49-B031-4086-A339-9BA42BCB8433}.Ad-Hoc|iPhone.Build.0 = Release|Any CPU
		{F8CBCB49-B031-4086-A339-9BA42BCB8433}.Ad-Hoc|iPhoneSimulator.ActiveCfg = Release|Any CPU
		{F8CBCB49-B031-4086-A339-9BA42BCB8433}.Ad-Hoc|iPhoneSimulator.Build.0 = Release|Any CPU
		{F8CBCB49-B031-4086-A339-9BA42BCB8433}.Ad-Hoc|x64.ActiveCfg = Release|Any CPU
		{F8CBCB49-B031-4086-A339-9BA42BCB8433}.Ad-Hoc|x64.Build.0 = Release|Any CPU
		{F8CBCB49-B031-4086-A339-9BA42BCB8433}.Ad-Hoc|x86.ActiveCfg = Release|Any CPU
		{F8CBCB49-B031-4086-A339-9BA42BCB8433}.Ad-Hoc|x86.Build.0 = Release|Any CPU
		{F8CBCB49-B031-4086-A339-9BA42BCB8433}.AppStore|Any CPU.ActiveCfg = Release|Any CPU
		{F8CBCB49-B031-4086-A339-9BA42BCB8433}.AppStore|Any CPU.Build.0 = Release|Any CPU
		{F8CBCB49-B031-4086-A339-9BA42BCB8433}.AppStore|ARM.ActiveCfg = Release|Any CPU
		{F8CBCB49-B031-4086-A339-9BA42BCB8433}.AppStore|ARM.Build.0 = Release|Any CPU
		{F8CBCB49-B031-4086-A339-9BA42BCB8433}.AppStore|iPhone.ActiveCfg = Release|Any CPU
		{F8CBCB49-B031-4086-A339-9BA42BCB8433}.AppStore|iPhone.Build.0 = Release|Any CPU
		{F8CBCB49-B031-4086-A339-9BA42BCB8433}.AppStore|iPhoneSimulator.ActiveCfg = Release|Any CPU
		{F8CBCB49-B031-4086-A339-9BA42BCB8433}.AppStore|iPhoneSimulator.Build.0 = Release|Any CPU
		{F8CBCB49-B031-4086-A339-9BA42BCB8433}.AppStore|x64.ActiveCfg = Release|Any CPU
		{F8CBCB49-B031-4086-A339-9BA42BCB8433}.AppStore|x64.Build.0 = Release|Any CPU
		{F8CBCB49-B031-4086-A339-9BA42BCB8433}.AppStore|x86.ActiveCfg = Release|Any CPU
		{F8CBCB49-B031-4086-A339-9BA42BCB8433}.AppStore|x86.Build.0 = Release|Any CPU
		{F8CBCB49-B031-4086-A339-9BA42BCB8433}.Debug|Any CPU.ActiveCfg = Debug|Any CPU
		{F8CBCB49-B031-4086-A339-9BA42BCB8433}.Debug|Any CPU.Build.0 = Debug|Any CPU
		{F8CBCB49-B031-4086-A339-9BA42BCB8433}.Debug|ARM.ActiveCfg = Debug|Any CPU
		{F8CBCB49-B031-4086-A339-9BA42BCB8433}.Debug|ARM.Build.0 = Debug|Any CPU
		{F8CBCB49-B031-4086-A339-9BA42BCB8433}.Debug|iPhone.ActiveCfg = Debug|Any CPU
		{F8CBCB49-B031-4086-A339-9BA42BCB8433}.Debug|iPhone.Build.0 = Debug|Any CPU
		{F8CBCB49-B031-4086-A339-9BA42BCB8433}.Debug|iPhoneSimulator.ActiveCfg = Debug|Any CPU
		{F8CBCB49-B031-4086-A339-9BA42BCB8433}.Debug|iPhoneSimulator.Build.0 = Debug|Any CPU
		{F8CBCB49-B031-4086-A339-9BA42BCB8433}.Debug|x64.ActiveCfg = Debug|Any CPU
		{F8CBCB49-B031-4086-A339-9BA42BCB8433}.Debug|x64.Build.0 = Debug|Any CPU
		{F8CBCB49-B031-4086-A339-9BA42BCB8433}.Debug|x86.ActiveCfg = Debug|Any CPU
		{F8CBCB49-B031-4086-A339-9BA42BCB8433}.Debug|x86.Build.0 = Debug|Any CPU
		{F8CBCB49-B031-4086-A339-9BA42BCB8433}.Release|Any CPU.ActiveCfg = Release|Any CPU
		{F8CBCB49-B031-4086-A339-9BA42BCB8433}.Release|Any CPU.Build.0 = Release|Any CPU
		{F8CBCB49-B031-4086-A339-9BA42BCB8433}.Release|ARM.ActiveCfg = Release|Any CPU
		{F8CBCB49-B031-4086-A339-9BA42BCB8433}.Release|ARM.Build.0 = Release|Any CPU
		{F8CBCB49-B031-4086-A339-9BA42BCB8433}.Release|iPhone.ActiveCfg = Release|Any CPU
		{F8CBCB49-B031-4086-A339-9BA42BCB8433}.Release|iPhone.Build.0 = Release|Any CPU
		{F8CBCB49-B031-4086-A339-9BA42BCB8433}.Release|iPhoneSimulator.ActiveCfg = Release|Any CPU
		{F8CBCB49-B031-4086-A339-9BA42BCB8433}.Release|iPhoneSimulator.Build.0 = Release|Any CPU
		{F8CBCB49-B031-4086-A339-9BA42BCB8433}.Release|x64.ActiveCfg = Release|Any CPU
		{F8CBCB49-B031-4086-A339-9BA42BCB8433}.Release|x64.Build.0 = Release|Any CPU
		{F8CBCB49-B031-4086-A339-9BA42BCB8433}.Release|x86.ActiveCfg = Release|Any CPU
		{F8CBCB49-B031-4086-A339-9BA42BCB8433}.Release|x86.Build.0 = Release|Any CPU
		{ECFCBEAA-8A1A-4EE2-9745-45A93975418A}.Ad-Hoc|Any CPU.ActiveCfg = Release|Any CPU
		{ECFCBEAA-8A1A-4EE2-9745-45A93975418A}.Ad-Hoc|ARM.ActiveCfg = Release|Any CPU
		{ECFCBEAA-8A1A-4EE2-9745-45A93975418A}.Ad-Hoc|iPhone.ActiveCfg = Release|Any CPU
		{ECFCBEAA-8A1A-4EE2-9745-45A93975418A}.Ad-Hoc|iPhoneSimulator.ActiveCfg = Release|Any CPU
		{ECFCBEAA-8A1A-4EE2-9745-45A93975418A}.Ad-Hoc|x64.ActiveCfg = Release|Any CPU
		{ECFCBEAA-8A1A-4EE2-9745-45A93975418A}.Ad-Hoc|x86.ActiveCfg = Release|Any CPU
		{ECFCBEAA-8A1A-4EE2-9745-45A93975418A}.AppStore|Any CPU.ActiveCfg = Release|Any CPU
		{ECFCBEAA-8A1A-4EE2-9745-45A93975418A}.AppStore|ARM.ActiveCfg = Release|Any CPU
		{ECFCBEAA-8A1A-4EE2-9745-45A93975418A}.AppStore|iPhone.ActiveCfg = Release|Any CPU
		{ECFCBEAA-8A1A-4EE2-9745-45A93975418A}.AppStore|iPhoneSimulator.ActiveCfg = Release|Any CPU
		{ECFCBEAA-8A1A-4EE2-9745-45A93975418A}.AppStore|x64.ActiveCfg = Release|Any CPU
		{ECFCBEAA-8A1A-4EE2-9745-45A93975418A}.AppStore|x86.ActiveCfg = Release|Any CPU
		{ECFCBEAA-8A1A-4EE2-9745-45A93975418A}.Debug|Any CPU.ActiveCfg = Debug|Any CPU
		{ECFCBEAA-8A1A-4EE2-9745-45A93975418A}.Debug|Any CPU.Build.0 = Debug|Any CPU
		{ECFCBEAA-8A1A-4EE2-9745-45A93975418A}.Debug|ARM.ActiveCfg = Debug|Any CPU
		{ECFCBEAA-8A1A-4EE2-9745-45A93975418A}.Debug|ARM.Build.0 = Debug|Any CPU
		{ECFCBEAA-8A1A-4EE2-9745-45A93975418A}.Debug|iPhone.ActiveCfg = Debug|Any CPU
		{ECFCBEAA-8A1A-4EE2-9745-45A93975418A}.Debug|iPhoneSimulator.ActiveCfg = Debug|Any CPU
		{ECFCBEAA-8A1A-4EE2-9745-45A93975418A}.Debug|x64.ActiveCfg = Debug|Any CPU
		{ECFCBEAA-8A1A-4EE2-9745-45A93975418A}.Debug|x64.Build.0 = Debug|Any CPU
		{ECFCBEAA-8A1A-4EE2-9745-45A93975418A}.Debug|x86.ActiveCfg = Debug|Any CPU
		{ECFCBEAA-8A1A-4EE2-9745-45A93975418A}.Debug|x86.Build.0 = Debug|Any CPU
		{ECFCBEAA-8A1A-4EE2-9745-45A93975418A}.Release|Any CPU.ActiveCfg = Release|Any CPU
		{ECFCBEAA-8A1A-4EE2-9745-45A93975418A}.Release|Any CPU.Build.0 = Release|Any CPU
		{ECFCBEAA-8A1A-4EE2-9745-45A93975418A}.Release|ARM.ActiveCfg = Release|Any CPU
		{ECFCBEAA-8A1A-4EE2-9745-45A93975418A}.Release|ARM.Build.0 = Release|Any CPU
		{ECFCBEAA-8A1A-4EE2-9745-45A93975418A}.Release|iPhone.ActiveCfg = Release|Any CPU
		{ECFCBEAA-8A1A-4EE2-9745-45A93975418A}.Release|iPhoneSimulator.ActiveCfg = Release|Any CPU
		{ECFCBEAA-8A1A-4EE2-9745-45A93975418A}.Release|x64.ActiveCfg = Release|Any CPU
		{ECFCBEAA-8A1A-4EE2-9745-45A93975418A}.Release|x64.Build.0 = Release|Any CPU
		{ECFCBEAA-8A1A-4EE2-9745-45A93975418A}.Release|x86.ActiveCfg = Release|Any CPU
		{ECFCBEAA-8A1A-4EE2-9745-45A93975418A}.Release|x86.Build.0 = Release|Any CPU
		{C0C5B9DA-A71C-427F-941D-B593055D8FAC}.Ad-Hoc|Any CPU.ActiveCfg = Release|x64
		{C0C5B9DA-A71C-427F-941D-B593055D8FAC}.Ad-Hoc|Any CPU.Build.0 = Release|x64
		{C0C5B9DA-A71C-427F-941D-B593055D8FAC}.Ad-Hoc|Any CPU.Deploy.0 = Release|x64
		{C0C5B9DA-A71C-427F-941D-B593055D8FAC}.Ad-Hoc|ARM.ActiveCfg = Release|ARM
		{C0C5B9DA-A71C-427F-941D-B593055D8FAC}.Ad-Hoc|ARM.Build.0 = Release|ARM
		{C0C5B9DA-A71C-427F-941D-B593055D8FAC}.Ad-Hoc|ARM.Deploy.0 = Release|ARM
		{C0C5B9DA-A71C-427F-941D-B593055D8FAC}.Ad-Hoc|iPhone.ActiveCfg = Release|x64
		{C0C5B9DA-A71C-427F-941D-B593055D8FAC}.Ad-Hoc|iPhone.Build.0 = Release|x64
		{C0C5B9DA-A71C-427F-941D-B593055D8FAC}.Ad-Hoc|iPhone.Deploy.0 = Release|x64
		{C0C5B9DA-A71C-427F-941D-B593055D8FAC}.Ad-Hoc|iPhoneSimulator.ActiveCfg = Release|x64
		{C0C5B9DA-A71C-427F-941D-B593055D8FAC}.Ad-Hoc|iPhoneSimulator.Build.0 = Release|x64
		{C0C5B9DA-A71C-427F-941D-B593055D8FAC}.Ad-Hoc|iPhoneSimulator.Deploy.0 = Release|x64
		{C0C5B9DA-A71C-427F-941D-B593055D8FAC}.Ad-Hoc|x64.ActiveCfg = Release|x64
		{C0C5B9DA-A71C-427F-941D-B593055D8FAC}.Ad-Hoc|x64.Build.0 = Release|x64
		{C0C5B9DA-A71C-427F-941D-B593055D8FAC}.Ad-Hoc|x64.Deploy.0 = Release|x64
		{C0C5B9DA-A71C-427F-941D-B593055D8FAC}.Ad-Hoc|x86.ActiveCfg = Release|x86
		{C0C5B9DA-A71C-427F-941D-B593055D8FAC}.Ad-Hoc|x86.Build.0 = Release|x86
		{C0C5B9DA-A71C-427F-941D-B593055D8FAC}.Ad-Hoc|x86.Deploy.0 = Release|x86
		{C0C5B9DA-A71C-427F-941D-B593055D8FAC}.AppStore|Any CPU.ActiveCfg = Release|x64
		{C0C5B9DA-A71C-427F-941D-B593055D8FAC}.AppStore|Any CPU.Build.0 = Release|x64
		{C0C5B9DA-A71C-427F-941D-B593055D8FAC}.AppStore|Any CPU.Deploy.0 = Release|x64
		{C0C5B9DA-A71C-427F-941D-B593055D8FAC}.AppStore|ARM.ActiveCfg = Release|ARM
		{C0C5B9DA-A71C-427F-941D-B593055D8FAC}.AppStore|ARM.Build.0 = Release|ARM
		{C0C5B9DA-A71C-427F-941D-B593055D8FAC}.AppStore|ARM.Deploy.0 = Release|ARM
		{C0C5B9DA-A71C-427F-941D-B593055D8FAC}.AppStore|iPhone.ActiveCfg = Release|x64
		{C0C5B9DA-A71C-427F-941D-B593055D8FAC}.AppStore|iPhone.Build.0 = Release|x64
		{C0C5B9DA-A71C-427F-941D-B593055D8FAC}.AppStore|iPhone.Deploy.0 = Release|x64
		{C0C5B9DA-A71C-427F-941D-B593055D8FAC}.AppStore|iPhoneSimulator.ActiveCfg = Release|x64
		{C0C5B9DA-A71C-427F-941D-B593055D8FAC}.AppStore|iPhoneSimulator.Build.0 = Release|x64
		{C0C5B9DA-A71C-427F-941D-B593055D8FAC}.AppStore|iPhoneSimulator.Deploy.0 = Release|x64
		{C0C5B9DA-A71C-427F-941D-B593055D8FAC}.AppStore|x64.ActiveCfg = Release|x64
		{C0C5B9DA-A71C-427F-941D-B593055D8FAC}.AppStore|x64.Build.0 = Release|x64
		{C0C5B9DA-A71C-427F-941D-B593055D8FAC}.AppStore|x64.Deploy.0 = Release|x64
		{C0C5B9DA-A71C-427F-941D-B593055D8FAC}.AppStore|x86.ActiveCfg = Release|x86
		{C0C5B9DA-A71C-427F-941D-B593055D8FAC}.AppStore|x86.Build.0 = Release|x86
		{C0C5B9DA-A71C-427F-941D-B593055D8FAC}.AppStore|x86.Deploy.0 = Release|x86
		{C0C5B9DA-A71C-427F-941D-B593055D8FAC}.Debug|Any CPU.ActiveCfg = Debug|x86
		{C0C5B9DA-A71C-427F-941D-B593055D8FAC}.Debug|ARM.ActiveCfg = Debug|ARM
		{C0C5B9DA-A71C-427F-941D-B593055D8FAC}.Debug|ARM.Build.0 = Debug|ARM
		{C0C5B9DA-A71C-427F-941D-B593055D8FAC}.Debug|ARM.Deploy.0 = Debug|ARM
		{C0C5B9DA-A71C-427F-941D-B593055D8FAC}.Debug|iPhone.ActiveCfg = Debug|x86
		{C0C5B9DA-A71C-427F-941D-B593055D8FAC}.Debug|iPhoneSimulator.ActiveCfg = Debug|x86
		{C0C5B9DA-A71C-427F-941D-B593055D8FAC}.Debug|x64.ActiveCfg = Debug|x64
		{C0C5B9DA-A71C-427F-941D-B593055D8FAC}.Debug|x64.Build.0 = Debug|x64
		{C0C5B9DA-A71C-427F-941D-B593055D8FAC}.Debug|x64.Deploy.0 = Debug|x64
		{C0C5B9DA-A71C-427F-941D-B593055D8FAC}.Debug|x86.ActiveCfg = Debug|x86
		{C0C5B9DA-A71C-427F-941D-B593055D8FAC}.Debug|x86.Build.0 = Debug|x86
		{C0C5B9DA-A71C-427F-941D-B593055D8FAC}.Debug|x86.Deploy.0 = Debug|x86
		{C0C5B9DA-A71C-427F-941D-B593055D8FAC}.Release|Any CPU.ActiveCfg = Release|x86
		{C0C5B9DA-A71C-427F-941D-B593055D8FAC}.Release|ARM.ActiveCfg = Release|ARM
		{C0C5B9DA-A71C-427F-941D-B593055D8FAC}.Release|ARM.Build.0 = Release|ARM
		{C0C5B9DA-A71C-427F-941D-B593055D8FAC}.Release|ARM.Deploy.0 = Release|ARM
		{C0C5B9DA-A71C-427F-941D-B593055D8FAC}.Release|iPhone.ActiveCfg = Release|x86
		{C0C5B9DA-A71C-427F-941D-B593055D8FAC}.Release|iPhoneSimulator.ActiveCfg = Release|x86
		{C0C5B9DA-A71C-427F-941D-B593055D8FAC}.Release|x64.ActiveCfg = Release|x64
		{C0C5B9DA-A71C-427F-941D-B593055D8FAC}.Release|x64.Build.0 = Release|x64
		{C0C5B9DA-A71C-427F-941D-B593055D8FAC}.Release|x64.Deploy.0 = Release|x64
		{C0C5B9DA-A71C-427F-941D-B593055D8FAC}.Release|x86.ActiveCfg = Release|x86
		{C0C5B9DA-A71C-427F-941D-B593055D8FAC}.Release|x86.Build.0 = Release|x86
		{C0C5B9DA-A71C-427F-941D-B593055D8FAC}.Release|x86.Deploy.0 = Release|x86
		{BD2C76CA-9262-4886-8800-C6840E584BFD}.Ad-Hoc|Any CPU.ActiveCfg = Release|Any CPU
		{BD2C76CA-9262-4886-8800-C6840E584BFD}.Ad-Hoc|Any CPU.Build.0 = Release|Any CPU
		{BD2C76CA-9262-4886-8800-C6840E584BFD}.Ad-Hoc|ARM.ActiveCfg = Release|Any CPU
		{BD2C76CA-9262-4886-8800-C6840E584BFD}.Ad-Hoc|ARM.Build.0 = Release|Any CPU
		{BD2C76CA-9262-4886-8800-C6840E584BFD}.Ad-Hoc|iPhone.ActiveCfg = Release|Any CPU
		{BD2C76CA-9262-4886-8800-C6840E584BFD}.Ad-Hoc|iPhone.Build.0 = Release|Any CPU
		{BD2C76CA-9262-4886-8800-C6840E584BFD}.Ad-Hoc|iPhoneSimulator.ActiveCfg = Release|Any CPU
		{BD2C76CA-9262-4886-8800-C6840E584BFD}.Ad-Hoc|iPhoneSimulator.Build.0 = Release|Any CPU
		{BD2C76CA-9262-4886-8800-C6840E584BFD}.Ad-Hoc|x64.ActiveCfg = Release|Any CPU
		{BD2C76CA-9262-4886-8800-C6840E584BFD}.Ad-Hoc|x64.Build.0 = Release|Any CPU
		{BD2C76CA-9262-4886-8800-C6840E584BFD}.Ad-Hoc|x86.ActiveCfg = Release|Any CPU
		{BD2C76CA-9262-4886-8800-C6840E584BFD}.Ad-Hoc|x86.Build.0 = Release|Any CPU
		{BD2C76CA-9262-4886-8800-C6840E584BFD}.AppStore|Any CPU.ActiveCfg = Release|Any CPU
		{BD2C76CA-9262-4886-8800-C6840E584BFD}.AppStore|Any CPU.Build.0 = Release|Any CPU
		{BD2C76CA-9262-4886-8800-C6840E584BFD}.AppStore|ARM.ActiveCfg = Release|Any CPU
		{BD2C76CA-9262-4886-8800-C6840E584BFD}.AppStore|ARM.Build.0 = Release|Any CPU
		{BD2C76CA-9262-4886-8800-C6840E584BFD}.AppStore|iPhone.ActiveCfg = Release|Any CPU
		{BD2C76CA-9262-4886-8800-C6840E584BFD}.AppStore|iPhone.Build.0 = Release|Any CPU
		{BD2C76CA-9262-4886-8800-C6840E584BFD}.AppStore|iPhoneSimulator.ActiveCfg = Release|Any CPU
		{BD2C76CA-9262-4886-8800-C6840E584BFD}.AppStore|iPhoneSimulator.Build.0 = Release|Any CPU
		{BD2C76CA-9262-4886-8800-C6840E584BFD}.AppStore|x64.ActiveCfg = Release|Any CPU
		{BD2C76CA-9262-4886-8800-C6840E584BFD}.AppStore|x64.Build.0 = Release|Any CPU
		{BD2C76CA-9262-4886-8800-C6840E584BFD}.AppStore|x86.ActiveCfg = Release|Any CPU
		{BD2C76CA-9262-4886-8800-C6840E584BFD}.AppStore|x86.Build.0 = Release|Any CPU
		{BD2C76CA-9262-4886-8800-C6840E584BFD}.Debug|Any CPU.ActiveCfg = Debug|Any CPU
		{BD2C76CA-9262-4886-8800-C6840E584BFD}.Debug|Any CPU.Build.0 = Debug|Any CPU
		{BD2C76CA-9262-4886-8800-C6840E584BFD}.Debug|ARM.ActiveCfg = Debug|Any CPU
		{BD2C76CA-9262-4886-8800-C6840E584BFD}.Debug|ARM.Build.0 = Debug|Any CPU
		{BD2C76CA-9262-4886-8800-C6840E584BFD}.Debug|iPhone.ActiveCfg = Debug|Any CPU
		{BD2C76CA-9262-4886-8800-C6840E584BFD}.Debug|iPhone.Build.0 = Debug|Any CPU
		{BD2C76CA-9262-4886-8800-C6840E584BFD}.Debug|iPhoneSimulator.ActiveCfg = Debug|Any CPU
		{BD2C76CA-9262-4886-8800-C6840E584BFD}.Debug|iPhoneSimulator.Build.0 = Debug|Any CPU
		{BD2C76CA-9262-4886-8800-C6840E584BFD}.Debug|x64.ActiveCfg = Debug|Any CPU
		{BD2C76CA-9262-4886-8800-C6840E584BFD}.Debug|x64.Build.0 = Debug|Any CPU
		{BD2C76CA-9262-4886-8800-C6840E584BFD}.Debug|x86.ActiveCfg = Debug|Any CPU
		{BD2C76CA-9262-4886-8800-C6840E584BFD}.Debug|x86.Build.0 = Debug|Any CPU
		{BD2C76CA-9262-4886-8800-C6840E584BFD}.Release|Any CPU.ActiveCfg = Release|Any CPU
		{BD2C76CA-9262-4886-8800-C6840E584BFD}.Release|Any CPU.Build.0 = Release|Any CPU
		{BD2C76CA-9262-4886-8800-C6840E584BFD}.Release|ARM.ActiveCfg = Release|Any CPU
		{BD2C76CA-9262-4886-8800-C6840E584BFD}.Release|ARM.Build.0 = Release|Any CPU
		{BD2C76CA-9262-4886-8800-C6840E584BFD}.Release|iPhone.ActiveCfg = Release|Any CPU
		{BD2C76CA-9262-4886-8800-C6840E584BFD}.Release|iPhone.Build.0 = Release|Any CPU
		{BD2C76CA-9262-4886-8800-C6840E584BFD}.Release|iPhoneSimulator.ActiveCfg = Release|Any CPU
		{BD2C76CA-9262-4886-8800-C6840E584BFD}.Release|iPhoneSimulator.Build.0 = Release|Any CPU
		{BD2C76CA-9262-4886-8800-C6840E584BFD}.Release|x64.ActiveCfg = Release|Any CPU
		{BD2C76CA-9262-4886-8800-C6840E584BFD}.Release|x64.Build.0 = Release|Any CPU
		{BD2C76CA-9262-4886-8800-C6840E584BFD}.Release|x86.ActiveCfg = Release|Any CPU
		{BD2C76CA-9262-4886-8800-C6840E584BFD}.Release|x86.Build.0 = Release|Any CPU
		{25A9FB0C-48C8-4009-BE29-7157E9BBD284}.Ad-Hoc|Any CPU.ActiveCfg = Release|Any CPU
		{25A9FB0C-48C8-4009-BE29-7157E9BBD284}.Ad-Hoc|Any CPU.Build.0 = Release|Any CPU
		{25A9FB0C-48C8-4009-BE29-7157E9BBD284}.Ad-Hoc|ARM.ActiveCfg = Release|Any CPU
		{25A9FB0C-48C8-4009-BE29-7157E9BBD284}.Ad-Hoc|ARM.Build.0 = Release|Any CPU
		{25A9FB0C-48C8-4009-BE29-7157E9BBD284}.Ad-Hoc|iPhone.ActiveCfg = Release|Any CPU
		{25A9FB0C-48C8-4009-BE29-7157E9BBD284}.Ad-Hoc|iPhone.Build.0 = Release|Any CPU
		{25A9FB0C-48C8-4009-BE29-7157E9BBD284}.Ad-Hoc|iPhoneSimulator.ActiveCfg = Release|Any CPU
		{25A9FB0C-48C8-4009-BE29-7157E9BBD284}.Ad-Hoc|iPhoneSimulator.Build.0 = Release|Any CPU
		{25A9FB0C-48C8-4009-BE29-7157E9BBD284}.Ad-Hoc|x64.ActiveCfg = Release|Any CPU
		{25A9FB0C-48C8-4009-BE29-7157E9BBD284}.Ad-Hoc|x64.Build.0 = Release|Any CPU
		{25A9FB0C-48C8-4009-BE29-7157E9BBD284}.Ad-Hoc|x86.ActiveCfg = Release|Any CPU
		{25A9FB0C-48C8-4009-BE29-7157E9BBD284}.Ad-Hoc|x86.Build.0 = Release|Any CPU
		{25A9FB0C-48C8-4009-BE29-7157E9BBD284}.AppStore|Any CPU.ActiveCfg = Release|Any CPU
		{25A9FB0C-48C8-4009-BE29-7157E9BBD284}.AppStore|Any CPU.Build.0 = Release|Any CPU
		{25A9FB0C-48C8-4009-BE29-7157E9BBD284}.AppStore|ARM.ActiveCfg = Release|Any CPU
		{25A9FB0C-48C8-4009-BE29-7157E9BBD284}.AppStore|ARM.Build.0 = Release|Any CPU
		{25A9FB0C-48C8-4009-BE29-7157E9BBD284}.AppStore|iPhone.ActiveCfg = Release|Any CPU
		{25A9FB0C-48C8-4009-BE29-7157E9BBD284}.AppStore|iPhone.Build.0 = Release|Any CPU
		{25A9FB0C-48C8-4009-BE29-7157E9BBD284}.AppStore|iPhoneSimulator.ActiveCfg = Release|Any CPU
		{25A9FB0C-48C8-4009-BE29-7157E9BBD284}.AppStore|iPhoneSimulator.Build.0 = Release|Any CPU
		{25A9FB0C-48C8-4009-BE29-7157E9BBD284}.AppStore|x64.ActiveCfg = Release|Any CPU
		{25A9FB0C-48C8-4009-BE29-7157E9BBD284}.AppStore|x64.Build.0 = Release|Any CPU
		{25A9FB0C-48C8-4009-BE29-7157E9BBD284}.AppStore|x86.ActiveCfg = Release|Any CPU
		{25A9FB0C-48C8-4009-BE29-7157E9BBD284}.AppStore|x86.Build.0 = Release|Any CPU
		{25A9FB0C-48C8-4009-BE29-7157E9BBD284}.Debug|Any CPU.ActiveCfg = Debug|Any CPU
		{25A9FB0C-48C8-4009-BE29-7157E9BBD284}.Debug|Any CPU.Build.0 = Debug|Any CPU
		{25A9FB0C-48C8-4009-BE29-7157E9BBD284}.Debug|ARM.ActiveCfg = Debug|Any CPU
		{25A9FB0C-48C8-4009-BE29-7157E9BBD284}.Debug|ARM.Build.0 = Debug|Any CPU
		{25A9FB0C-48C8-4009-BE29-7157E9BBD284}.Debug|iPhone.ActiveCfg = Debug|Any CPU
		{25A9FB0C-48C8-4009-BE29-7157E9BBD284}.Debug|iPhone.Build.0 = Debug|Any CPU
		{25A9FB0C-48C8-4009-BE29-7157E9BBD284}.Debug|iPhoneSimulator.ActiveCfg = Debug|Any CPU
		{25A9FB0C-48C8-4009-BE29-7157E9BBD284}.Debug|iPhoneSimulator.Build.0 = Debug|Any CPU
		{25A9FB0C-48C8-4009-BE29-7157E9BBD284}.Debug|x64.ActiveCfg = Debug|Any CPU
		{25A9FB0C-48C8-4009-BE29-7157E9BBD284}.Debug|x64.Build.0 = Debug|Any CPU
		{25A9FB0C-48C8-4009-BE29-7157E9BBD284}.Debug|x86.ActiveCfg = Debug|Any CPU
		{25A9FB0C-48C8-4009-BE29-7157E9BBD284}.Debug|x86.Build.0 = Debug|Any CPU
		{25A9FB0C-48C8-4009-BE29-7157E9BBD284}.Release|Any CPU.ActiveCfg = Release|Any CPU
		{25A9FB0C-48C8-4009-BE29-7157E9BBD284}.Release|Any CPU.Build.0 = Release|Any CPU
		{25A9FB0C-48C8-4009-BE29-7157E9BBD284}.Release|ARM.ActiveCfg = Release|Any CPU
		{25A9FB0C-48C8-4009-BE29-7157E9BBD284}.Release|ARM.Build.0 = Release|Any CPU
		{25A9FB0C-48C8-4009-BE29-7157E9BBD284}.Release|iPhone.ActiveCfg = Release|Any CPU
		{25A9FB0C-48C8-4009-BE29-7157E9BBD284}.Release|iPhone.Build.0 = Release|Any CPU
		{25A9FB0C-48C8-4009-BE29-7157E9BBD284}.Release|iPhoneSimulator.ActiveCfg = Release|Any CPU
		{25A9FB0C-48C8-4009-BE29-7157E9BBD284}.Release|iPhoneSimulator.Build.0 = Release|Any CPU
		{25A9FB0C-48C8-4009-BE29-7157E9BBD284}.Release|x64.ActiveCfg = Release|Any CPU
		{25A9FB0C-48C8-4009-BE29-7157E9BBD284}.Release|x64.Build.0 = Release|Any CPU
		{25A9FB0C-48C8-4009-BE29-7157E9BBD284}.Release|x86.ActiveCfg = Release|Any CPU
		{25A9FB0C-48C8-4009-BE29-7157E9BBD284}.Release|x86.Build.0 = Release|Any CPU
		{67F9D3A8-F71E-4428-913F-C37AE82CDB24}.Ad-Hoc|Any CPU.ActiveCfg = Release|Any CPU
		{67F9D3A8-F71E-4428-913F-C37AE82CDB24}.Ad-Hoc|Any CPU.Build.0 = Release|Any CPU
		{67F9D3A8-F71E-4428-913F-C37AE82CDB24}.Ad-Hoc|ARM.ActiveCfg = Release|Any CPU
		{67F9D3A8-F71E-4428-913F-C37AE82CDB24}.Ad-Hoc|ARM.Build.0 = Release|Any CPU
		{67F9D3A8-F71E-4428-913F-C37AE82CDB24}.Ad-Hoc|iPhone.ActiveCfg = Release|Any CPU
		{67F9D3A8-F71E-4428-913F-C37AE82CDB24}.Ad-Hoc|iPhone.Build.0 = Release|Any CPU
		{67F9D3A8-F71E-4428-913F-C37AE82CDB24}.Ad-Hoc|iPhoneSimulator.ActiveCfg = Release|Any CPU
		{67F9D3A8-F71E-4428-913F-C37AE82CDB24}.Ad-Hoc|iPhoneSimulator.Build.0 = Release|Any CPU
		{67F9D3A8-F71E-4428-913F-C37AE82CDB24}.Ad-Hoc|x64.ActiveCfg = Release|Any CPU
		{67F9D3A8-F71E-4428-913F-C37AE82CDB24}.Ad-Hoc|x64.Build.0 = Release|Any CPU
		{67F9D3A8-F71E-4428-913F-C37AE82CDB24}.Ad-Hoc|x86.ActiveCfg = Release|Any CPU
		{67F9D3A8-F71E-4428-913F-C37AE82CDB24}.Ad-Hoc|x86.Build.0 = Release|Any CPU
		{67F9D3A8-F71E-4428-913F-C37AE82CDB24}.AppStore|Any CPU.ActiveCfg = Release|Any CPU
		{67F9D3A8-F71E-4428-913F-C37AE82CDB24}.AppStore|Any CPU.Build.0 = Release|Any CPU
		{67F9D3A8-F71E-4428-913F-C37AE82CDB24}.AppStore|ARM.ActiveCfg = Release|Any CPU
		{67F9D3A8-F71E-4428-913F-C37AE82CDB24}.AppStore|ARM.Build.0 = Release|Any CPU
		{67F9D3A8-F71E-4428-913F-C37AE82CDB24}.AppStore|iPhone.ActiveCfg = Release|Any CPU
		{67F9D3A8-F71E-4428-913F-C37AE82CDB24}.AppStore|iPhone.Build.0 = Release|Any CPU
		{67F9D3A8-F71E-4428-913F-C37AE82CDB24}.AppStore|iPhoneSimulator.ActiveCfg = Release|Any CPU
		{67F9D3A8-F71E-4428-913F-C37AE82CDB24}.AppStore|iPhoneSimulator.Build.0 = Release|Any CPU
		{67F9D3A8-F71E-4428-913F-C37AE82CDB24}.AppStore|x64.ActiveCfg = Release|Any CPU
		{67F9D3A8-F71E-4428-913F-C37AE82CDB24}.AppStore|x64.Build.0 = Release|Any CPU
		{67F9D3A8-F71E-4428-913F-C37AE82CDB24}.AppStore|x86.ActiveCfg = Release|Any CPU
		{67F9D3A8-F71E-4428-913F-C37AE82CDB24}.AppStore|x86.Build.0 = Release|Any CPU
		{67F9D3A8-F71E-4428-913F-C37AE82CDB24}.Debug|Any CPU.ActiveCfg = Debug|Any CPU
		{67F9D3A8-F71E-4428-913F-C37AE82CDB24}.Debug|Any CPU.Build.0 = Debug|Any CPU
		{67F9D3A8-F71E-4428-913F-C37AE82CDB24}.Debug|ARM.ActiveCfg = Debug|Any CPU
		{67F9D3A8-F71E-4428-913F-C37AE82CDB24}.Debug|ARM.Build.0 = Debug|Any CPU
		{67F9D3A8-F71E-4428-913F-C37AE82CDB24}.Debug|iPhone.ActiveCfg = Debug|Any CPU
		{67F9D3A8-F71E-4428-913F-C37AE82CDB24}.Debug|iPhone.Build.0 = Debug|Any CPU
		{67F9D3A8-F71E-4428-913F-C37AE82CDB24}.Debug|iPhoneSimulator.ActiveCfg = Debug|Any CPU
		{67F9D3A8-F71E-4428-913F-C37AE82CDB24}.Debug|iPhoneSimulator.Build.0 = Debug|Any CPU
		{67F9D3A8-F71E-4428-913F-C37AE82CDB24}.Debug|x64.ActiveCfg = Debug|Any CPU
		{67F9D3A8-F71E-4428-913F-C37AE82CDB24}.Debug|x64.Build.0 = Debug|Any CPU
		{67F9D3A8-F71E-4428-913F-C37AE82CDB24}.Debug|x86.ActiveCfg = Debug|Any CPU
		{67F9D3A8-F71E-4428-913F-C37AE82CDB24}.Debug|x86.Build.0 = Debug|Any CPU
		{67F9D3A8-F71E-4428-913F-C37AE82CDB24}.Release|Any CPU.ActiveCfg = Release|Any CPU
		{67F9D3A8-F71E-4428-913F-C37AE82CDB24}.Release|Any CPU.Build.0 = Release|Any CPU
		{67F9D3A8-F71E-4428-913F-C37AE82CDB24}.Release|ARM.ActiveCfg = Release|Any CPU
		{67F9D3A8-F71E-4428-913F-C37AE82CDB24}.Release|ARM.Build.0 = Release|Any CPU
		{67F9D3A8-F71E-4428-913F-C37AE82CDB24}.Release|iPhone.ActiveCfg = Release|Any CPU
		{67F9D3A8-F71E-4428-913F-C37AE82CDB24}.Release|iPhone.Build.0 = Release|Any CPU
		{67F9D3A8-F71E-4428-913F-C37AE82CDB24}.Release|iPhoneSimulator.ActiveCfg = Release|Any CPU
		{67F9D3A8-F71E-4428-913F-C37AE82CDB24}.Release|iPhoneSimulator.Build.0 = Release|Any CPU
		{67F9D3A8-F71E-4428-913F-C37AE82CDB24}.Release|x64.ActiveCfg = Release|Any CPU
		{67F9D3A8-F71E-4428-913F-C37AE82CDB24}.Release|x64.Build.0 = Release|Any CPU
		{67F9D3A8-F71E-4428-913F-C37AE82CDB24}.Release|x86.ActiveCfg = Release|Any CPU
		{67F9D3A8-F71E-4428-913F-C37AE82CDB24}.Release|x86.Build.0 = Release|Any CPU
		{342094DE-004E-48A8-830B-8927C4686137}.Ad-Hoc|Any CPU.ActiveCfg = Release|Any CPU
		{342094DE-004E-48A8-830B-8927C4686137}.Ad-Hoc|Any CPU.Build.0 = Release|Any CPU
		{342094DE-004E-48A8-830B-8927C4686137}.Ad-Hoc|Any CPU.Deploy.0 = Release|Any CPU
		{342094DE-004E-48A8-830B-8927C4686137}.Ad-Hoc|ARM.ActiveCfg = Release|Any CPU
		{342094DE-004E-48A8-830B-8927C4686137}.Ad-Hoc|ARM.Build.0 = Release|Any CPU
		{342094DE-004E-48A8-830B-8927C4686137}.Ad-Hoc|ARM.Deploy.0 = Release|Any CPU
		{342094DE-004E-48A8-830B-8927C4686137}.Ad-Hoc|iPhone.ActiveCfg = Release|Any CPU
		{342094DE-004E-48A8-830B-8927C4686137}.Ad-Hoc|iPhone.Build.0 = Release|Any CPU
		{342094DE-004E-48A8-830B-8927C4686137}.Ad-Hoc|iPhone.Deploy.0 = Release|Any CPU
		{342094DE-004E-48A8-830B-8927C4686137}.Ad-Hoc|iPhoneSimulator.ActiveCfg = Release|Any CPU
		{342094DE-004E-48A8-830B-8927C4686137}.Ad-Hoc|iPhoneSimulator.Build.0 = Release|Any CPU
		{342094DE-004E-48A8-830B-8927C4686137}.Ad-Hoc|iPhoneSimulator.Deploy.0 = Release|Any CPU
		{342094DE-004E-48A8-830B-8927C4686137}.Ad-Hoc|x64.ActiveCfg = Release|Any CPU
		{342094DE-004E-48A8-830B-8927C4686137}.Ad-Hoc|x64.Build.0 = Release|Any CPU
		{342094DE-004E-48A8-830B-8927C4686137}.Ad-Hoc|x64.Deploy.0 = Release|Any CPU
		{342094DE-004E-48A8-830B-8927C4686137}.Ad-Hoc|x86.ActiveCfg = Release|Any CPU
		{342094DE-004E-48A8-830B-8927C4686137}.Ad-Hoc|x86.Build.0 = Release|Any CPU
		{342094DE-004E-48A8-830B-8927C4686137}.Ad-Hoc|x86.Deploy.0 = Release|Any CPU
		{342094DE-004E-48A8-830B-8927C4686137}.AppStore|Any CPU.ActiveCfg = Release|Any CPU
		{342094DE-004E-48A8-830B-8927C4686137}.AppStore|Any CPU.Build.0 = Release|Any CPU
		{342094DE-004E-48A8-830B-8927C4686137}.AppStore|Any CPU.Deploy.0 = Release|Any CPU
		{342094DE-004E-48A8-830B-8927C4686137}.AppStore|ARM.ActiveCfg = Release|Any CPU
		{342094DE-004E-48A8-830B-8927C4686137}.AppStore|ARM.Build.0 = Release|Any CPU
		{342094DE-004E-48A8-830B-8927C4686137}.AppStore|ARM.Deploy.0 = Release|Any CPU
		{342094DE-004E-48A8-830B-8927C4686137}.AppStore|iPhone.ActiveCfg = Release|Any CPU
		{342094DE-004E-48A8-830B-8927C4686137}.AppStore|iPhone.Build.0 = Release|Any CPU
		{342094DE-004E-48A8-830B-8927C4686137}.AppStore|iPhone.Deploy.0 = Release|Any CPU
		{342094DE-004E-48A8-830B-8927C4686137}.AppStore|iPhoneSimulator.ActiveCfg = Release|Any CPU
		{342094DE-004E-48A8-830B-8927C4686137}.AppStore|iPhoneSimulator.Build.0 = Release|Any CPU
		{342094DE-004E-48A8-830B-8927C4686137}.AppStore|iPhoneSimulator.Deploy.0 = Release|Any CPU
		{342094DE-004E-48A8-830B-8927C4686137}.AppStore|x64.ActiveCfg = Release|Any CPU
		{342094DE-004E-48A8-830B-8927C4686137}.AppStore|x64.Build.0 = Release|Any CPU
		{342094DE-004E-48A8-830B-8927C4686137}.AppStore|x64.Deploy.0 = Release|Any CPU
		{342094DE-004E-48A8-830B-8927C4686137}.AppStore|x86.ActiveCfg = Release|Any CPU
		{342094DE-004E-48A8-830B-8927C4686137}.AppStore|x86.Build.0 = Release|Any CPU
		{342094DE-004E-48A8-830B-8927C4686137}.AppStore|x86.Deploy.0 = Release|Any CPU
		{342094DE-004E-48A8-830B-8927C4686137}.Debug|Any CPU.ActiveCfg = Debug|Any CPU
		{342094DE-004E-48A8-830B-8927C4686137}.Debug|Any CPU.Build.0 = Debug|Any CPU
		{342094DE-004E-48A8-830B-8927C4686137}.Debug|Any CPU.Deploy.0 = Debug|Any CPU
		{342094DE-004E-48A8-830B-8927C4686137}.Debug|ARM.ActiveCfg = Debug|Any CPU
		{342094DE-004E-48A8-830B-8927C4686137}.Debug|ARM.Build.0 = Debug|Any CPU
		{342094DE-004E-48A8-830B-8927C4686137}.Debug|ARM.Deploy.0 = Debug|Any CPU
		{342094DE-004E-48A8-830B-8927C4686137}.Debug|iPhone.ActiveCfg = Debug|Any CPU
		{342094DE-004E-48A8-830B-8927C4686137}.Debug|iPhone.Build.0 = Debug|Any CPU
		{342094DE-004E-48A8-830B-8927C4686137}.Debug|iPhone.Deploy.0 = Debug|Any CPU
		{342094DE-004E-48A8-830B-8927C4686137}.Debug|iPhoneSimulator.ActiveCfg = Debug|Any CPU
		{342094DE-004E-48A8-830B-8927C4686137}.Debug|iPhoneSimulator.Build.0 = Debug|Any CPU
		{342094DE-004E-48A8-830B-8927C4686137}.Debug|iPhoneSimulator.Deploy.0 = Debug|Any CPU
		{342094DE-004E-48A8-830B-8927C4686137}.Debug|x64.ActiveCfg = Debug|Any CPU
		{342094DE-004E-48A8-830B-8927C4686137}.Debug|x64.Build.0 = Debug|Any CPU
		{342094DE-004E-48A8-830B-8927C4686137}.Debug|x64.Deploy.0 = Debug|Any CPU
		{342094DE-004E-48A8-830B-8927C4686137}.Debug|x86.ActiveCfg = Debug|Any CPU
		{342094DE-004E-48A8-830B-8927C4686137}.Debug|x86.Build.0 = Debug|Any CPU
		{342094DE-004E-48A8-830B-8927C4686137}.Debug|x86.Deploy.0 = Debug|Any CPU
		{342094DE-004E-48A8-830B-8927C4686137}.Release|Any CPU.ActiveCfg = Release|Any CPU
		{342094DE-004E-48A8-830B-8927C4686137}.Release|Any CPU.Build.0 = Release|Any CPU
		{342094DE-004E-48A8-830B-8927C4686137}.Release|Any CPU.Deploy.0 = Release|Any CPU
		{342094DE-004E-48A8-830B-8927C4686137}.Release|ARM.ActiveCfg = Release|Any CPU
		{342094DE-004E-48A8-830B-8927C4686137}.Release|ARM.Build.0 = Release|Any CPU
		{342094DE-004E-48A8-830B-8927C4686137}.Release|ARM.Deploy.0 = Release|Any CPU
		{342094DE-004E-48A8-830B-8927C4686137}.Release|iPhone.ActiveCfg = Release|Any CPU
		{342094DE-004E-48A8-830B-8927C4686137}.Release|iPhone.Build.0 = Release|Any CPU
		{342094DE-004E-48A8-830B-8927C4686137}.Release|iPhone.Deploy.0 = Release|Any CPU
		{342094DE-004E-48A8-830B-8927C4686137}.Release|iPhoneSimulator.ActiveCfg = Release|Any CPU
		{342094DE-004E-48A8-830B-8927C4686137}.Release|iPhoneSimulator.Build.0 = Release|Any CPU
		{342094DE-004E-48A8-830B-8927C4686137}.Release|iPhoneSimulator.Deploy.0 = Release|Any CPU
		{342094DE-004E-48A8-830B-8927C4686137}.Release|x64.ActiveCfg = Release|Any CPU
		{342094DE-004E-48A8-830B-8927C4686137}.Release|x64.Build.0 = Release|Any CPU
		{342094DE-004E-48A8-830B-8927C4686137}.Release|x64.Deploy.0 = Release|Any CPU
		{342094DE-004E-48A8-830B-8927C4686137}.Release|x86.ActiveCfg = Release|Any CPU
		{342094DE-004E-48A8-830B-8927C4686137}.Release|x86.Build.0 = Release|Any CPU
		{342094DE-004E-48A8-830B-8927C4686137}.Release|x86.Deploy.0 = Release|Any CPU
		{14B2A339-CC53-4E57-A602-E8A9A62B83C6}.Ad-Hoc|Any CPU.ActiveCfg = Ad-Hoc|iPhone
		{14B2A339-CC53-4E57-A602-E8A9A62B83C6}.Ad-Hoc|ARM.ActiveCfg = Ad-Hoc|iPhone
		{14B2A339-CC53-4E57-A602-E8A9A62B83C6}.Ad-Hoc|iPhone.ActiveCfg = Ad-Hoc|iPhone
		{14B2A339-CC53-4E57-A602-E8A9A62B83C6}.Ad-Hoc|iPhone.Build.0 = Ad-Hoc|iPhone
		{14B2A339-CC53-4E57-A602-E8A9A62B83C6}.Ad-Hoc|iPhoneSimulator.ActiveCfg = Ad-Hoc|iPhoneSimulator
		{14B2A339-CC53-4E57-A602-E8A9A62B83C6}.Ad-Hoc|iPhoneSimulator.Build.0 = Ad-Hoc|iPhoneSimulator
		{14B2A339-CC53-4E57-A602-E8A9A62B83C6}.Ad-Hoc|x64.ActiveCfg = Ad-Hoc|iPhone
		{14B2A339-CC53-4E57-A602-E8A9A62B83C6}.Ad-Hoc|x86.ActiveCfg = Ad-Hoc|iPhone
		{14B2A339-CC53-4E57-A602-E8A9A62B83C6}.AppStore|Any CPU.ActiveCfg = AppStore|iPhone
		{14B2A339-CC53-4E57-A602-E8A9A62B83C6}.AppStore|ARM.ActiveCfg = AppStore|iPhone
		{14B2A339-CC53-4E57-A602-E8A9A62B83C6}.AppStore|iPhone.ActiveCfg = AppStore|iPhone
		{14B2A339-CC53-4E57-A602-E8A9A62B83C6}.AppStore|iPhone.Build.0 = AppStore|iPhone
		{14B2A339-CC53-4E57-A602-E8A9A62B83C6}.AppStore|iPhoneSimulator.ActiveCfg = AppStore|iPhoneSimulator
		{14B2A339-CC53-4E57-A602-E8A9A62B83C6}.AppStore|iPhoneSimulator.Build.0 = AppStore|iPhoneSimulator
		{14B2A339-CC53-4E57-A602-E8A9A62B83C6}.AppStore|x64.ActiveCfg = AppStore|iPhone
		{14B2A339-CC53-4E57-A602-E8A9A62B83C6}.AppStore|x86.ActiveCfg = AppStore|iPhone
		{14B2A339-CC53-4E57-A602-E8A9A62B83C6}.Debug|Any CPU.ActiveCfg = Debug|iPhone
		{14B2A339-CC53-4E57-A602-E8A9A62B83C6}.Debug|ARM.ActiveCfg = Debug|iPhone
		{14B2A339-CC53-4E57-A602-E8A9A62B83C6}.Debug|iPhone.ActiveCfg = Debug|iPhone
		{14B2A339-CC53-4E57-A602-E8A9A62B83C6}.Debug|iPhone.Build.0 = Debug|iPhone
		{14B2A339-CC53-4E57-A602-E8A9A62B83C6}.Debug|iPhoneSimulator.ActiveCfg = Debug|iPhoneSimulator
		{14B2A339-CC53-4E57-A602-E8A9A62B83C6}.Debug|iPhoneSimulator.Build.0 = Debug|iPhoneSimulator
		{14B2A339-CC53-4E57-A602-E8A9A62B83C6}.Debug|x64.ActiveCfg = Debug|iPhone
		{14B2A339-CC53-4E57-A602-E8A9A62B83C6}.Debug|x86.ActiveCfg = Debug|iPhone
		{14B2A339-CC53-4E57-A602-E8A9A62B83C6}.Release|Any CPU.ActiveCfg = Release|iPhone
		{14B2A339-CC53-4E57-A602-E8A9A62B83C6}.Release|ARM.ActiveCfg = Release|iPhone
		{14B2A339-CC53-4E57-A602-E8A9A62B83C6}.Release|iPhone.ActiveCfg = Release|iPhone
		{14B2A339-CC53-4E57-A602-E8A9A62B83C6}.Release|iPhone.Build.0 = Release|iPhone
		{14B2A339-CC53-4E57-A602-E8A9A62B83C6}.Release|iPhoneSimulator.ActiveCfg = Release|iPhoneSimulator
		{14B2A339-CC53-4E57-A602-E8A9A62B83C6}.Release|iPhoneSimulator.Build.0 = Release|iPhoneSimulator
		{14B2A339-CC53-4E57-A602-E8A9A62B83C6}.Release|x64.ActiveCfg = Release|iPhone
		{14B2A339-CC53-4E57-A602-E8A9A62B83C6}.Release|x86.ActiveCfg = Release|iPhone
		{5D4113B1-0336-4CBB-A6E6-A08C1220BA66}.Ad-Hoc|Any CPU.ActiveCfg = Release|Any CPU
		{5D4113B1-0336-4CBB-A6E6-A08C1220BA66}.Ad-Hoc|Any CPU.Build.0 = Release|Any CPU
		{5D4113B1-0336-4CBB-A6E6-A08C1220BA66}.Ad-Hoc|Any CPU.Deploy.0 = Release|Any CPU
		{5D4113B1-0336-4CBB-A6E6-A08C1220BA66}.Ad-Hoc|ARM.ActiveCfg = Release|ARM
		{5D4113B1-0336-4CBB-A6E6-A08C1220BA66}.Ad-Hoc|ARM.Build.0 = Release|ARM
		{5D4113B1-0336-4CBB-A6E6-A08C1220BA66}.Ad-Hoc|ARM.Deploy.0 = Release|ARM
		{5D4113B1-0336-4CBB-A6E6-A08C1220BA66}.Ad-Hoc|iPhone.ActiveCfg = Release|Any CPU
		{5D4113B1-0336-4CBB-A6E6-A08C1220BA66}.Ad-Hoc|iPhone.Build.0 = Release|Any CPU
		{5D4113B1-0336-4CBB-A6E6-A08C1220BA66}.Ad-Hoc|iPhone.Deploy.0 = Release|Any CPU
		{5D4113B1-0336-4CBB-A6E6-A08C1220BA66}.Ad-Hoc|iPhoneSimulator.ActiveCfg = Release|Any CPU
		{5D4113B1-0336-4CBB-A6E6-A08C1220BA66}.Ad-Hoc|iPhoneSimulator.Build.0 = Release|Any CPU
		{5D4113B1-0336-4CBB-A6E6-A08C1220BA66}.Ad-Hoc|iPhoneSimulator.Deploy.0 = Release|Any CPU
		{5D4113B1-0336-4CBB-A6E6-A08C1220BA66}.Ad-Hoc|x64.ActiveCfg = Release|Any CPU
		{5D4113B1-0336-4CBB-A6E6-A08C1220BA66}.Ad-Hoc|x64.Build.0 = Release|Any CPU
		{5D4113B1-0336-4CBB-A6E6-A08C1220BA66}.Ad-Hoc|x64.Deploy.0 = Release|Any CPU
		{5D4113B1-0336-4CBB-A6E6-A08C1220BA66}.Ad-Hoc|x86.ActiveCfg = Release|x86
		{5D4113B1-0336-4CBB-A6E6-A08C1220BA66}.Ad-Hoc|x86.Build.0 = Release|x86
		{5D4113B1-0336-4CBB-A6E6-A08C1220BA66}.Ad-Hoc|x86.Deploy.0 = Release|x86
		{5D4113B1-0336-4CBB-A6E6-A08C1220BA66}.AppStore|Any CPU.ActiveCfg = Release|Any CPU
		{5D4113B1-0336-4CBB-A6E6-A08C1220BA66}.AppStore|Any CPU.Build.0 = Release|Any CPU
		{5D4113B1-0336-4CBB-A6E6-A08C1220BA66}.AppStore|Any CPU.Deploy.0 = Release|Any CPU
		{5D4113B1-0336-4CBB-A6E6-A08C1220BA66}.AppStore|ARM.ActiveCfg = Release|ARM
		{5D4113B1-0336-4CBB-A6E6-A08C1220BA66}.AppStore|ARM.Build.0 = Release|ARM
		{5D4113B1-0336-4CBB-A6E6-A08C1220BA66}.AppStore|ARM.Deploy.0 = Release|ARM
		{5D4113B1-0336-4CBB-A6E6-A08C1220BA66}.AppStore|iPhone.ActiveCfg = Release|Any CPU
		{5D4113B1-0336-4CBB-A6E6-A08C1220BA66}.AppStore|iPhone.Build.0 = Release|Any CPU
		{5D4113B1-0336-4CBB-A6E6-A08C1220BA66}.AppStore|iPhone.Deploy.0 = Release|Any CPU
		{5D4113B1-0336-4CBB-A6E6-A08C1220BA66}.AppStore|iPhoneSimulator.ActiveCfg = Release|Any CPU
		{5D4113B1-0336-4CBB-A6E6-A08C1220BA66}.AppStore|iPhoneSimulator.Build.0 = Release|Any CPU
		{5D4113B1-0336-4CBB-A6E6-A08C1220BA66}.AppStore|iPhoneSimulator.Deploy.0 = Release|Any CPU
		{5D4113B1-0336-4CBB-A6E6-A08C1220BA66}.AppStore|x64.ActiveCfg = Release|Any CPU
		{5D4113B1-0336-4CBB-A6E6-A08C1220BA66}.AppStore|x64.Build.0 = Release|Any CPU
		{5D4113B1-0336-4CBB-A6E6-A08C1220BA66}.AppStore|x64.Deploy.0 = Release|Any CPU
		{5D4113B1-0336-4CBB-A6E6-A08C1220BA66}.AppStore|x86.ActiveCfg = Release|x86
		{5D4113B1-0336-4CBB-A6E6-A08C1220BA66}.AppStore|x86.Build.0 = Release|x86
		{5D4113B1-0336-4CBB-A6E6-A08C1220BA66}.AppStore|x86.Deploy.0 = Release|x86
		{5D4113B1-0336-4CBB-A6E6-A08C1220BA66}.Debug|Any CPU.ActiveCfg = Debug|Any CPU
		{5D4113B1-0336-4CBB-A6E6-A08C1220BA66}.Debug|Any CPU.Build.0 = Debug|Any CPU
		{5D4113B1-0336-4CBB-A6E6-A08C1220BA66}.Debug|Any CPU.Deploy.0 = Debug|Any CPU
		{5D4113B1-0336-4CBB-A6E6-A08C1220BA66}.Debug|ARM.ActiveCfg = Debug|ARM
		{5D4113B1-0336-4CBB-A6E6-A08C1220BA66}.Debug|ARM.Build.0 = Debug|ARM
		{5D4113B1-0336-4CBB-A6E6-A08C1220BA66}.Debug|ARM.Deploy.0 = Debug|ARM
		{5D4113B1-0336-4CBB-A6E6-A08C1220BA66}.Debug|iPhone.ActiveCfg = Debug|Any CPU
		{5D4113B1-0336-4CBB-A6E6-A08C1220BA66}.Debug|iPhone.Build.0 = Debug|Any CPU
		{5D4113B1-0336-4CBB-A6E6-A08C1220BA66}.Debug|iPhone.Deploy.0 = Debug|Any CPU
		{5D4113B1-0336-4CBB-A6E6-A08C1220BA66}.Debug|iPhoneSimulator.ActiveCfg = Debug|Any CPU
		{5D4113B1-0336-4CBB-A6E6-A08C1220BA66}.Debug|iPhoneSimulator.Build.0 = Debug|Any CPU
		{5D4113B1-0336-4CBB-A6E6-A08C1220BA66}.Debug|iPhoneSimulator.Deploy.0 = Debug|Any CPU
		{5D4113B1-0336-4CBB-A6E6-A08C1220BA66}.Debug|x64.ActiveCfg = Debug|Any CPU
		{5D4113B1-0336-4CBB-A6E6-A08C1220BA66}.Debug|x64.Build.0 = Debug|Any CPU
		{5D4113B1-0336-4CBB-A6E6-A08C1220BA66}.Debug|x64.Deploy.0 = Debug|Any CPU
		{5D4113B1-0336-4CBB-A6E6-A08C1220BA66}.Debug|x86.ActiveCfg = Debug|x86
		{5D4113B1-0336-4CBB-A6E6-A08C1220BA66}.Debug|x86.Build.0 = Debug|x86
		{5D4113B1-0336-4CBB-A6E6-A08C1220BA66}.Debug|x86.Deploy.0 = Debug|x86
		{5D4113B1-0336-4CBB-A6E6-A08C1220BA66}.Release|Any CPU.ActiveCfg = Release|Any CPU
		{5D4113B1-0336-4CBB-A6E6-A08C1220BA66}.Release|Any CPU.Build.0 = Release|Any CPU
		{5D4113B1-0336-4CBB-A6E6-A08C1220BA66}.Release|Any CPU.Deploy.0 = Release|Any CPU
		{5D4113B1-0336-4CBB-A6E6-A08C1220BA66}.Release|ARM.ActiveCfg = Release|ARM
		{5D4113B1-0336-4CBB-A6E6-A08C1220BA66}.Release|ARM.Build.0 = Release|ARM
		{5D4113B1-0336-4CBB-A6E6-A08C1220BA66}.Release|ARM.Deploy.0 = Release|ARM
		{5D4113B1-0336-4CBB-A6E6-A08C1220BA66}.Release|iPhone.ActiveCfg = Release|Any CPU
		{5D4113B1-0336-4CBB-A6E6-A08C1220BA66}.Release|iPhone.Build.0 = Release|Any CPU
		{5D4113B1-0336-4CBB-A6E6-A08C1220BA66}.Release|iPhone.Deploy.0 = Release|Any CPU
		{5D4113B1-0336-4CBB-A6E6-A08C1220BA66}.Release|iPhoneSimulator.ActiveCfg = Release|Any CPU
		{5D4113B1-0336-4CBB-A6E6-A08C1220BA66}.Release|iPhoneSimulator.Build.0 = Release|Any CPU
		{5D4113B1-0336-4CBB-A6E6-A08C1220BA66}.Release|iPhoneSimulator.Deploy.0 = Release|Any CPU
		{5D4113B1-0336-4CBB-A6E6-A08C1220BA66}.Release|x64.ActiveCfg = Release|Any CPU
		{5D4113B1-0336-4CBB-A6E6-A08C1220BA66}.Release|x64.Build.0 = Release|Any CPU
		{5D4113B1-0336-4CBB-A6E6-A08C1220BA66}.Release|x64.Deploy.0 = Release|Any CPU
		{5D4113B1-0336-4CBB-A6E6-A08C1220BA66}.Release|x86.ActiveCfg = Release|x86
		{5D4113B1-0336-4CBB-A6E6-A08C1220BA66}.Release|x86.Build.0 = Release|x86
		{5D4113B1-0336-4CBB-A6E6-A08C1220BA66}.Release|x86.Deploy.0 = Release|x86
		{F5010A8D-BDCE-444D-BDE5-C8CC7067530B}.Ad-Hoc|Any CPU.ActiveCfg = Release|Any CPU
		{F5010A8D-BDCE-444D-BDE5-C8CC7067530B}.Ad-Hoc|Any CPU.Build.0 = Release|Any CPU
		{F5010A8D-BDCE-444D-BDE5-C8CC7067530B}.Ad-Hoc|Any CPU.Deploy.0 = Release|Any CPU
		{F5010A8D-BDCE-444D-BDE5-C8CC7067530B}.Ad-Hoc|ARM.ActiveCfg = Release|ARM
		{F5010A8D-BDCE-444D-BDE5-C8CC7067530B}.Ad-Hoc|ARM.Build.0 = Release|ARM
		{F5010A8D-BDCE-444D-BDE5-C8CC7067530B}.Ad-Hoc|ARM.Deploy.0 = Release|ARM
		{F5010A8D-BDCE-444D-BDE5-C8CC7067530B}.Ad-Hoc|iPhone.ActiveCfg = Release|Any CPU
		{F5010A8D-BDCE-444D-BDE5-C8CC7067530B}.Ad-Hoc|iPhone.Build.0 = Release|Any CPU
		{F5010A8D-BDCE-444D-BDE5-C8CC7067530B}.Ad-Hoc|iPhone.Deploy.0 = Release|Any CPU
		{F5010A8D-BDCE-444D-BDE5-C8CC7067530B}.Ad-Hoc|iPhoneSimulator.ActiveCfg = Release|Any CPU
		{F5010A8D-BDCE-444D-BDE5-C8CC7067530B}.Ad-Hoc|iPhoneSimulator.Build.0 = Release|Any CPU
		{F5010A8D-BDCE-444D-BDE5-C8CC7067530B}.Ad-Hoc|iPhoneSimulator.Deploy.0 = Release|Any CPU
		{F5010A8D-BDCE-444D-BDE5-C8CC7067530B}.Ad-Hoc|x64.ActiveCfg = Release|x64
		{F5010A8D-BDCE-444D-BDE5-C8CC7067530B}.Ad-Hoc|x64.Build.0 = Release|x64
		{F5010A8D-BDCE-444D-BDE5-C8CC7067530B}.Ad-Hoc|x64.Deploy.0 = Release|x64
		{F5010A8D-BDCE-444D-BDE5-C8CC7067530B}.Ad-Hoc|x86.ActiveCfg = Release|x86
		{F5010A8D-BDCE-444D-BDE5-C8CC7067530B}.Ad-Hoc|x86.Build.0 = Release|x86
		{F5010A8D-BDCE-444D-BDE5-C8CC7067530B}.Ad-Hoc|x86.Deploy.0 = Release|x86
		{F5010A8D-BDCE-444D-BDE5-C8CC7067530B}.AppStore|Any CPU.ActiveCfg = Release|Any CPU
		{F5010A8D-BDCE-444D-BDE5-C8CC7067530B}.AppStore|Any CPU.Build.0 = Release|Any CPU
		{F5010A8D-BDCE-444D-BDE5-C8CC7067530B}.AppStore|Any CPU.Deploy.0 = Release|Any CPU
		{F5010A8D-BDCE-444D-BDE5-C8CC7067530B}.AppStore|ARM.ActiveCfg = Release|ARM
		{F5010A8D-BDCE-444D-BDE5-C8CC7067530B}.AppStore|ARM.Build.0 = Release|ARM
		{F5010A8D-BDCE-444D-BDE5-C8CC7067530B}.AppStore|ARM.Deploy.0 = Release|ARM
		{F5010A8D-BDCE-444D-BDE5-C8CC7067530B}.AppStore|iPhone.ActiveCfg = Release|Any CPU
		{F5010A8D-BDCE-444D-BDE5-C8CC7067530B}.AppStore|iPhone.Build.0 = Release|Any CPU
		{F5010A8D-BDCE-444D-BDE5-C8CC7067530B}.AppStore|iPhone.Deploy.0 = Release|Any CPU
		{F5010A8D-BDCE-444D-BDE5-C8CC7067530B}.AppStore|iPhoneSimulator.ActiveCfg = Release|Any CPU
		{F5010A8D-BDCE-444D-BDE5-C8CC7067530B}.AppStore|iPhoneSimulator.Build.0 = Release|Any CPU
		{F5010A8D-BDCE-444D-BDE5-C8CC7067530B}.AppStore|iPhoneSimulator.Deploy.0 = Release|Any CPU
		{F5010A8D-BDCE-444D-BDE5-C8CC7067530B}.AppStore|x64.ActiveCfg = Release|x64
		{F5010A8D-BDCE-444D-BDE5-C8CC7067530B}.AppStore|x64.Build.0 = Release|x64
		{F5010A8D-BDCE-444D-BDE5-C8CC7067530B}.AppStore|x64.Deploy.0 = Release|x64
		{F5010A8D-BDCE-444D-BDE5-C8CC7067530B}.AppStore|x86.ActiveCfg = Release|x86
		{F5010A8D-BDCE-444D-BDE5-C8CC7067530B}.AppStore|x86.Build.0 = Release|x86
		{F5010A8D-BDCE-444D-BDE5-C8CC7067530B}.AppStore|x86.Deploy.0 = Release|x86
		{F5010A8D-BDCE-444D-BDE5-C8CC7067530B}.Debug|Any CPU.ActiveCfg = Debug|Any CPU
		{F5010A8D-BDCE-444D-BDE5-C8CC7067530B}.Debug|Any CPU.Build.0 = Debug|Any CPU
		{F5010A8D-BDCE-444D-BDE5-C8CC7067530B}.Debug|Any CPU.Deploy.0 = Debug|Any CPU
		{F5010A8D-BDCE-444D-BDE5-C8CC7067530B}.Debug|ARM.ActiveCfg = Debug|ARM
		{F5010A8D-BDCE-444D-BDE5-C8CC7067530B}.Debug|ARM.Build.0 = Debug|ARM
		{F5010A8D-BDCE-444D-BDE5-C8CC7067530B}.Debug|ARM.Deploy.0 = Debug|ARM
		{F5010A8D-BDCE-444D-BDE5-C8CC7067530B}.Debug|iPhone.ActiveCfg = Debug|Any CPU
		{F5010A8D-BDCE-444D-BDE5-C8CC7067530B}.Debug|iPhone.Build.0 = Debug|Any CPU
		{F5010A8D-BDCE-444D-BDE5-C8CC7067530B}.Debug|iPhone.Deploy.0 = Debug|Any CPU
		{F5010A8D-BDCE-444D-BDE5-C8CC7067530B}.Debug|iPhoneSimulator.ActiveCfg = Debug|Any CPU
		{F5010A8D-BDCE-444D-BDE5-C8CC7067530B}.Debug|iPhoneSimulator.Build.0 = Debug|Any CPU
		{F5010A8D-BDCE-444D-BDE5-C8CC7067530B}.Debug|iPhoneSimulator.Deploy.0 = Debug|Any CPU
		{F5010A8D-BDCE-444D-BDE5-C8CC7067530B}.Debug|x64.ActiveCfg = Debug|x64
		{F5010A8D-BDCE-444D-BDE5-C8CC7067530B}.Debug|x64.Build.0 = Debug|x64
		{F5010A8D-BDCE-444D-BDE5-C8CC7067530B}.Debug|x64.Deploy.0 = Debug|x64
		{F5010A8D-BDCE-444D-BDE5-C8CC7067530B}.Debug|x86.ActiveCfg = Debug|x86
		{F5010A8D-BDCE-444D-BDE5-C8CC7067530B}.Debug|x86.Build.0 = Debug|x86
		{F5010A8D-BDCE-444D-BDE5-C8CC7067530B}.Debug|x86.Deploy.0 = Debug|x86
		{F5010A8D-BDCE-444D-BDE5-C8CC7067530B}.Release|Any CPU.ActiveCfg = Release|Any CPU
		{F5010A8D-BDCE-444D-BDE5-C8CC7067530B}.Release|Any CPU.Build.0 = Release|Any CPU
		{F5010A8D-BDCE-444D-BDE5-C8CC7067530B}.Release|Any CPU.Deploy.0 = Release|Any CPU
		{F5010A8D-BDCE-444D-BDE5-C8CC7067530B}.Release|ARM.ActiveCfg = Release|ARM
		{F5010A8D-BDCE-444D-BDE5-C8CC7067530B}.Release|ARM.Build.0 = Release|ARM
		{F5010A8D-BDCE-444D-BDE5-C8CC7067530B}.Release|ARM.Deploy.0 = Release|ARM
		{F5010A8D-BDCE-444D-BDE5-C8CC7067530B}.Release|iPhone.ActiveCfg = Release|Any CPU
		{F5010A8D-BDCE-444D-BDE5-C8CC7067530B}.Release|iPhone.Build.0 = Release|Any CPU
		{F5010A8D-BDCE-444D-BDE5-C8CC7067530B}.Release|iPhone.Deploy.0 = Release|Any CPU
		{F5010A8D-BDCE-444D-BDE5-C8CC7067530B}.Release|iPhoneSimulator.ActiveCfg = Release|Any CPU
		{F5010A8D-BDCE-444D-BDE5-C8CC7067530B}.Release|iPhoneSimulator.Build.0 = Release|Any CPU
		{F5010A8D-BDCE-444D-BDE5-C8CC7067530B}.Release|iPhoneSimulator.Deploy.0 = Release|Any CPU
		{F5010A8D-BDCE-444D-BDE5-C8CC7067530B}.Release|x64.ActiveCfg = Release|x64
		{F5010A8D-BDCE-444D-BDE5-C8CC7067530B}.Release|x64.Build.0 = Release|x64
		{F5010A8D-BDCE-444D-BDE5-C8CC7067530B}.Release|x64.Deploy.0 = Release|x64
		{F5010A8D-BDCE-444D-BDE5-C8CC7067530B}.Release|x86.ActiveCfg = Release|x86
		{F5010A8D-BDCE-444D-BDE5-C8CC7067530B}.Release|x86.Build.0 = Release|x86
		{F5010A8D-BDCE-444D-BDE5-C8CC7067530B}.Release|x86.Deploy.0 = Release|x86
		{986D5A93-FBAA-440E-B31A-01A7358A2DAB}.Ad-Hoc|Any CPU.ActiveCfg = Release|Any CPU
		{986D5A93-FBAA-440E-B31A-01A7358A2DAB}.Ad-Hoc|Any CPU.Build.0 = Release|Any CPU
		{986D5A93-FBAA-440E-B31A-01A7358A2DAB}.Ad-Hoc|ARM.ActiveCfg = Release|Any CPU
		{986D5A93-FBAA-440E-B31A-01A7358A2DAB}.Ad-Hoc|ARM.Build.0 = Release|Any CPU
		{986D5A93-FBAA-440E-B31A-01A7358A2DAB}.Ad-Hoc|iPhone.ActiveCfg = Release|Any CPU
		{986D5A93-FBAA-440E-B31A-01A7358A2DAB}.Ad-Hoc|iPhone.Build.0 = Release|Any CPU
		{986D5A93-FBAA-440E-B31A-01A7358A2DAB}.Ad-Hoc|iPhoneSimulator.ActiveCfg = Release|Any CPU
		{986D5A93-FBAA-440E-B31A-01A7358A2DAB}.Ad-Hoc|iPhoneSimulator.Build.0 = Release|Any CPU
		{986D5A93-FBAA-440E-B31A-01A7358A2DAB}.Ad-Hoc|x64.ActiveCfg = Release|Any CPU
		{986D5A93-FBAA-440E-B31A-01A7358A2DAB}.Ad-Hoc|x64.Build.0 = Release|Any CPU
		{986D5A93-FBAA-440E-B31A-01A7358A2DAB}.Ad-Hoc|x86.ActiveCfg = Release|Any CPU
		{986D5A93-FBAA-440E-B31A-01A7358A2DAB}.Ad-Hoc|x86.Build.0 = Release|Any CPU
		{986D5A93-FBAA-440E-B31A-01A7358A2DAB}.AppStore|Any CPU.ActiveCfg = Release|Any CPU
		{986D5A93-FBAA-440E-B31A-01A7358A2DAB}.AppStore|Any CPU.Build.0 = Release|Any CPU
		{986D5A93-FBAA-440E-B31A-01A7358A2DAB}.AppStore|ARM.ActiveCfg = Release|Any CPU
		{986D5A93-FBAA-440E-B31A-01A7358A2DAB}.AppStore|ARM.Build.0 = Release|Any CPU
		{986D5A93-FBAA-440E-B31A-01A7358A2DAB}.AppStore|iPhone.ActiveCfg = Release|Any CPU
		{986D5A93-FBAA-440E-B31A-01A7358A2DAB}.AppStore|iPhone.Build.0 = Release|Any CPU
		{986D5A93-FBAA-440E-B31A-01A7358A2DAB}.AppStore|iPhoneSimulator.ActiveCfg = Release|Any CPU
		{986D5A93-FBAA-440E-B31A-01A7358A2DAB}.AppStore|iPhoneSimulator.Build.0 = Release|Any CPU
		{986D5A93-FBAA-440E-B31A-01A7358A2DAB}.AppStore|x64.ActiveCfg = Release|Any CPU
		{986D5A93-FBAA-440E-B31A-01A7358A2DAB}.AppStore|x64.Build.0 = Release|Any CPU
		{986D5A93-FBAA-440E-B31A-01A7358A2DAB}.AppStore|x86.ActiveCfg = Release|Any CPU
		{986D5A93-FBAA-440E-B31A-01A7358A2DAB}.AppStore|x86.Build.0 = Release|Any CPU
		{986D5A93-FBAA-440E-B31A-01A7358A2DAB}.Debug|Any CPU.ActiveCfg = Debug|Any CPU
		{986D5A93-FBAA-440E-B31A-01A7358A2DAB}.Debug|Any CPU.Build.0 = Debug|Any CPU
		{986D5A93-FBAA-440E-B31A-01A7358A2DAB}.Debug|ARM.ActiveCfg = Debug|Any CPU
		{986D5A93-FBAA-440E-B31A-01A7358A2DAB}.Debug|ARM.Build.0 = Debug|Any CPU
		{986D5A93-FBAA-440E-B31A-01A7358A2DAB}.Debug|iPhone.ActiveCfg = Debug|Any CPU
		{986D5A93-FBAA-440E-B31A-01A7358A2DAB}.Debug|iPhone.Build.0 = Debug|Any CPU
		{986D5A93-FBAA-440E-B31A-01A7358A2DAB}.Debug|iPhoneSimulator.ActiveCfg = Debug|Any CPU
		{986D5A93-FBAA-440E-B31A-01A7358A2DAB}.Debug|iPhoneSimulator.Build.0 = Debug|Any CPU
		{986D5A93-FBAA-440E-B31A-01A7358A2DAB}.Debug|x64.ActiveCfg = Debug|Any CPU
		{986D5A93-FBAA-440E-B31A-01A7358A2DAB}.Debug|x64.Build.0 = Debug|Any CPU
		{986D5A93-FBAA-440E-B31A-01A7358A2DAB}.Debug|x86.ActiveCfg = Debug|Any CPU
		{986D5A93-FBAA-440E-B31A-01A7358A2DAB}.Debug|x86.Build.0 = Debug|Any CPU
		{986D5A93-FBAA-440E-B31A-01A7358A2DAB}.Release|Any CPU.ActiveCfg = Release|Any CPU
		{986D5A93-FBAA-440E-B31A-01A7358A2DAB}.Release|Any CPU.Build.0 = Release|Any CPU
		{986D5A93-FBAA-440E-B31A-01A7358A2DAB}.Release|ARM.ActiveCfg = Release|Any CPU
		{986D5A93-FBAA-440E-B31A-01A7358A2DAB}.Release|ARM.Build.0 = Release|Any CPU
		{986D5A93-FBAA-440E-B31A-01A7358A2DAB}.Release|iPhone.ActiveCfg = Release|Any CPU
		{986D5A93-FBAA-440E-B31A-01A7358A2DAB}.Release|iPhone.Build.0 = Release|Any CPU
		{986D5A93-FBAA-440E-B31A-01A7358A2DAB}.Release|iPhoneSimulator.ActiveCfg = Release|Any CPU
		{986D5A93-FBAA-440E-B31A-01A7358A2DAB}.Release|iPhoneSimulator.Build.0 = Release|Any CPU
		{986D5A93-FBAA-440E-B31A-01A7358A2DAB}.Release|x64.ActiveCfg = Release|Any CPU
		{986D5A93-FBAA-440E-B31A-01A7358A2DAB}.Release|x64.Build.0 = Release|Any CPU
		{986D5A93-FBAA-440E-B31A-01A7358A2DAB}.Release|x86.ActiveCfg = Release|Any CPU
		{986D5A93-FBAA-440E-B31A-01A7358A2DAB}.Release|x86.Build.0 = Release|Any CPU
		{8171457B-9EA1-4893-985B-F241918F57AF}.Ad-Hoc|Any CPU.ActiveCfg = Debug|Any CPU
		{8171457B-9EA1-4893-985B-F241918F57AF}.Ad-Hoc|Any CPU.Build.0 = Debug|Any CPU
		{8171457B-9EA1-4893-985B-F241918F57AF}.Ad-Hoc|ARM.ActiveCfg = Debug|Any CPU
		{8171457B-9EA1-4893-985B-F241918F57AF}.Ad-Hoc|ARM.Build.0 = Debug|Any CPU
		{8171457B-9EA1-4893-985B-F241918F57AF}.Ad-Hoc|iPhone.ActiveCfg = Debug|Any CPU
		{8171457B-9EA1-4893-985B-F241918F57AF}.Ad-Hoc|iPhone.Build.0 = Debug|Any CPU
		{8171457B-9EA1-4893-985B-F241918F57AF}.Ad-Hoc|iPhoneSimulator.ActiveCfg = Debug|Any CPU
		{8171457B-9EA1-4893-985B-F241918F57AF}.Ad-Hoc|iPhoneSimulator.Build.0 = Debug|Any CPU
		{8171457B-9EA1-4893-985B-F241918F57AF}.Ad-Hoc|x64.ActiveCfg = Debug|Any CPU
		{8171457B-9EA1-4893-985B-F241918F57AF}.Ad-Hoc|x64.Build.0 = Debug|Any CPU
		{8171457B-9EA1-4893-985B-F241918F57AF}.Ad-Hoc|x86.ActiveCfg = Debug|Any CPU
		{8171457B-9EA1-4893-985B-F241918F57AF}.Ad-Hoc|x86.Build.0 = Debug|Any CPU
		{8171457B-9EA1-4893-985B-F241918F57AF}.AppStore|Any CPU.ActiveCfg = Debug|Any CPU
		{8171457B-9EA1-4893-985B-F241918F57AF}.AppStore|Any CPU.Build.0 = Debug|Any CPU
		{8171457B-9EA1-4893-985B-F241918F57AF}.AppStore|ARM.ActiveCfg = Debug|Any CPU
		{8171457B-9EA1-4893-985B-F241918F57AF}.AppStore|ARM.Build.0 = Debug|Any CPU
		{8171457B-9EA1-4893-985B-F241918F57AF}.AppStore|iPhone.ActiveCfg = Debug|Any CPU
		{8171457B-9EA1-4893-985B-F241918F57AF}.AppStore|iPhone.Build.0 = Debug|Any CPU
		{8171457B-9EA1-4893-985B-F241918F57AF}.AppStore|iPhoneSimulator.ActiveCfg = Debug|Any CPU
		{8171457B-9EA1-4893-985B-F241918F57AF}.AppStore|iPhoneSimulator.Build.0 = Debug|Any CPU
		{8171457B-9EA1-4893-985B-F241918F57AF}.AppStore|x64.ActiveCfg = Debug|Any CPU
		{8171457B-9EA1-4893-985B-F241918F57AF}.AppStore|x64.Build.0 = Debug|Any CPU
		{8171457B-9EA1-4893-985B-F241918F57AF}.AppStore|x86.ActiveCfg = Debug|Any CPU
		{8171457B-9EA1-4893-985B-F241918F57AF}.AppStore|x86.Build.0 = Debug|Any CPU
		{8171457B-9EA1-4893-985B-F241918F57AF}.Debug|Any CPU.ActiveCfg = Debug|Any CPU
		{8171457B-9EA1-4893-985B-F241918F57AF}.Debug|Any CPU.Build.0 = Debug|Any CPU
		{8171457B-9EA1-4893-985B-F241918F57AF}.Debug|ARM.ActiveCfg = Debug|Any CPU
		{8171457B-9EA1-4893-985B-F241918F57AF}.Debug|ARM.Build.0 = Debug|Any CPU
		{8171457B-9EA1-4893-985B-F241918F57AF}.Debug|iPhone.ActiveCfg = Debug|Any CPU
		{8171457B-9EA1-4893-985B-F241918F57AF}.Debug|iPhone.Build.0 = Debug|Any CPU
		{8171457B-9EA1-4893-985B-F241918F57AF}.Debug|iPhoneSimulator.ActiveCfg = Debug|Any CPU
		{8171457B-9EA1-4893-985B-F241918F57AF}.Debug|iPhoneSimulator.Build.0 = Debug|Any CPU
		{8171457B-9EA1-4893-985B-F241918F57AF}.Debug|x64.ActiveCfg = Debug|Any CPU
		{8171457B-9EA1-4893-985B-F241918F57AF}.Debug|x64.Build.0 = Debug|Any CPU
		{8171457B-9EA1-4893-985B-F241918F57AF}.Debug|x86.ActiveCfg = Debug|Any CPU
		{8171457B-9EA1-4893-985B-F241918F57AF}.Debug|x86.Build.0 = Debug|Any CPU
		{8171457B-9EA1-4893-985B-F241918F57AF}.Release|Any CPU.ActiveCfg = Release|Any CPU
		{8171457B-9EA1-4893-985B-F241918F57AF}.Release|Any CPU.Build.0 = Release|Any CPU
		{8171457B-9EA1-4893-985B-F241918F57AF}.Release|ARM.ActiveCfg = Release|Any CPU
		{8171457B-9EA1-4893-985B-F241918F57AF}.Release|ARM.Build.0 = Release|Any CPU
		{8171457B-9EA1-4893-985B-F241918F57AF}.Release|iPhone.ActiveCfg = Release|Any CPU
		{8171457B-9EA1-4893-985B-F241918F57AF}.Release|iPhone.Build.0 = Release|Any CPU
		{8171457B-9EA1-4893-985B-F241918F57AF}.Release|iPhoneSimulator.ActiveCfg = Release|Any CPU
		{8171457B-9EA1-4893-985B-F241918F57AF}.Release|iPhoneSimulator.Build.0 = Release|Any CPU
		{8171457B-9EA1-4893-985B-F241918F57AF}.Release|x64.ActiveCfg = Release|Any CPU
		{8171457B-9EA1-4893-985B-F241918F57AF}.Release|x64.Build.0 = Release|Any CPU
		{8171457B-9EA1-4893-985B-F241918F57AF}.Release|x86.ActiveCfg = Release|Any CPU
		{8171457B-9EA1-4893-985B-F241918F57AF}.Release|x86.Build.0 = Release|Any CPU
		{2FD0F85C-A349-4783-AB21-3ADDC04E9729}.Ad-Hoc|Any CPU.ActiveCfg = Release|Any CPU
		{2FD0F85C-A349-4783-AB21-3ADDC04E9729}.Ad-Hoc|Any CPU.Build.0 = Release|Any CPU
		{2FD0F85C-A349-4783-AB21-3ADDC04E9729}.Ad-Hoc|ARM.ActiveCfg = Release|Any CPU
		{2FD0F85C-A349-4783-AB21-3ADDC04E9729}.Ad-Hoc|ARM.Build.0 = Release|Any CPU
		{2FD0F85C-A349-4783-AB21-3ADDC04E9729}.Ad-Hoc|iPhone.ActiveCfg = Release|Any CPU
		{2FD0F85C-A349-4783-AB21-3ADDC04E9729}.Ad-Hoc|iPhone.Build.0 = Release|Any CPU
		{2FD0F85C-A349-4783-AB21-3ADDC04E9729}.Ad-Hoc|iPhoneSimulator.ActiveCfg = Release|Any CPU
		{2FD0F85C-A349-4783-AB21-3ADDC04E9729}.Ad-Hoc|iPhoneSimulator.Build.0 = Release|Any CPU
		{2FD0F85C-A349-4783-AB21-3ADDC04E9729}.Ad-Hoc|x64.ActiveCfg = Release|Any CPU
		{2FD0F85C-A349-4783-AB21-3ADDC04E9729}.Ad-Hoc|x64.Build.0 = Release|Any CPU
		{2FD0F85C-A349-4783-AB21-3ADDC04E9729}.Ad-Hoc|x86.ActiveCfg = Release|Any CPU
		{2FD0F85C-A349-4783-AB21-3ADDC04E9729}.Ad-Hoc|x86.Build.0 = Release|Any CPU
		{2FD0F85C-A349-4783-AB21-3ADDC04E9729}.AppStore|Any CPU.ActiveCfg = Release|Any CPU
		{2FD0F85C-A349-4783-AB21-3ADDC04E9729}.AppStore|Any CPU.Build.0 = Release|Any CPU
		{2FD0F85C-A349-4783-AB21-3ADDC04E9729}.AppStore|ARM.ActiveCfg = Release|Any CPU
		{2FD0F85C-A349-4783-AB21-3ADDC04E9729}.AppStore|ARM.Build.0 = Release|Any CPU
		{2FD0F85C-A349-4783-AB21-3ADDC04E9729}.AppStore|iPhone.ActiveCfg = Release|Any CPU
		{2FD0F85C-A349-4783-AB21-3ADDC04E9729}.AppStore|iPhone.Build.0 = Release|Any CPU
		{2FD0F85C-A349-4783-AB21-3ADDC04E9729}.AppStore|iPhoneSimulator.ActiveCfg = Release|Any CPU
		{2FD0F85C-A349-4783-AB21-3ADDC04E9729}.AppStore|iPhoneSimulator.Build.0 = Release|Any CPU
		{2FD0F85C-A349-4783-AB21-3ADDC04E9729}.AppStore|x64.ActiveCfg = Release|Any CPU
		{2FD0F85C-A349-4783-AB21-3ADDC04E9729}.AppStore|x64.Build.0 = Release|Any CPU
		{2FD0F85C-A349-4783-AB21-3ADDC04E9729}.AppStore|x86.ActiveCfg = Release|Any CPU
		{2FD0F85C-A349-4783-AB21-3ADDC04E9729}.AppStore|x86.Build.0 = Release|Any CPU
		{2FD0F85C-A349-4783-AB21-3ADDC04E9729}.Debug|Any CPU.ActiveCfg = Debug|Any CPU
		{2FD0F85C-A349-4783-AB21-3ADDC04E9729}.Debug|Any CPU.Build.0 = Debug|Any CPU
		{2FD0F85C-A349-4783-AB21-3ADDC04E9729}.Debug|ARM.ActiveCfg = Debug|Any CPU
		{2FD0F85C-A349-4783-AB21-3ADDC04E9729}.Debug|ARM.Build.0 = Debug|Any CPU
		{2FD0F85C-A349-4783-AB21-3ADDC04E9729}.Debug|iPhone.ActiveCfg = Debug|Any CPU
		{2FD0F85C-A349-4783-AB21-3ADDC04E9729}.Debug|iPhone.Build.0 = Debug|Any CPU
		{2FD0F85C-A349-4783-AB21-3ADDC04E9729}.Debug|iPhoneSimulator.ActiveCfg = Debug|Any CPU
		{2FD0F85C-A349-4783-AB21-3ADDC04E9729}.Debug|iPhoneSimulator.Build.0 = Debug|Any CPU
		{2FD0F85C-A349-4783-AB21-3ADDC04E9729}.Debug|x64.ActiveCfg = Debug|Any CPU
		{2FD0F85C-A349-4783-AB21-3ADDC04E9729}.Debug|x64.Build.0 = Debug|Any CPU
		{2FD0F85C-A349-4783-AB21-3ADDC04E9729}.Debug|x86.ActiveCfg = Debug|Any CPU
		{2FD0F85C-A349-4783-AB21-3ADDC04E9729}.Debug|x86.Build.0 = Debug|Any CPU
		{2FD0F85C-A349-4783-AB21-3ADDC04E9729}.Release|Any CPU.ActiveCfg = Release|Any CPU
		{2FD0F85C-A349-4783-AB21-3ADDC04E9729}.Release|Any CPU.Build.0 = Release|Any CPU
		{2FD0F85C-A349-4783-AB21-3ADDC04E9729}.Release|ARM.ActiveCfg = Release|Any CPU
		{2FD0F85C-A349-4783-AB21-3ADDC04E9729}.Release|ARM.Build.0 = Release|Any CPU
		{2FD0F85C-A349-4783-AB21-3ADDC04E9729}.Release|iPhone.ActiveCfg = Release|Any CPU
		{2FD0F85C-A349-4783-AB21-3ADDC04E9729}.Release|iPhone.Build.0 = Release|Any CPU
		{2FD0F85C-A349-4783-AB21-3ADDC04E9729}.Release|iPhoneSimulator.ActiveCfg = Release|Any CPU
		{2FD0F85C-A349-4783-AB21-3ADDC04E9729}.Release|iPhoneSimulator.Build.0 = Release|Any CPU
		{2FD0F85C-A349-4783-AB21-3ADDC04E9729}.Release|x64.ActiveCfg = Release|Any CPU
		{2FD0F85C-A349-4783-AB21-3ADDC04E9729}.Release|x64.Build.0 = Release|Any CPU
		{2FD0F85C-A349-4783-AB21-3ADDC04E9729}.Release|x86.ActiveCfg = Release|Any CPU
		{2FD0F85C-A349-4783-AB21-3ADDC04E9729}.Release|x86.Build.0 = Release|Any CPU
	EndGlobalSection
	GlobalSection(SolutionProperties) = preSolution
		HideSolutionNode = FALSE
	EndGlobalSection
EndGlobal
