
Microsoft Visual Studio Solution File, Format Version 12.00
# Visual Studio 15
VisualStudioVersion = 15.0.26403.7
MinimumVisualStudioVersion = 10.0.40219.1
Project("{FAE04EC0-301F-11D3-BF4B-00C04F79EFBC}") = "CF.RESTClient.NET.Standard", "CF.RESTClient.NET.Standard\CF.RESTClient.NET.Standard.csproj", "{2FD0F85C-A349-4783-AB21-3ADDC04E9729}"
EndProject
Project("{2150E333-8FDC-42A3-9474-1A3956D46DE8}") = "Samples", "Samples", "{200D94FC-CAA8-4DA8-9A8B-8608B264414C}"
EndProject
Project("{FAE04EC0-301F-11D3-BF4B-00C04F79EFBC}") = "CF.RESTClient.NET.Sample", "CF.RESTClient.NET.XamarinForms.Sample\CF.RESTClient.NET.Sample.csproj", "{67F9D3A8-F71E-4428-913F-C37AE82CDB24}"
EndProject
Project("{FAE04EC0-301F-11D3-BF4B-00C04F79EFBC}") = "CF.RESTClient.NET.Sample.Android", "App1.Android\CF.RESTClient.NET.Sample.Android.csproj", "{DFE6E850-6FB8-4C19-9A3D-82FE3A93F635}"
EndProject
Project("{FAE04EC0-301F-11D3-BF4B-00C04F79EFBC}") = "App1.iOS", "App1.iOS\App1.iOS.csproj", "{3DDB78B7-AA3A-4997-ABC4-7CE75663B6A0}"
EndProject
Project("{FAE04EC0-301F-11D3-BF4B-00C04F79EFBC}") = "CF.RESTClient.NET.Sample.UWP", "App1.UWP\CF.RESTClient.NET.Sample.UWP.csproj", "{B504A81C-B79E-4603-B2B6-90064CAA85EF}"
EndProject
Global
	GlobalSection(SolutionConfigurationPlatforms) = preSolution
		Ad-Hoc|Any CPU = Ad-Hoc|Any CPU
		Ad-Hoc|ARM = Ad-Hoc|ARM
		Ad-Hoc|iPhone = Ad-Hoc|iPhone
		Ad-Hoc|iPhoneSimulator = Ad-Hoc|iPhoneSimulator
		Ad-Hoc|x64 = Ad-Hoc|x64
		Ad-Hoc|x86 = Ad-Hoc|x86
		AppStore|Any CPU = AppStore|Any CPU
		AppStore|ARM = AppStore|ARM
		AppStore|iPhone = AppStore|iPhone
		AppStore|iPhoneSimulator = AppStore|iPhoneSimulator
		AppStore|x64 = AppStore|x64
		AppStore|x86 = AppStore|x86
		Debug|Any CPU = Debug|Any CPU
		Debug|ARM = Debug|ARM
		Debug|iPhone = Debug|iPhone
		Debug|iPhoneSimulator = Debug|iPhoneSimulator
		Debug|x64 = Debug|x64
		Debug|x86 = Debug|x86
		Release|Any CPU = Release|Any CPU
		Release|ARM = Release|ARM
		Release|iPhone = Release|iPhone
		Release|iPhoneSimulator = Release|iPhoneSimulator
		Release|x64 = Release|x64
		Release|x86 = Release|x86
	EndGlobalSection
	GlobalSection(ProjectConfigurationPlatforms) = postSolution
		{2FD0F85C-A349-4783-AB21-3ADDC04E9729}.Ad-Hoc|Any CPU.ActiveCfg = Release|Any CPU
		{2FD0F85C-A349-4783-AB21-3ADDC04E9729}.Ad-Hoc|Any CPU.Build.0 = Release|Any CPU
		{2FD0F85C-A349-4783-AB21-3ADDC04E9729}.Ad-Hoc|ARM.ActiveCfg = Release|Any CPU
		{2FD0F85C-A349-4783-AB21-3ADDC04E9729}.Ad-Hoc|ARM.Build.0 = Release|Any CPU
		{2FD0F85C-A349-4783-AB21-3ADDC04E9729}.Ad-Hoc|iPhone.ActiveCfg = Release|Any CPU
		{2FD0F85C-A349-4783-AB21-3ADDC04E9729}.Ad-Hoc|iPhone.Build.0 = Release|Any CPU
		{2FD0F85C-A349-4783-AB21-3ADDC04E9729}.Ad-Hoc|iPhoneSimulator.ActiveCfg = Release|Any CPU
		{2FD0F85C-A349-4783-AB21-3ADDC04E9729}.Ad-Hoc|iPhoneSimulator.Build.0 = Release|Any CPU
		{2FD0F85C-A349-4783-AB21-3ADDC04E9729}.Ad-Hoc|x64.ActiveCfg = Release|Any CPU
		{2FD0F85C-A349-4783-AB21-3ADDC04E9729}.Ad-Hoc|x64.Build.0 = Release|Any CPU
		{2FD0F85C-A349-4783-AB21-3ADDC04E9729}.Ad-Hoc|x86.ActiveCfg = Release|Any CPU
		{2FD0F85C-A349-4783-AB21-3ADDC04E9729}.Ad-Hoc|x86.Build.0 = Release|Any CPU
		{2FD0F85C-A349-4783-AB21-3ADDC04E9729}.AppStore|Any CPU.ActiveCfg = Release|Any CPU
		{2FD0F85C-A349-4783-AB21-3ADDC04E9729}.AppStore|Any CPU.Build.0 = Release|Any CPU
		{2FD0F85C-A349-4783-AB21-3ADDC04E9729}.AppStore|ARM.ActiveCfg = Release|Any CPU
		{2FD0F85C-A349-4783-AB21-3ADDC04E9729}.AppStore|ARM.Build.0 = Release|Any CPU
		{2FD0F85C-A349-4783-AB21-3ADDC04E9729}.AppStore|iPhone.ActiveCfg = Release|Any CPU
		{2FD0F85C-A349-4783-AB21-3ADDC04E9729}.AppStore|iPhone.Build.0 = Release|Any CPU
		{2FD0F85C-A349-4783-AB21-3ADDC04E9729}.AppStore|iPhoneSimulator.ActiveCfg = Release|Any CPU
		{2FD0F85C-A349-4783-AB21-3ADDC04E9729}.AppStore|iPhoneSimulator.Build.0 = Release|Any CPU
		{2FD0F85C-A349-4783-AB21-3ADDC04E9729}.AppStore|x64.ActiveCfg = Release|Any CPU
		{2FD0F85C-A349-4783-AB21-3ADDC04E9729}.AppStore|x64.Build.0 = Release|Any CPU
		{2FD0F85C-A349-4783-AB21-3ADDC04E9729}.AppStore|x86.ActiveCfg = Release|Any CPU
		{2FD0F85C-A349-4783-AB21-3ADDC04E9729}.AppStore|x86.Build.0 = Release|Any CPU
		{2FD0F85C-A349-4783-AB21-3ADDC04E9729}.Debug|Any CPU.ActiveCfg = Debug|Any CPU
		{2FD0F85C-A349-4783-AB21-3ADDC04E9729}.Debug|Any CPU.Build.0 = Debug|Any CPU
		{2FD0F85C-A349-4783-AB21-3ADDC04E9729}.Debug|ARM.ActiveCfg = Debug|Any CPU
		{2FD0F85C-A349-4783-AB21-3ADDC04E9729}.Debug|ARM.Build.0 = Debug|Any CPU
		{2FD0F85C-A349-4783-AB21-3ADDC04E9729}.Debug|iPhone.ActiveCfg = Debug|Any CPU
		{2FD0F85C-A349-4783-AB21-3ADDC04E9729}.Debug|iPhone.Build.0 = Debug|Any CPU
		{2FD0F85C-A349-4783-AB21-3ADDC04E9729}.Debug|iPhoneSimulator.ActiveCfg = Debug|Any CPU
		{2FD0F85C-A349-4783-AB21-3ADDC04E9729}.Debug|iPhoneSimulator.Build.0 = Debug|Any CPU
		{2FD0F85C-A349-4783-AB21-3ADDC04E9729}.Debug|x64.ActiveCfg = Debug|Any CPU
		{2FD0F85C-A349-4783-AB21-3ADDC04E9729}.Debug|x64.Build.0 = Debug|Any CPU
		{2FD0F85C-A349-4783-AB21-3ADDC04E9729}.Debug|x86.ActiveCfg = Debug|Any CPU
		{2FD0F85C-A349-4783-AB21-3ADDC04E9729}.Debug|x86.Build.0 = Debug|Any CPU
		{2FD0F85C-A349-4783-AB21-3ADDC04E9729}.Release|Any CPU.ActiveCfg = Release|Any CPU
		{2FD0F85C-A349-4783-AB21-3ADDC04E9729}.Release|Any CPU.Build.0 = Release|Any CPU
		{2FD0F85C-A349-4783-AB21-3ADDC04E9729}.Release|ARM.ActiveCfg = Release|Any CPU
		{2FD0F85C-A349-4783-AB21-3ADDC04E9729}.Release|ARM.Build.0 = Release|Any CPU
		{2FD0F85C-A349-4783-AB21-3ADDC04E9729}.Release|iPhone.ActiveCfg = Release|Any CPU
		{2FD0F85C-A349-4783-AB21-3ADDC04E9729}.Release|iPhone.Build.0 = Release|Any CPU
		{2FD0F85C-A349-4783-AB21-3ADDC04E9729}.Release|iPhoneSimulator.ActiveCfg = Release|Any CPU
		{2FD0F85C-A349-4783-AB21-3ADDC04E9729}.Release|iPhoneSimulator.Build.0 = Release|Any CPU
		{2FD0F85C-A349-4783-AB21-3ADDC04E9729}.Release|x64.ActiveCfg = Release|Any CPU
		{2FD0F85C-A349-4783-AB21-3ADDC04E9729}.Release|x64.Build.0 = Release|Any CPU
		{2FD0F85C-A349-4783-AB21-3ADDC04E9729}.Release|x86.ActiveCfg = Release|Any CPU
		{2FD0F85C-A349-4783-AB21-3ADDC04E9729}.Release|x86.Build.0 = Release|Any CPU
		{67F9D3A8-F71E-4428-913F-C37AE82CDB24}.Ad-Hoc|Any CPU.ActiveCfg = Release|Any CPU
		{67F9D3A8-F71E-4428-913F-C37AE82CDB24}.Ad-Hoc|Any CPU.Build.0 = Release|Any CPU
		{67F9D3A8-F71E-4428-913F-C37AE82CDB24}.Ad-Hoc|ARM.ActiveCfg = Release|Any CPU
		{67F9D3A8-F71E-4428-913F-C37AE82CDB24}.Ad-Hoc|ARM.Build.0 = Release|Any CPU
		{67F9D3A8-F71E-4428-913F-C37AE82CDB24}.Ad-Hoc|iPhone.ActiveCfg = Release|Any CPU
		{67F9D3A8-F71E-4428-913F-C37AE82CDB24}.Ad-Hoc|iPhone.Build.0 = Release|Any CPU
		{67F9D3A8-F71E-4428-913F-C37AE82CDB24}.Ad-Hoc|iPhoneSimulator.ActiveCfg = Release|Any CPU
		{67F9D3A8-F71E-4428-913F-C37AE82CDB24}.Ad-Hoc|iPhoneSimulator.Build.0 = Release|Any CPU
		{67F9D3A8-F71E-4428-913F-C37AE82CDB24}.Ad-Hoc|x64.ActiveCfg = Release|Any CPU
		{67F9D3A8-F71E-4428-913F-C37AE82CDB24}.Ad-Hoc|x64.Build.0 = Release|Any CPU
		{67F9D3A8-F71E-4428-913F-C37AE82CDB24}.Ad-Hoc|x86.ActiveCfg = Release|Any CPU
		{67F9D3A8-F71E-4428-913F-C37AE82CDB24}.Ad-Hoc|x86.Build.0 = Release|Any CPU
		{67F9D3A8-F71E-4428-913F-C37AE82CDB24}.AppStore|Any CPU.ActiveCfg = Release|Any CPU
		{67F9D3A8-F71E-4428-913F-C37AE82CDB24}.AppStore|Any CPU.Build.0 = Release|Any CPU
		{67F9D3A8-F71E-4428-913F-C37AE82CDB24}.AppStore|ARM.ActiveCfg = Release|Any CPU
		{67F9D3A8-F71E-4428-913F-C37AE82CDB24}.AppStore|ARM.Build.0 = Release|Any CPU
		{67F9D3A8-F71E-4428-913F-C37AE82CDB24}.AppStore|iPhone.ActiveCfg = Release|Any CPU
		{67F9D3A8-F71E-4428-913F-C37AE82CDB24}.AppStore|iPhone.Build.0 = Release|Any CPU
		{67F9D3A8-F71E-4428-913F-C37AE82CDB24}.AppStore|iPhoneSimulator.ActiveCfg = Release|Any CPU
		{67F9D3A8-F71E-4428-913F-C37AE82CDB24}.AppStore|iPhoneSimulator.Build.0 = Release|Any CPU
		{67F9D3A8-F71E-4428-913F-C37AE82CDB24}.AppStore|x64.ActiveCfg = Release|Any CPU
		{67F9D3A8-F71E-4428-913F-C37AE82CDB24}.AppStore|x64.Build.0 = Release|Any CPU
		{67F9D3A8-F71E-4428-913F-C37AE82CDB24}.AppStore|x86.ActiveCfg = Release|Any CPU
		{67F9D3A8-F71E-4428-913F-C37AE82CDB24}.AppStore|x86.Build.0 = Release|Any CPU
		{67F9D3A8-F71E-4428-913F-C37AE82CDB24}.Debug|Any CPU.ActiveCfg = Debug|Any CPU
		{67F9D3A8-F71E-4428-913F-C37AE82CDB24}.Debug|Any CPU.Build.0 = Debug|Any CPU
		{67F9D3A8-F71E-4428-913F-C37AE82CDB24}.Debug|ARM.ActiveCfg = Debug|Any CPU
		{67F9D3A8-F71E-4428-913F-C37AE82CDB24}.Debug|ARM.Build.0 = Debug|Any CPU
		{67F9D3A8-F71E-4428-913F-C37AE82CDB24}.Debug|iPhone.ActiveCfg = Debug|Any CPU
		{67F9D3A8-F71E-4428-913F-C37AE82CDB24}.Debug|iPhone.Build.0 = Debug|Any CPU
		{67F9D3A8-F71E-4428-913F-C37AE82CDB24}.Debug|iPhoneSimulator.ActiveCfg = Debug|Any CPU
		{67F9D3A8-F71E-4428-913F-C37AE82CDB24}.Debug|iPhoneSimulator.Build.0 = Debug|Any CPU
		{67F9D3A8-F71E-4428-913F-C37AE82CDB24}.Debug|x64.ActiveCfg = Debug|Any CPU
		{67F9D3A8-F71E-4428-913F-C37AE82CDB24}.Debug|x64.Build.0 = Debug|Any CPU
		{67F9D3A8-F71E-4428-913F-C37AE82CDB24}.Debug|x86.ActiveCfg = Debug|Any CPU
		{67F9D3A8-F71E-4428-913F-C37AE82CDB24}.Debug|x86.Build.0 = Debug|Any CPU
		{67F9D3A8-F71E-4428-913F-C37AE82CDB24}.Release|Any CPU.ActiveCfg = Release|Any CPU
		{67F9D3A8-F71E-4428-913F-C37AE82CDB24}.Release|Any CPU.Build.0 = Release|Any CPU
		{67F9D3A8-F71E-4428-913F-C37AE82CDB24}.Release|ARM.ActiveCfg = Release|Any CPU
		{67F9D3A8-F71E-4428-913F-C37AE82CDB24}.Release|ARM.Build.0 = Release|Any CPU
		{67F9D3A8-F71E-4428-913F-C37AE82CDB24}.Release|iPhone.ActiveCfg = Release|Any CPU
		{67F9D3A8-F71E-4428-913F-C37AE82CDB24}.Release|iPhone.Build.0 = Release|Any CPU
		{67F9D3A8-F71E-4428-913F-C37AE82CDB24}.Release|iPhoneSimulator.ActiveCfg = Release|Any CPU
		{67F9D3A8-F71E-4428-913F-C37AE82CDB24}.Release|iPhoneSimulator.Build.0 = Release|Any CPU
		{67F9D3A8-F71E-4428-913F-C37AE82CDB24}.Release|x64.ActiveCfg = Release|Any CPU
		{67F9D3A8-F71E-4428-913F-C37AE82CDB24}.Release|x64.Build.0 = Release|Any CPU
		{67F9D3A8-F71E-4428-913F-C37AE82CDB24}.Release|x86.ActiveCfg = Release|Any CPU
		{67F9D3A8-F71E-4428-913F-C37AE82CDB24}.Release|x86.Build.0 = Release|Any CPU
		{DFE6E850-6FB8-4C19-9A3D-82FE3A93F635}.Ad-Hoc|Any CPU.ActiveCfg = Release|Any CPU
		{DFE6E850-6FB8-4C19-9A3D-82FE3A93F635}.Ad-Hoc|Any CPU.Build.0 = Release|Any CPU
		{DFE6E850-6FB8-4C19-9A3D-82FE3A93F635}.Ad-Hoc|Any CPU.Deploy.0 = Release|Any CPU
		{DFE6E850-6FB8-4C19-9A3D-82FE3A93F635}.Ad-Hoc|ARM.ActiveCfg = Release|Any CPU
		{DFE6E850-6FB8-4C19-9A3D-82FE3A93F635}.Ad-Hoc|ARM.Build.0 = Release|Any CPU
		{DFE6E850-6FB8-4C19-9A3D-82FE3A93F635}.Ad-Hoc|ARM.Deploy.0 = Release|Any CPU
		{DFE6E850-6FB8-4C19-9A3D-82FE3A93F635}.Ad-Hoc|iPhone.ActiveCfg = Release|Any CPU
		{DFE6E850-6FB8-4C19-9A3D-82FE3A93F635}.Ad-Hoc|iPhone.Build.0 = Release|Any CPU
		{DFE6E850-6FB8-4C19-9A3D-82FE3A93F635}.Ad-Hoc|iPhone.Deploy.0 = Release|Any CPU
		{DFE6E850-6FB8-4C19-9A3D-82FE3A93F635}.Ad-Hoc|iPhoneSimulator.ActiveCfg = Release|Any CPU
		{DFE6E850-6FB8-4C19-9A3D-82FE3A93F635}.Ad-Hoc|iPhoneSimulator.Build.0 = Release|Any CPU
		{DFE6E850-6FB8-4C19-9A3D-82FE3A93F635}.Ad-Hoc|iPhoneSimulator.Deploy.0 = Release|Any CPU
		{DFE6E850-6FB8-4C19-9A3D-82FE3A93F635}.Ad-Hoc|x64.ActiveCfg = Release|Any CPU
		{DFE6E850-6FB8-4C19-9A3D-82FE3A93F635}.Ad-Hoc|x64.Build.0 = Release|Any CPU
		{DFE6E850-6FB8-4C19-9A3D-82FE3A93F635}.Ad-Hoc|x64.Deploy.0 = Release|Any CPU
		{DFE6E850-6FB8-4C19-9A3D-82FE3A93F635}.Ad-Hoc|x86.ActiveCfg = Release|Any CPU
		{DFE6E850-6FB8-4C19-9A3D-82FE3A93F635}.Ad-Hoc|x86.Build.0 = Release|Any CPU
		{DFE6E850-6FB8-4C19-9A3D-82FE3A93F635}.Ad-Hoc|x86.Deploy.0 = Release|Any CPU
		{DFE6E850-6FB8-4C19-9A3D-82FE3A93F635}.AppStore|Any CPU.ActiveCfg = Release|Any CPU
		{DFE6E850-6FB8-4C19-9A3D-82FE3A93F635}.AppStore|Any CPU.Build.0 = Release|Any CPU
		{DFE6E850-6FB8-4C19-9A3D-82FE3A93F635}.AppStore|Any CPU.Deploy.0 = Release|Any CPU
		{DFE6E850-6FB8-4C19-9A3D-82FE3A93F635}.AppStore|ARM.ActiveCfg = Release|Any CPU
		{DFE6E850-6FB8-4C19-9A3D-82FE3A93F635}.AppStore|ARM.Build.0 = Release|Any CPU
		{DFE6E850-6FB8-4C19-9A3D-82FE3A93F635}.AppStore|ARM.Deploy.0 = Release|Any CPU
		{DFE6E850-6FB8-4C19-9A3D-82FE3A93F635}.AppStore|iPhone.ActiveCfg = Release|Any CPU
		{DFE6E850-6FB8-4C19-9A3D-82FE3A93F635}.AppStore|iPhone.Build.0 = Release|Any CPU
		{DFE6E850-6FB8-4C19-9A3D-82FE3A93F635}.AppStore|iPhone.Deploy.0 = Release|Any CPU
		{DFE6E850-6FB8-4C19-9A3D-82FE3A93F635}.AppStore|iPhoneSimulator.ActiveCfg = Release|Any CPU
		{DFE6E850-6FB8-4C19-9A3D-82FE3A93F635}.AppStore|iPhoneSimulator.Build.0 = Release|Any CPU
		{DFE6E850-6FB8-4C19-9A3D-82FE3A93F635}.AppStore|iPhoneSimulator.Deploy.0 = Release|Any CPU
		{DFE6E850-6FB8-4C19-9A3D-82FE3A93F635}.AppStore|x64.ActiveCfg = Release|Any CPU
		{DFE6E850-6FB8-4C19-9A3D-82FE3A93F635}.AppStore|x64.Build.0 = Release|Any CPU
		{DFE6E850-6FB8-4C19-9A3D-82FE3A93F635}.AppStore|x64.Deploy.0 = Release|Any CPU
		{DFE6E850-6FB8-4C19-9A3D-82FE3A93F635}.AppStore|x86.ActiveCfg = Release|Any CPU
		{DFE6E850-6FB8-4C19-9A3D-82FE3A93F635}.AppStore|x86.Build.0 = Release|Any CPU
		{DFE6E850-6FB8-4C19-9A3D-82FE3A93F635}.AppStore|x86.Deploy.0 = Release|Any CPU
		{DFE6E850-6FB8-4C19-9A3D-82FE3A93F635}.Debug|Any CPU.ActiveCfg = Debug|Any CPU
		{DFE6E850-6FB8-4C19-9A3D-82FE3A93F635}.Debug|Any CPU.Build.0 = Debug|Any CPU
		{DFE6E850-6FB8-4C19-9A3D-82FE3A93F635}.Debug|Any CPU.Deploy.0 = Debug|Any CPU
		{DFE6E850-6FB8-4C19-9A3D-82FE3A93F635}.Debug|ARM.ActiveCfg = Debug|Any CPU
		{DFE6E850-6FB8-4C19-9A3D-82FE3A93F635}.Debug|ARM.Build.0 = Debug|Any CPU
		{DFE6E850-6FB8-4C19-9A3D-82FE3A93F635}.Debug|ARM.Deploy.0 = Debug|Any CPU
		{DFE6E850-6FB8-4C19-9A3D-82FE3A93F635}.Debug|iPhone.ActiveCfg = Debug|Any CPU
		{DFE6E850-6FB8-4C19-9A3D-82FE3A93F635}.Debug|iPhone.Build.0 = Debug|Any CPU
		{DFE6E850-6FB8-4C19-9A3D-82FE3A93F635}.Debug|iPhone.Deploy.0 = Debug|Any CPU
		{DFE6E850-6FB8-4C19-9A3D-82FE3A93F635}.Debug|iPhoneSimulator.ActiveCfg = Debug|Any CPU
		{DFE6E850-6FB8-4C19-9A3D-82FE3A93F635}.Debug|iPhoneSimulator.Build.0 = Debug|Any CPU
		{DFE6E850-6FB8-4C19-9A3D-82FE3A93F635}.Debug|iPhoneSimulator.Deploy.0 = Debug|Any CPU
		{DFE6E850-6FB8-4C19-9A3D-82FE3A93F635}.Debug|x64.ActiveCfg = Debug|Any CPU
		{DFE6E850-6FB8-4C19-9A3D-82FE3A93F635}.Debug|x64.Build.0 = Debug|Any CPU
		{DFE6E850-6FB8-4C19-9A3D-82FE3A93F635}.Debug|x64.Deploy.0 = Debug|Any CPU
		{DFE6E850-6FB8-4C19-9A3D-82FE3A93F635}.Debug|x86.ActiveCfg = Debug|Any CPU
		{DFE6E850-6FB8-4C19-9A3D-82FE3A93F635}.Debug|x86.Build.0 = Debug|Any CPU
		{DFE6E850-6FB8-4C19-9A3D-82FE3A93F635}.Debug|x86.Deploy.0 = Debug|Any CPU
		{DFE6E850-6FB8-4C19-9A3D-82FE3A93F635}.Release|Any CPU.ActiveCfg = Release|Any CPU
		{DFE6E850-6FB8-4C19-9A3D-82FE3A93F635}.Release|Any CPU.Build.0 = Release|Any CPU
		{DFE6E850-6FB8-4C19-9A3D-82FE3A93F635}.Release|Any CPU.Deploy.0 = Release|Any CPU
		{DFE6E850-6FB8-4C19-9A3D-82FE3A93F635}.Release|ARM.ActiveCfg = Release|Any CPU
		{DFE6E850-6FB8-4C19-9A3D-82FE3A93F635}.Release|ARM.Build.0 = Release|Any CPU
		{DFE6E850-6FB8-4C19-9A3D-82FE3A93F635}.Release|ARM.Deploy.0 = Release|Any CPU
		{DFE6E850-6FB8-4C19-9A3D-82FE3A93F635}.Release|iPhone.ActiveCfg = Release|Any CPU
		{DFE6E850-6FB8-4C19-9A3D-82FE3A93F635}.Release|iPhone.Build.0 = Release|Any CPU
		{DFE6E850-6FB8-4C19-9A3D-82FE3A93F635}.Release|iPhone.Deploy.0 = Release|Any CPU
		{DFE6E850-6FB8-4C19-9A3D-82FE3A93F635}.Release|iPhoneSimulator.ActiveCfg = Release|Any CPU
		{DFE6E850-6FB8-4C19-9A3D-82FE3A93F635}.Release|iPhoneSimulator.Build.0 = Release|Any CPU
		{DFE6E850-6FB8-4C19-9A3D-82FE3A93F635}.Release|iPhoneSimulator.Deploy.0 = Release|Any CPU
		{DFE6E850-6FB8-4C19-9A3D-82FE3A93F635}.Release|x64.ActiveCfg = Release|Any CPU
		{DFE6E850-6FB8-4C19-9A3D-82FE3A93F635}.Release|x64.Build.0 = Release|Any CPU
		{DFE6E850-6FB8-4C19-9A3D-82FE3A93F635}.Release|x64.Deploy.0 = Release|Any CPU
		{DFE6E850-6FB8-4C19-9A3D-82FE3A93F635}.Release|x86.ActiveCfg = Release|Any CPU
		{DFE6E850-6FB8-4C19-9A3D-82FE3A93F635}.Release|x86.Build.0 = Release|Any CPU
		{DFE6E850-6FB8-4C19-9A3D-82FE3A93F635}.Release|x86.Deploy.0 = Release|Any CPU
		{3DDB78B7-AA3A-4997-ABC4-7CE75663B6A0}.Ad-Hoc|Any CPU.ActiveCfg = Ad-Hoc|iPhone
		{3DDB78B7-AA3A-4997-ABC4-7CE75663B6A0}.Ad-Hoc|ARM.ActiveCfg = Ad-Hoc|iPhone
		{3DDB78B7-AA3A-4997-ABC4-7CE75663B6A0}.Ad-Hoc|iPhone.ActiveCfg = Ad-Hoc|iPhone
		{3DDB78B7-AA3A-4997-ABC4-7CE75663B6A0}.Ad-Hoc|iPhone.Build.0 = Ad-Hoc|iPhone
		{3DDB78B7-AA3A-4997-ABC4-7CE75663B6A0}.Ad-Hoc|iPhoneSimulator.ActiveCfg = Ad-Hoc|iPhoneSimulator
		{3DDB78B7-AA3A-4997-ABC4-7CE75663B6A0}.Ad-Hoc|iPhoneSimulator.Build.0 = Ad-Hoc|iPhoneSimulator
		{3DDB78B7-AA3A-4997-ABC4-7CE75663B6A0}.Ad-Hoc|x64.ActiveCfg = Ad-Hoc|iPhone
		{3DDB78B7-AA3A-4997-ABC4-7CE75663B6A0}.Ad-Hoc|x86.ActiveCfg = Ad-Hoc|iPhone
		{3DDB78B7-AA3A-4997-ABC4-7CE75663B6A0}.AppStore|Any CPU.ActiveCfg = AppStore|iPhone
		{3DDB78B7-AA3A-4997-ABC4-7CE75663B6A0}.AppStore|ARM.ActiveCfg = AppStore|iPhone
		{3DDB78B7-AA3A-4997-ABC4-7CE75663B6A0}.AppStore|iPhone.ActiveCfg = AppStore|iPhone
		{3DDB78B7-AA3A-4997-ABC4-7CE75663B6A0}.AppStore|iPhone.Build.0 = AppStore|iPhone
		{3DDB78B7-AA3A-4997-ABC4-7CE75663B6A0}.AppStore|iPhoneSimulator.ActiveCfg = AppStore|iPhoneSimulator
		{3DDB78B7-AA3A-4997-ABC4-7CE75663B6A0}.AppStore|iPhoneSimulator.Build.0 = AppStore|iPhoneSimulator
		{3DDB78B7-AA3A-4997-ABC4-7CE75663B6A0}.AppStore|x64.ActiveCfg = AppStore|iPhone
		{3DDB78B7-AA3A-4997-ABC4-7CE75663B6A0}.AppStore|x86.ActiveCfg = AppStore|iPhone
		{3DDB78B7-AA3A-4997-ABC4-7CE75663B6A0}.Debug|Any CPU.ActiveCfg = Debug|iPhone
		{3DDB78B7-AA3A-4997-ABC4-7CE75663B6A0}.Debug|ARM.ActiveCfg = Debug|iPhone
		{3DDB78B7-AA3A-4997-ABC4-7CE75663B6A0}.Debug|iPhone.ActiveCfg = Debug|iPhone
		{3DDB78B7-AA3A-4997-ABC4-7CE75663B6A0}.Debug|iPhone.Build.0 = Debug|iPhone
		{3DDB78B7-AA3A-4997-ABC4-7CE75663B6A0}.Debug|iPhoneSimulator.ActiveCfg = Debug|iPhoneSimulator
		{3DDB78B7-AA3A-4997-ABC4-7CE75663B6A0}.Debug|iPhoneSimulator.Build.0 = Debug|iPhoneSimulator
		{3DDB78B7-AA3A-4997-ABC4-7CE75663B6A0}.Debug|x64.ActiveCfg = Debug|iPhone
		{3DDB78B7-AA3A-4997-ABC4-7CE75663B6A0}.Debug|x86.ActiveCfg = Debug|iPhone
		{3DDB78B7-AA3A-4997-ABC4-7CE75663B6A0}.Release|Any CPU.ActiveCfg = Release|iPhone
		{3DDB78B7-AA3A-4997-ABC4-7CE75663B6A0}.Release|ARM.ActiveCfg = Release|iPhone
		{3DDB78B7-AA3A-4997-ABC4-7CE75663B6A0}.Release|iPhone.ActiveCfg = Release|iPhone
		{3DDB78B7-AA3A-4997-ABC4-7CE75663B6A0}.Release|iPhone.Build.0 = Release|iPhone
		{3DDB78B7-AA3A-4997-ABC4-7CE75663B6A0}.Release|iPhoneSimulator.ActiveCfg = Release|iPhoneSimulator
		{3DDB78B7-AA3A-4997-ABC4-7CE75663B6A0}.Release|iPhoneSimulator.Build.0 = Release|iPhoneSimulator
		{3DDB78B7-AA3A-4997-ABC4-7CE75663B6A0}.Release|x64.ActiveCfg = Release|iPhone
		{3DDB78B7-AA3A-4997-ABC4-7CE75663B6A0}.Release|x86.ActiveCfg = Release|iPhone
		{B504A81C-B79E-4603-B2B6-90064CAA85EF}.Ad-Hoc|Any CPU.ActiveCfg = Release|x86
		{B504A81C-B79E-4603-B2B6-90064CAA85EF}.Ad-Hoc|Any CPU.Build.0 = Release|x86
		{B504A81C-B79E-4603-B2B6-90064CAA85EF}.Ad-Hoc|Any CPU.Deploy.0 = Release|x86
		{B504A81C-B79E-4603-B2B6-90064CAA85EF}.Ad-Hoc|ARM.ActiveCfg = Release|ARM
		{B504A81C-B79E-4603-B2B6-90064CAA85EF}.Ad-Hoc|ARM.Build.0 = Release|ARM
		{B504A81C-B79E-4603-B2B6-90064CAA85EF}.Ad-Hoc|ARM.Deploy.0 = Release|ARM
		{B504A81C-B79E-4603-B2B6-90064CAA85EF}.Ad-Hoc|iPhone.ActiveCfg = Release|x86
		{B504A81C-B79E-4603-B2B6-90064CAA85EF}.Ad-Hoc|iPhone.Build.0 = Release|x86
		{B504A81C-B79E-4603-B2B6-90064CAA85EF}.Ad-Hoc|iPhone.Deploy.0 = Release|x86
		{B504A81C-B79E-4603-B2B6-90064CAA85EF}.Ad-Hoc|iPhoneSimulator.ActiveCfg = Release|x86
		{B504A81C-B79E-4603-B2B6-90064CAA85EF}.Ad-Hoc|iPhoneSimulator.Build.0 = Release|x86
		{B504A81C-B79E-4603-B2B6-90064CAA85EF}.Ad-Hoc|iPhoneSimulator.Deploy.0 = Release|x86
		{B504A81C-B79E-4603-B2B6-90064CAA85EF}.Ad-Hoc|x64.ActiveCfg = Release|x64
		{B504A81C-B79E-4603-B2B6-90064CAA85EF}.Ad-Hoc|x64.Build.0 = Release|x64
		{B504A81C-B79E-4603-B2B6-90064CAA85EF}.Ad-Hoc|x64.Deploy.0 = Release|x64
		{B504A81C-B79E-4603-B2B6-90064CAA85EF}.Ad-Hoc|x86.ActiveCfg = Release|x86
		{B504A81C-B79E-4603-B2B6-90064CAA85EF}.Ad-Hoc|x86.Build.0 = Release|x86
		{B504A81C-B79E-4603-B2B6-90064CAA85EF}.Ad-Hoc|x86.Deploy.0 = Release|x86
		{B504A81C-B79E-4603-B2B6-90064CAA85EF}.AppStore|Any CPU.ActiveCfg = Release|x86
		{B504A81C-B79E-4603-B2B6-90064CAA85EF}.AppStore|Any CPU.Build.0 = Release|x86
		{B504A81C-B79E-4603-B2B6-90064CAA85EF}.AppStore|Any CPU.Deploy.0 = Release|x86
		{B504A81C-B79E-4603-B2B6-90064CAA85EF}.AppStore|ARM.ActiveCfg = Release|ARM
		{B504A81C-B79E-4603-B2B6-90064CAA85EF}.AppStore|ARM.Build.0 = Release|ARM
		{B504A81C-B79E-4603-B2B6-90064CAA85EF}.AppStore|ARM.Deploy.0 = Release|ARM
		{B504A81C-B79E-4603-B2B6-90064CAA85EF}.AppStore|iPhone.ActiveCfg = Release|x86
		{B504A81C-B79E-4603-B2B6-90064CAA85EF}.AppStore|iPhone.Build.0 = Release|x86
		{B504A81C-B79E-4603-B2B6-90064CAA85EF}.AppStore|iPhone.Deploy.0 = Release|x86
		{B504A81C-B79E-4603-B2B6-90064CAA85EF}.AppStore|iPhoneSimulator.ActiveCfg = Release|x86
		{B504A81C-B79E-4603-B2B6-90064CAA85EF}.AppStore|iPhoneSimulator.Build.0 = Release|x86
		{B504A81C-B79E-4603-B2B6-90064CAA85EF}.AppStore|iPhoneSimulator.Deploy.0 = Release|x86
		{B504A81C-B79E-4603-B2B6-90064CAA85EF}.AppStore|x64.ActiveCfg = Release|x64
		{B504A81C-B79E-4603-B2B6-90064CAA85EF}.AppStore|x64.Build.0 = Release|x64
		{B504A81C-B79E-4603-B2B6-90064CAA85EF}.AppStore|x64.Deploy.0 = Release|x64
		{B504A81C-B79E-4603-B2B6-90064CAA85EF}.AppStore|x86.ActiveCfg = Release|x86
		{B504A81C-B79E-4603-B2B6-90064CAA85EF}.AppStore|x86.Build.0 = Release|x86
		{B504A81C-B79E-4603-B2B6-90064CAA85EF}.AppStore|x86.Deploy.0 = Release|x86
		{B504A81C-B79E-4603-B2B6-90064CAA85EF}.Debug|Any CPU.ActiveCfg = Debug|x86
		{B504A81C-B79E-4603-B2B6-90064CAA85EF}.Debug|Any CPU.Deploy.0 = Debug|x86
		{B504A81C-B79E-4603-B2B6-90064CAA85EF}.Debug|ARM.ActiveCfg = Debug|ARM
		{B504A81C-B79E-4603-B2B6-90064CAA85EF}.Debug|ARM.Build.0 = Debug|ARM
		{B504A81C-B79E-4603-B2B6-90064CAA85EF}.Debug|ARM.Deploy.0 = Debug|ARM
		{B504A81C-B79E-4603-B2B6-90064CAA85EF}.Debug|iPhone.ActiveCfg = Debug|x86
		{B504A81C-B79E-4603-B2B6-90064CAA85EF}.Debug|iPhoneSimulator.ActiveCfg = Debug|x86
		{B504A81C-B79E-4603-B2B6-90064CAA85EF}.Debug|x64.ActiveCfg = Debug|x64
		{B504A81C-B79E-4603-B2B6-90064CAA85EF}.Debug|x64.Build.0 = Debug|x64
		{B504A81C-B79E-4603-B2B6-90064CAA85EF}.Debug|x64.Deploy.0 = Debug|x64
		{B504A81C-B79E-4603-B2B6-90064CAA85EF}.Debug|x86.ActiveCfg = Debug|x86
		{B504A81C-B79E-4603-B2B6-90064CAA85EF}.Debug|x86.Build.0 = Debug|x86
		{B504A81C-B79E-4603-B2B6-90064CAA85EF}.Debug|x86.Deploy.0 = Debug|x86
		{B504A81C-B79E-4603-B2B6-90064CAA85EF}.Release|Any CPU.ActiveCfg = Release|x86
		{B504A81C-B79E-4603-B2B6-90064CAA85EF}.Release|ARM.ActiveCfg = Release|ARM
		{B504A81C-B79E-4603-B2B6-90064CAA85EF}.Release|ARM.Build.0 = Release|ARM
		{B504A81C-B79E-4603-B2B6-90064CAA85EF}.Release|ARM.Deploy.0 = Release|ARM
		{B504A81C-B79E-4603-B2B6-90064CAA85EF}.Release|iPhone.ActiveCfg = Release|x86
		{B504A81C-B79E-4603-B2B6-90064CAA85EF}.Release|iPhoneSimulator.ActiveCfg = Release|x86
		{B504A81C-B79E-4603-B2B6-90064CAA85EF}.Release|x64.ActiveCfg = Release|x64
		{B504A81C-B79E-4603-B2B6-90064CAA85EF}.Release|x64.Build.0 = Release|x64
		{B504A81C-B79E-4603-B2B6-90064CAA85EF}.Release|x64.Deploy.0 = Release|x64
		{B504A81C-B79E-4603-B2B6-90064CAA85EF}.Release|x86.ActiveCfg = Release|x86
		{B504A81C-B79E-4603-B2B6-90064CAA85EF}.Release|x86.Build.0 = Release|x86
		{B504A81C-B79E-4603-B2B6-90064CAA85EF}.Release|x86.Deploy.0 = Release|x86
	EndGlobalSection
	GlobalSection(SolutionProperties) = preSolution
		HideSolutionNode = FALSE
	EndGlobalSection
	GlobalSection(NestedProjects) = preSolution
		{67F9D3A8-F71E-4428-913F-C37AE82CDB24} = {200D94FC-CAA8-4DA8-9A8B-8608B264414C}
		{DFE6E850-6FB8-4C19-9A3D-82FE3A93F635} = {200D94FC-CAA8-4DA8-9A8B-8608B264414C}
		{3DDB78B7-AA3A-4997-ABC4-7CE75663B6A0} = {200D94FC-CAA8-4DA8-9A8B-8608B264414C}
		{B504A81C-B79E-4603-B2B6-90064CAA85EF} = {200D94FC-CAA8-4DA8-9A8B-8608B264414C}
	EndGlobalSection
EndGlobal
