
Microsoft Visual Studio Solution File, Format Version 12.00
# Visual Studio 14
VisualStudioVersion = 14.0.25420.1
MinimumVisualStudioVersion = 10.0.40219.1
Project("{FAE04EC0-301F-11D3-BF4B-00C04F79EFBC}") = "CF.RESTClientDotNet.Net4", "CF.RESTClientDotNet.Net4\CF.RESTClientDotNet.Net4.csproj", "{E5D7F282-2DBF-49D3-A05D-E084F54F75C6}"
EndProject
Project("{FAE04EC0-301F-11D3-BF4B-00C04F79EFBC}") = "CF.RESTClientDotNet.UWP", "CF.RESTClientDotNet.UWP\CF.RESTClientDotNet.UWP.csproj", "{F2CF2F5D-557D-40F7-B6B3-25AA0321DD18}"
EndProject
Project("{FAE04EC0-301F-11D3-BF4B-00C04F79EFBC}") = "CF.RESTClientDotNet.Silverlight", "CF.RESTClientDotNet.Silverlight\CF.RESTClientDotNet.Silverlight.csproj", "{F8CBCB49-B031-4086-A339-9BA42BCB8433}"
EndProject
Project("{8BB2217D-0F2D-49D1-97BC-3654ED321F3B}") = "CF.RESTClientDotNet.Core", "CF.RESTClientDotNet.Core\CF.RESTClientDotNet.Core.xproj", "{8171457B-9EA1-4893-985B-F241918F57AF}"
EndProject
Project("{FAE04EC0-301F-11D3-BF4B-00C04F79EFBC}") = "CF.RESTClientDotNet.Net461", "CF.RESTClientDotNet.Net461\CF.RESTClientDotNet.Net461.csproj", "{ECFCBEAA-8A1A-4EE2-9745-45A93975418A}"
EndProject
Global
	GlobalSection(SolutionConfigurationPlatforms) = preSolution
		Debug|Any CPU = Debug|Any CPU
		Debug|ARM = Debug|ARM
		Debug|x64 = Debug|x64
		Debug|x86 = Debug|x86
		Release|Any CPU = Release|Any CPU
		Release|ARM = Release|ARM
		Release|x64 = Release|x64
		Release|x86 = Release|x86
	EndGlobalSection
	GlobalSection(ProjectConfigurationPlatforms) = postSolution
		{E5D7F282-2DBF-49D3-A05D-E084F54F75C6}.Debug|Any CPU.ActiveCfg = Debug|Any CPU
		{E5D7F282-2DBF-49D3-A05D-E084F54F75C6}.Debug|Any CPU.Build.0 = Debug|Any CPU
		{E5D7F282-2DBF-49D3-A05D-E084F54F75C6}.Debug|ARM.ActiveCfg = Debug|Any CPU
		{E5D7F282-2DBF-49D3-A05D-E084F54F75C6}.Debug|ARM.Build.0 = Debug|Any CPU
		{E5D7F282-2DBF-49D3-A05D-E084F54F75C6}.Debug|x64.ActiveCfg = Debug|Any CPU
		{E5D7F282-2DBF-49D3-A05D-E084F54F75C6}.Debug|x64.Build.0 = Debug|Any CPU
		{E5D7F282-2DBF-49D3-A05D-E084F54F75C6}.Debug|x86.ActiveCfg = Debug|Any CPU
		{E5D7F282-2DBF-49D3-A05D-E084F54F75C6}.Debug|x86.Build.0 = Debug|Any CPU
		{E5D7F282-2DBF-49D3-A05D-E084F54F75C6}.Release|Any CPU.ActiveCfg = Release|Any CPU
		{E5D7F282-2DBF-49D3-A05D-E084F54F75C6}.Release|Any CPU.Build.0 = Release|Any CPU
		{E5D7F282-2DBF-49D3-A05D-E084F54F75C6}.Release|ARM.ActiveCfg = Release|Any CPU
		{E5D7F282-2DBF-49D3-A05D-E084F54F75C6}.Release|ARM.Build.0 = Release|Any CPU
		{E5D7F282-2DBF-49D3-A05D-E084F54F75C6}.Release|x64.ActiveCfg = Release|Any CPU
		{E5D7F282-2DBF-49D3-A05D-E084F54F75C6}.Release|x64.Build.0 = Release|Any CPU
		{E5D7F282-2DBF-49D3-A05D-E084F54F75C6}.Release|x86.ActiveCfg = Release|Any CPU
		{E5D7F282-2DBF-49D3-A05D-E084F54F75C6}.Release|x86.Build.0 = Release|Any CPU
		{F2CF2F5D-557D-40F7-B6B3-25AA0321DD18}.Debug|Any CPU.ActiveCfg = Debug|Any CPU
		{F2CF2F5D-557D-40F7-B6B3-25AA0321DD18}.Debug|Any CPU.Build.0 = Debug|Any CPU
		{F2CF2F5D-557D-40F7-B6B3-25AA0321DD18}.Debug|ARM.ActiveCfg = Debug|ARM
		{F2CF2F5D-557D-40F7-B6B3-25AA0321DD18}.Debug|ARM.Build.0 = Debug|ARM
		{F2CF2F5D-557D-40F7-B6B3-25AA0321DD18}.Debug|x64.ActiveCfg = Debug|x64
		{F2CF2F5D-557D-40F7-B6B3-25AA0321DD18}.Debug|x64.Build.0 = Debug|x64
		{F2CF2F5D-557D-40F7-B6B3-25AA0321DD18}.Debug|x86.ActiveCfg = Debug|x86
		{F2CF2F5D-557D-40F7-B6B3-25AA0321DD18}.Debug|x86.Build.0 = Debug|x86
		{F2CF2F5D-557D-40F7-B6B3-25AA0321DD18}.Release|Any CPU.ActiveCfg = Release|Any CPU
		{F2CF2F5D-557D-40F7-B6B3-25AA0321DD18}.Release|Any CPU.Build.0 = Release|Any CPU
		{F2CF2F5D-557D-40F7-B6B3-25AA0321DD18}.Release|ARM.ActiveCfg = Release|ARM
		{F2CF2F5D-557D-40F7-B6B3-25AA0321DD18}.Release|ARM.Build.0 = Release|ARM
		{F2CF2F5D-557D-40F7-B6B3-25AA0321DD18}.Release|x64.ActiveCfg = Release|x64
		{F2CF2F5D-557D-40F7-B6B3-25AA0321DD18}.Release|x64.Build.0 = Release|x64
		{F2CF2F5D-557D-40F7-B6B3-25AA0321DD18}.Release|x86.ActiveCfg = Release|x86
		{F2CF2F5D-557D-40F7-B6B3-25AA0321DD18}.Release|x86.Build.0 = Release|x86
		{F8CBCB49-B031-4086-A339-9BA42BCB8433}.Debug|Any CPU.ActiveCfg = Debug|Any CPU
		{F8CBCB49-B031-4086-A339-9BA42BCB8433}.Debug|Any CPU.Build.0 = Debug|Any CPU
		{F8CBCB49-B031-4086-A339-9BA42BCB8433}.Debug|ARM.ActiveCfg = Debug|Any CPU
		{F8CBCB49-B031-4086-A339-9BA42BCB8433}.Debug|ARM.Build.0 = Debug|Any CPU
		{F8CBCB49-B031-4086-A339-9BA42BCB8433}.Debug|x64.ActiveCfg = Debug|Any CPU
		{F8CBCB49-B031-4086-A339-9BA42BCB8433}.Debug|x64.Build.0 = Debug|Any CPU
		{F8CBCB49-B031-4086-A339-9BA42BCB8433}.Debug|x86.ActiveCfg = Debug|Any CPU
		{F8CBCB49-B031-4086-A339-9BA42BCB8433}.Debug|x86.Build.0 = Debug|Any CPU
		{F8CBCB49-B031-4086-A339-9BA42BCB8433}.Release|Any CPU.ActiveCfg = Release|Any CPU
		{F8CBCB49-B031-4086-A339-9BA42BCB8433}.Release|Any CPU.Build.0 = Release|Any CPU
		{F8CBCB49-B031-4086-A339-9BA42BCB8433}.Release|ARM.ActiveCfg = Release|Any CPU
		{F8CBCB49-B031-4086-A339-9BA42BCB8433}.Release|ARM.Build.0 = Release|Any CPU
		{F8CBCB49-B031-4086-A339-9BA42BCB8433}.Release|x64.ActiveCfg = Release|Any CPU
		{F8CBCB49-B031-4086-A339-9BA42BCB8433}.Release|x64.Build.0 = Release|Any CPU
		{F8CBCB49-B031-4086-A339-9BA42BCB8433}.Release|x86.ActiveCfg = Release|Any CPU
		{F8CBCB49-B031-4086-A339-9BA42BCB8433}.Release|x86.Build.0 = Release|Any CPU
		{8171457B-9EA1-4893-985B-F241918F57AF}.Debug|Any CPU.ActiveCfg = Debug|Any CPU
		{8171457B-9EA1-4893-985B-F241918F57AF}.Debug|Any CPU.Build.0 = Debug|Any CPU
		{8171457B-9EA1-4893-985B-F241918F57AF}.Debug|ARM.ActiveCfg = Debug|Any CPU
		{8171457B-9EA1-4893-985B-F241918F57AF}.Debug|ARM.Build.0 = Debug|Any CPU
		{8171457B-9EA1-4893-985B-F241918F57AF}.Debug|x64.ActiveCfg = Debug|Any CPU
		{8171457B-9EA1-4893-985B-F241918F57AF}.Debug|x64.Build.0 = Debug|Any CPU
		{8171457B-9EA1-4893-985B-F241918F57AF}.Debug|x86.ActiveCfg = Debug|Any CPU
		{8171457B-9EA1-4893-985B-F241918F57AF}.Debug|x86.Build.0 = Debug|Any CPU
		{8171457B-9EA1-4893-985B-F241918F57AF}.Release|Any CPU.ActiveCfg = Release|Any CPU
		{8171457B-9EA1-4893-985B-F241918F57AF}.Release|Any CPU.Build.0 = Release|Any CPU
		{8171457B-9EA1-4893-985B-F241918F57AF}.Release|ARM.ActiveCfg = Release|Any CPU
		{8171457B-9EA1-4893-985B-F241918F57AF}.Release|ARM.Build.0 = Release|Any CPU
		{8171457B-9EA1-4893-985B-F241918F57AF}.Release|x64.ActiveCfg = Release|Any CPU
		{8171457B-9EA1-4893-985B-F241918F57AF}.Release|x64.Build.0 = Release|Any CPU
		{8171457B-9EA1-4893-985B-F241918F57AF}.Release|x86.ActiveCfg = Release|Any CPU
		{8171457B-9EA1-4893-985B-F241918F57AF}.Release|x86.Build.0 = Release|Any CPU
		{ECFCBEAA-8A1A-4EE2-9745-45A93975418A}.Debug|Any CPU.ActiveCfg = Debug|Any CPU
		{ECFCBEAA-8A1A-4EE2-9745-45A93975418A}.Debug|Any CPU.Build.0 = Debug|Any CPU
		{ECFCBEAA-8A1A-4EE2-9745-45A93975418A}.Debug|ARM.ActiveCfg = Debug|Any CPU
		{ECFCBEAA-8A1A-4EE2-9745-45A93975418A}.Debug|ARM.Build.0 = Debug|Any CPU
		{ECFCBEAA-8A1A-4EE2-9745-45A93975418A}.Debug|x64.ActiveCfg = Debug|Any CPU
		{ECFCBEAA-8A1A-4EE2-9745-45A93975418A}.Debug|x64.Build.0 = Debug|Any CPU
		{ECFCBEAA-8A1A-4EE2-9745-45A93975418A}.Debug|x86.ActiveCfg = Debug|Any CPU
		{ECFCBEAA-8A1A-4EE2-9745-45A93975418A}.Debug|x86.Build.0 = Debug|Any CPU
		{ECFCBEAA-8A1A-4EE2-9745-45A93975418A}.Release|Any CPU.ActiveCfg = Release|Any CPU
		{ECFCBEAA-8A1A-4EE2-9745-45A93975418A}.Release|Any CPU.Build.0 = Release|Any CPU
		{ECFCBEAA-8A1A-4EE2-9745-45A93975418A}.Release|ARM.ActiveCfg = Release|Any CPU
		{ECFCBEAA-8A1A-4EE2-9745-45A93975418A}.Release|ARM.Build.0 = Release|Any CPU
		{ECFCBEAA-8A1A-4EE2-9745-45A93975418A}.Release|x64.ActiveCfg = Release|Any CPU
		{ECFCBEAA-8A1A-4EE2-9745-45A93975418A}.Release|x64.Build.0 = Release|Any CPU
		{ECFCBEAA-8A1A-4EE2-9745-45A93975418A}.Release|x86.ActiveCfg = Release|Any CPU
		{ECFCBEAA-8A1A-4EE2-9745-45A93975418A}.Release|x86.Build.0 = Release|Any CPU
	EndGlobalSection
	GlobalSection(SolutionProperties) = preSolution
		HideSolutionNode = FALSE
	EndGlobalSection
EndGlobal
