
Microsoft Visual Studio Solution File, Format Version 12.00
# Visual Studio Version 16
VisualStudioVersion = 16.0.29411.108
MinimumVisualStudioVersion = 10.0.40219.1
Project("{9A19103F-16F7-4668-BE54-9A1E7A4F7556}") = "RestClient.Net.Samples.Uno.Wasm", "RestClient.Net.Samples.Uno\RestClient.Net.Samples.Uno.Wasm\RestClient.Net.Samples.Uno.Wasm.csproj", "{4B455895-DEEB-4A2A-8633-ABDC9BF3E360}"
EndProject
Project("{FAE04EC0-301F-11D3-BF4B-00C04F79EFBC}") = "RestClient.Net.Samples.Android", "RestClient.Net.Samples\RestClient.NET.Samples.Android\RestClient.Net.Samples.Android.csproj", "{486A4D3C-53FE-49D9-B061-A9E34D7F654C}"
EndProject
Project("{FAE04EC0-301F-11D3-BF4B-00C04F79EFBC}") = "RestClient.Net.Samples.iOS", "RestClient.Net.Samples\RestClient.NET.Samples.iOS\RestClient.Net.Samples.iOS.csproj", "{B50E502A-8DBC-46E2-AE1F-092F126DE838}"
EndProject
Project("{9A19103F-16F7-4668-BE54-9A1E7A4F7556}") = "RestClient.Net.Samples", "RestClient.Net.Samples\RestClient.NET.Samples\RestClient.Net.Samples.csproj", "{DC1496A6-1F14-468A-BCE6-3634B82B77F1}"
EndProject
Project("{FAE04EC0-301F-11D3-BF4B-00C04F79EFBC}") = "RestClient.Net", "RestClient.Net\RestClient.Net.csproj", "{FD9972B1-15EC-4D67-B50B-6DB0EFB255C2}"
EndProject
Project("{9A19103F-16F7-4668-BE54-9A1E7A4F7556}") = "RestClient.Net.CoreSample", "RestClient.Net.Samples\RESTClient.NET.CoreSample\RestClient.Net.CoreSample.csproj", "{E0A1ADD2-AA1D-4024-9443-60334BF385C0}"
EndProject
Project("{D954291E-2A0B-460D-934E-DC6B0785DB48}") = "RestClient.Net.Samples.Uno.Shared", "RestClient.Net.Samples.Uno\RestClient.Net.Samples.Uno.Shared\RestClient.Net.Samples.Uno.Shared.shproj", "{6279C845-92F8-4333-AB99-3D213163593C}"
EndProject
Project("{FAE04EC0-301F-11D3-BF4B-00C04F79EFBC}") = "RestClient.Net.Samples.Uno.UWP", "RestClient.Net.Samples.Uno\RestClient.Net.Samples.Uno.UWP\RestClient.Net.Samples.Uno.UWP.csproj", "{242EC010-6289-4B5A-A064-4F167044760B}"
EndProject
Project("{9A19103F-16F7-4668-BE54-9A1E7A4F7556}") = "ApiExamples", "ApiExamples\ApiExamples.csproj", "{31C4E6F9-4608-4A6F-8445-10F823FEFBAA}"
EndProject
Project("{9A19103F-16F7-4668-BE54-9A1E7A4F7556}") = "ApiExamples.Model", "ApiExamples.Model\ApiExamples.Model.csproj", "{1E8BA999-A416-425C-8703-C3589F0055F9}"
EndProject
Project("{2150E333-8FDC-42A3-9474-1A3956D46DE8}") = "Web Services", "Web Services", "{C2EAC2D8-55B7-4470-8BF6-B79DC9120AE3}"
EndProject
Project("{2150E333-8FDC-42A3-9474-1A3956D46DE8}") = "Xamarin", "Xamarin", "{3B9AC82A-1A12-4D42-B96C-6B7B1B2A0FAB}"
EndProject
Project("{2150E333-8FDC-42A3-9474-1A3956D46DE8}") = "Uno", "Uno", "{4EBA9AA3-290B-4961-B3ED-EF94DA7878CB}"
EndProject
Project("{2150E333-8FDC-42A3-9474-1A3956D46DE8}") = "Console", "Console", "{F491480F-C21A-4F46-9B41-05F1A1883ED9}"
EndProject
Project("{9A19103F-16F7-4668-BE54-9A1E7A4F7556}") = "RestClient.Net.UnitTests", "RestClient.Net.UnitTests\RestClient.Net.UnitTests.csproj", "{5B667DB1-E6B2-4565-8DC3-6B684F081D45}"
EndProject
Project("{FAE04EC0-301F-11D3-BF4B-00C04F79EFBC}") = "RestClient.Net.Samples.UWP", "RestClient.Net.Samples\RestClient.Net.Samples.UWP\RestClient.Net.Samples.UWP.csproj", "{4CA1E1F8-43BF-4EC8-8E47-7D066616D5A6}"
EndProject
Project("{FAE04EC0-301F-11D3-BF4B-00C04F79EFBC}") = "RestClient.Net.Abstractions", "RestClient.Net.Abstractions\RestClient.Net.Abstractions.csproj", "{7E74647F-462A-431C-9E66-83267A30D16E}"
EndProject
Global
	GlobalSection(SharedMSBuildProjectFiles) = preSolution
		RestClient.Net.Samples.Uno\RestClient.Net.Samples.Uno.Shared\RestClient.Net.Samples.Uno.Shared.projitems*{242ec010-6289-4b5a-a064-4f167044760b}*SharedItemsImports = 4
		RestClient.Net.Samples.Uno\RestClient.Net.Samples.Uno.Shared\RestClient.Net.Samples.Uno.Shared.projitems*{6279c845-92f8-4333-ab99-3d213163593c}*SharedItemsImports = 13
	EndGlobalSection
	GlobalSection(SolutionConfigurationPlatforms) = preSolution
		Ad-Hoc|Any CPU = Ad-Hoc|Any CPU
		Ad-Hoc|ARM = Ad-Hoc|ARM
		Ad-Hoc|iPhone = Ad-Hoc|iPhone
		Ad-Hoc|iPhoneSimulator = Ad-Hoc|iPhoneSimulator
		Ad-Hoc|x64 = Ad-Hoc|x64
		Ad-Hoc|x86 = Ad-Hoc|x86
		AppStore|Any CPU = AppStore|Any CPU
		AppStore|ARM = AppStore|ARM
		AppStore|iPhone = AppStore|iPhone
		AppStore|iPhoneSimulator = AppStore|iPhoneSimulator
		AppStore|x64 = AppStore|x64
		AppStore|x86 = AppStore|x86
		Debug|Any CPU = Debug|Any CPU
		Debug|ARM = Debug|ARM
		Debug|iPhone = Debug|iPhone
		Debug|iPhoneSimulator = Debug|iPhoneSimulator
		Debug|x64 = Debug|x64
		Debug|x86 = Debug|x86
		Release|Any CPU = Release|Any CPU
		Release|ARM = Release|ARM
		Release|iPhone = Release|iPhone
		Release|iPhoneSimulator = Release|iPhoneSimulator
		Release|x64 = Release|x64
		Release|x86 = Release|x86
	EndGlobalSection
	GlobalSection(ProjectConfigurationPlatforms) = postSolution
		{4B455895-DEEB-4A2A-8633-ABDC9BF3E360}.Ad-Hoc|Any CPU.ActiveCfg = Debug|Any CPU
		{4B455895-DEEB-4A2A-8633-ABDC9BF3E360}.Ad-Hoc|Any CPU.Build.0 = Debug|Any CPU
		{4B455895-DEEB-4A2A-8633-ABDC9BF3E360}.Ad-Hoc|ARM.ActiveCfg = Debug|Any CPU
		{4B455895-DEEB-4A2A-8633-ABDC9BF3E360}.Ad-Hoc|ARM.Build.0 = Debug|Any CPU
		{4B455895-DEEB-4A2A-8633-ABDC9BF3E360}.Ad-Hoc|iPhone.ActiveCfg = Debug|Any CPU
		{4B455895-DEEB-4A2A-8633-ABDC9BF3E360}.Ad-Hoc|iPhone.Build.0 = Debug|Any CPU
		{4B455895-DEEB-4A2A-8633-ABDC9BF3E360}.Ad-Hoc|iPhoneSimulator.ActiveCfg = Debug|Any CPU
		{4B455895-DEEB-4A2A-8633-ABDC9BF3E360}.Ad-Hoc|iPhoneSimulator.Build.0 = Debug|Any CPU
		{4B455895-DEEB-4A2A-8633-ABDC9BF3E360}.Ad-Hoc|x64.ActiveCfg = Debug|Any CPU
		{4B455895-DEEB-4A2A-8633-ABDC9BF3E360}.Ad-Hoc|x64.Build.0 = Debug|Any CPU
		{4B455895-DEEB-4A2A-8633-ABDC9BF3E360}.Ad-Hoc|x86.ActiveCfg = Debug|Any CPU
		{4B455895-DEEB-4A2A-8633-ABDC9BF3E360}.Ad-Hoc|x86.Build.0 = Debug|Any CPU
		{4B455895-DEEB-4A2A-8633-ABDC9BF3E360}.AppStore|Any CPU.ActiveCfg = Debug|Any CPU
		{4B455895-DEEB-4A2A-8633-ABDC9BF3E360}.AppStore|Any CPU.Build.0 = Debug|Any CPU
		{4B455895-DEEB-4A2A-8633-ABDC9BF3E360}.AppStore|ARM.ActiveCfg = Debug|Any CPU
		{4B455895-DEEB-4A2A-8633-ABDC9BF3E360}.AppStore|ARM.Build.0 = Debug|Any CPU
		{4B455895-DEEB-4A2A-8633-ABDC9BF3E360}.AppStore|iPhone.ActiveCfg = Debug|Any CPU
		{4B455895-DEEB-4A2A-8633-ABDC9BF3E360}.AppStore|iPhone.Build.0 = Debug|Any CPU
		{4B455895-DEEB-4A2A-8633-ABDC9BF3E360}.AppStore|iPhoneSimulator.ActiveCfg = Debug|Any CPU
		{4B455895-DEEB-4A2A-8633-ABDC9BF3E360}.AppStore|iPhoneSimulator.Build.0 = Debug|Any CPU
		{4B455895-DEEB-4A2A-8633-ABDC9BF3E360}.AppStore|x64.ActiveCfg = Debug|Any CPU
		{4B455895-DEEB-4A2A-8633-ABDC9BF3E360}.AppStore|x64.Build.0 = Debug|Any CPU
		{4B455895-DEEB-4A2A-8633-ABDC9BF3E360}.AppStore|x86.ActiveCfg = Debug|Any CPU
		{4B455895-DEEB-4A2A-8633-ABDC9BF3E360}.AppStore|x86.Build.0 = Debug|Any CPU
		{4B455895-DEEB-4A2A-8633-ABDC9BF3E360}.Debug|Any CPU.ActiveCfg = Debug|Any CPU
		{4B455895-DEEB-4A2A-8633-ABDC9BF3E360}.Debug|Any CPU.Build.0 = Debug|Any CPU
		{4B455895-DEEB-4A2A-8633-ABDC9BF3E360}.Debug|ARM.ActiveCfg = Debug|Any CPU
		{4B455895-DEEB-4A2A-8633-ABDC9BF3E360}.Debug|ARM.Build.0 = Debug|Any CPU
		{4B455895-DEEB-4A2A-8633-ABDC9BF3E360}.Debug|iPhone.ActiveCfg = Debug|Any CPU
		{4B455895-DEEB-4A2A-8633-ABDC9BF3E360}.Debug|iPhone.Build.0 = Debug|Any CPU
		{4B455895-DEEB-4A2A-8633-ABDC9BF3E360}.Debug|iPhoneSimulator.ActiveCfg = Debug|Any CPU
		{4B455895-DEEB-4A2A-8633-ABDC9BF3E360}.Debug|iPhoneSimulator.Build.0 = Debug|Any CPU
		{4B455895-DEEB-4A2A-8633-ABDC9BF3E360}.Debug|x64.ActiveCfg = Debug|Any CPU
		{4B455895-DEEB-4A2A-8633-ABDC9BF3E360}.Debug|x64.Build.0 = Debug|Any CPU
		{4B455895-DEEB-4A2A-8633-ABDC9BF3E360}.Debug|x86.ActiveCfg = Debug|Any CPU
		{4B455895-DEEB-4A2A-8633-ABDC9BF3E360}.Debug|x86.Build.0 = Debug|Any CPU
		{4B455895-DEEB-4A2A-8633-ABDC9BF3E360}.Release|Any CPU.ActiveCfg = Release|Any CPU
		{4B455895-DEEB-4A2A-8633-ABDC9BF3E360}.Release|Any CPU.Build.0 = Release|Any CPU
		{4B455895-DEEB-4A2A-8633-ABDC9BF3E360}.Release|ARM.ActiveCfg = Release|Any CPU
		{4B455895-DEEB-4A2A-8633-ABDC9BF3E360}.Release|ARM.Build.0 = Release|Any CPU
		{4B455895-DEEB-4A2A-8633-ABDC9BF3E360}.Release|iPhone.ActiveCfg = Release|Any CPU
		{4B455895-DEEB-4A2A-8633-ABDC9BF3E360}.Release|iPhone.Build.0 = Release|Any CPU
		{4B455895-DEEB-4A2A-8633-ABDC9BF3E360}.Release|iPhoneSimulator.ActiveCfg = Release|Any CPU
		{4B455895-DEEB-4A2A-8633-ABDC9BF3E360}.Release|iPhoneSimulator.Build.0 = Release|Any CPU
		{4B455895-DEEB-4A2A-8633-ABDC9BF3E360}.Release|x64.ActiveCfg = Release|Any CPU
		{4B455895-DEEB-4A2A-8633-ABDC9BF3E360}.Release|x64.Build.0 = Release|Any CPU
		{4B455895-DEEB-4A2A-8633-ABDC9BF3E360}.Release|x86.ActiveCfg = Release|Any CPU
		{4B455895-DEEB-4A2A-8633-ABDC9BF3E360}.Release|x86.Build.0 = Release|Any CPU
		{486A4D3C-53FE-49D9-B061-A9E34D7F654C}.Ad-Hoc|Any CPU.ActiveCfg = Release|Any CPU
		{486A4D3C-53FE-49D9-B061-A9E34D7F654C}.Ad-Hoc|Any CPU.Build.0 = Release|Any CPU
		{486A4D3C-53FE-49D9-B061-A9E34D7F654C}.Ad-Hoc|Any CPU.Deploy.0 = Release|Any CPU
		{486A4D3C-53FE-49D9-B061-A9E34D7F654C}.Ad-Hoc|ARM.ActiveCfg = Release|Any CPU
		{486A4D3C-53FE-49D9-B061-A9E34D7F654C}.Ad-Hoc|ARM.Build.0 = Release|Any CPU
		{486A4D3C-53FE-49D9-B061-A9E34D7F654C}.Ad-Hoc|ARM.Deploy.0 = Release|Any CPU
		{486A4D3C-53FE-49D9-B061-A9E34D7F654C}.Ad-Hoc|iPhone.ActiveCfg = Release|Any CPU
		{486A4D3C-53FE-49D9-B061-A9E34D7F654C}.Ad-Hoc|iPhone.Build.0 = Release|Any CPU
		{486A4D3C-53FE-49D9-B061-A9E34D7F654C}.Ad-Hoc|iPhone.Deploy.0 = Release|Any CPU
		{486A4D3C-53FE-49D9-B061-A9E34D7F654C}.Ad-Hoc|iPhoneSimulator.ActiveCfg = Release|Any CPU
		{486A4D3C-53FE-49D9-B061-A9E34D7F654C}.Ad-Hoc|iPhoneSimulator.Build.0 = Release|Any CPU
		{486A4D3C-53FE-49D9-B061-A9E34D7F654C}.Ad-Hoc|iPhoneSimulator.Deploy.0 = Release|Any CPU
		{486A4D3C-53FE-49D9-B061-A9E34D7F654C}.Ad-Hoc|x64.ActiveCfg = Release|Any CPU
		{486A4D3C-53FE-49D9-B061-A9E34D7F654C}.Ad-Hoc|x64.Build.0 = Release|Any CPU
		{486A4D3C-53FE-49D9-B061-A9E34D7F654C}.Ad-Hoc|x64.Deploy.0 = Release|Any CPU
		{486A4D3C-53FE-49D9-B061-A9E34D7F654C}.Ad-Hoc|x86.ActiveCfg = Release|Any CPU
		{486A4D3C-53FE-49D9-B061-A9E34D7F654C}.Ad-Hoc|x86.Build.0 = Release|Any CPU
		{486A4D3C-53FE-49D9-B061-A9E34D7F654C}.Ad-Hoc|x86.Deploy.0 = Release|Any CPU
		{486A4D3C-53FE-49D9-B061-A9E34D7F654C}.AppStore|Any CPU.ActiveCfg = Release|Any CPU
		{486A4D3C-53FE-49D9-B061-A9E34D7F654C}.AppStore|Any CPU.Build.0 = Release|Any CPU
		{486A4D3C-53FE-49D9-B061-A9E34D7F654C}.AppStore|Any CPU.Deploy.0 = Release|Any CPU
		{486A4D3C-53FE-49D9-B061-A9E34D7F654C}.AppStore|ARM.ActiveCfg = Release|Any CPU
		{486A4D3C-53FE-49D9-B061-A9E34D7F654C}.AppStore|ARM.Build.0 = Release|Any CPU
		{486A4D3C-53FE-49D9-B061-A9E34D7F654C}.AppStore|ARM.Deploy.0 = Release|Any CPU
		{486A4D3C-53FE-49D9-B061-A9E34D7F654C}.AppStore|iPhone.ActiveCfg = Release|Any CPU
		{486A4D3C-53FE-49D9-B061-A9E34D7F654C}.AppStore|iPhone.Build.0 = Release|Any CPU
		{486A4D3C-53FE-49D9-B061-A9E34D7F654C}.AppStore|iPhone.Deploy.0 = Release|Any CPU
		{486A4D3C-53FE-49D9-B061-A9E34D7F654C}.AppStore|iPhoneSimulator.ActiveCfg = Release|Any CPU
		{486A4D3C-53FE-49D9-B061-A9E34D7F654C}.AppStore|iPhoneSimulator.Build.0 = Release|Any CPU
		{486A4D3C-53FE-49D9-B061-A9E34D7F654C}.AppStore|iPhoneSimulator.Deploy.0 = Release|Any CPU
		{486A4D3C-53FE-49D9-B061-A9E34D7F654C}.AppStore|x64.ActiveCfg = Release|Any CPU
		{486A4D3C-53FE-49D9-B061-A9E34D7F654C}.AppStore|x64.Build.0 = Release|Any CPU
		{486A4D3C-53FE-49D9-B061-A9E34D7F654C}.AppStore|x64.Deploy.0 = Release|Any CPU
		{486A4D3C-53FE-49D9-B061-A9E34D7F654C}.AppStore|x86.ActiveCfg = Release|Any CPU
		{486A4D3C-53FE-49D9-B061-A9E34D7F654C}.AppStore|x86.Build.0 = Release|Any CPU
		{486A4D3C-53FE-49D9-B061-A9E34D7F654C}.AppStore|x86.Deploy.0 = Release|Any CPU
		{486A4D3C-53FE-49D9-B061-A9E34D7F654C}.Debug|Any CPU.ActiveCfg = Debug|Any CPU
		{486A4D3C-53FE-49D9-B061-A9E34D7F654C}.Debug|Any CPU.Build.0 = Debug|Any CPU
		{486A4D3C-53FE-49D9-B061-A9E34D7F654C}.Debug|Any CPU.Deploy.0 = Debug|Any CPU
		{486A4D3C-53FE-49D9-B061-A9E34D7F654C}.Debug|ARM.ActiveCfg = Debug|Any CPU
		{486A4D3C-53FE-49D9-B061-A9E34D7F654C}.Debug|ARM.Build.0 = Debug|Any CPU
		{486A4D3C-53FE-49D9-B061-A9E34D7F654C}.Debug|ARM.Deploy.0 = Debug|Any CPU
		{486A4D3C-53FE-49D9-B061-A9E34D7F654C}.Debug|iPhone.ActiveCfg = Debug|Any CPU
		{486A4D3C-53FE-49D9-B061-A9E34D7F654C}.Debug|iPhone.Build.0 = Debug|Any CPU
		{486A4D3C-53FE-49D9-B061-A9E34D7F654C}.Debug|iPhone.Deploy.0 = Debug|Any CPU
		{486A4D3C-53FE-49D9-B061-A9E34D7F654C}.Debug|iPhoneSimulator.ActiveCfg = Debug|Any CPU
		{486A4D3C-53FE-49D9-B061-A9E34D7F654C}.Debug|iPhoneSimulator.Build.0 = Debug|Any CPU
		{486A4D3C-53FE-49D9-B061-A9E34D7F654C}.Debug|iPhoneSimulator.Deploy.0 = Debug|Any CPU
		{486A4D3C-53FE-49D9-B061-A9E34D7F654C}.Debug|x64.ActiveCfg = Debug|Any CPU
		{486A4D3C-53FE-49D9-B061-A9E34D7F654C}.Debug|x64.Build.0 = Debug|Any CPU
		{486A4D3C-53FE-49D9-B061-A9E34D7F654C}.Debug|x64.Deploy.0 = Debug|Any CPU
		{486A4D3C-53FE-49D9-B061-A9E34D7F654C}.Debug|x86.ActiveCfg = Debug|Any CPU
		{486A4D3C-53FE-49D9-B061-A9E34D7F654C}.Debug|x86.Build.0 = Debug|Any CPU
		{486A4D3C-53FE-49D9-B061-A9E34D7F654C}.Debug|x86.Deploy.0 = Debug|Any CPU
		{486A4D3C-53FE-49D9-B061-A9E34D7F654C}.Release|Any CPU.ActiveCfg = Release|Any CPU
		{486A4D3C-53FE-49D9-B061-A9E34D7F654C}.Release|Any CPU.Build.0 = Release|Any CPU
		{486A4D3C-53FE-49D9-B061-A9E34D7F654C}.Release|Any CPU.Deploy.0 = Release|Any CPU
		{486A4D3C-53FE-49D9-B061-A9E34D7F654C}.Release|ARM.ActiveCfg = Release|Any CPU
		{486A4D3C-53FE-49D9-B061-A9E34D7F654C}.Release|ARM.Build.0 = Release|Any CPU
		{486A4D3C-53FE-49D9-B061-A9E34D7F654C}.Release|ARM.Deploy.0 = Release|Any CPU
		{486A4D3C-53FE-49D9-B061-A9E34D7F654C}.Release|iPhone.ActiveCfg = Release|Any CPU
		{486A4D3C-53FE-49D9-B061-A9E34D7F654C}.Release|iPhone.Build.0 = Release|Any CPU
		{486A4D3C-53FE-49D9-B061-A9E34D7F654C}.Release|iPhone.Deploy.0 = Release|Any CPU
		{486A4D3C-53FE-49D9-B061-A9E34D7F654C}.Release|iPhoneSimulator.ActiveCfg = Release|Any CPU
		{486A4D3C-53FE-49D9-B061-A9E34D7F654C}.Release|iPhoneSimulator.Build.0 = Release|Any CPU
		{486A4D3C-53FE-49D9-B061-A9E34D7F654C}.Release|iPhoneSimulator.Deploy.0 = Release|Any CPU
		{486A4D3C-53FE-49D9-B061-A9E34D7F654C}.Release|x64.ActiveCfg = Release|Any CPU
		{486A4D3C-53FE-49D9-B061-A9E34D7F654C}.Release|x64.Build.0 = Release|Any CPU
		{486A4D3C-53FE-49D9-B061-A9E34D7F654C}.Release|x64.Deploy.0 = Release|Any CPU
		{486A4D3C-53FE-49D9-B061-A9E34D7F654C}.Release|x86.ActiveCfg = Release|Any CPU
		{486A4D3C-53FE-49D9-B061-A9E34D7F654C}.Release|x86.Build.0 = Release|Any CPU
		{486A4D3C-53FE-49D9-B061-A9E34D7F654C}.Release|x86.Deploy.0 = Release|Any CPU
		{B50E502A-8DBC-46E2-AE1F-092F126DE838}.Ad-Hoc|Any CPU.ActiveCfg = Ad-Hoc|iPhone
		{B50E502A-8DBC-46E2-AE1F-092F126DE838}.Ad-Hoc|ARM.ActiveCfg = Ad-Hoc|iPhone
		{B50E502A-8DBC-46E2-AE1F-092F126DE838}.Ad-Hoc|iPhone.ActiveCfg = Ad-Hoc|iPhone
		{B50E502A-8DBC-46E2-AE1F-092F126DE838}.Ad-Hoc|iPhone.Build.0 = Ad-Hoc|iPhone
		{B50E502A-8DBC-46E2-AE1F-092F126DE838}.Ad-Hoc|iPhoneSimulator.ActiveCfg = Ad-Hoc|iPhoneSimulator
		{B50E502A-8DBC-46E2-AE1F-092F126DE838}.Ad-Hoc|iPhoneSimulator.Build.0 = Ad-Hoc|iPhoneSimulator
		{B50E502A-8DBC-46E2-AE1F-092F126DE838}.Ad-Hoc|x64.ActiveCfg = Ad-Hoc|iPhone
		{B50E502A-8DBC-46E2-AE1F-092F126DE838}.Ad-Hoc|x86.ActiveCfg = Ad-Hoc|iPhone
		{B50E502A-8DBC-46E2-AE1F-092F126DE838}.AppStore|Any CPU.ActiveCfg = AppStore|iPhone
		{B50E502A-8DBC-46E2-AE1F-092F126DE838}.AppStore|ARM.ActiveCfg = AppStore|iPhone
		{B50E502A-8DBC-46E2-AE1F-092F126DE838}.AppStore|iPhone.ActiveCfg = AppStore|iPhone
		{B50E502A-8DBC-46E2-AE1F-092F126DE838}.AppStore|iPhone.Build.0 = AppStore|iPhone
		{B50E502A-8DBC-46E2-AE1F-092F126DE838}.AppStore|iPhoneSimulator.ActiveCfg = AppStore|iPhoneSimulator
		{B50E502A-8DBC-46E2-AE1F-092F126DE838}.AppStore|iPhoneSimulator.Build.0 = AppStore|iPhoneSimulator
		{B50E502A-8DBC-46E2-AE1F-092F126DE838}.AppStore|x64.ActiveCfg = AppStore|iPhone
		{B50E502A-8DBC-46E2-AE1F-092F126DE838}.AppStore|x86.ActiveCfg = AppStore|iPhone
		{B50E502A-8DBC-46E2-AE1F-092F126DE838}.Debug|Any CPU.ActiveCfg = Debug|iPhone
		{B50E502A-8DBC-46E2-AE1F-092F126DE838}.Debug|ARM.ActiveCfg = Debug|iPhone
		{B50E502A-8DBC-46E2-AE1F-092F126DE838}.Debug|iPhone.ActiveCfg = Debug|iPhone
		{B50E502A-8DBC-46E2-AE1F-092F126DE838}.Debug|iPhone.Build.0 = Debug|iPhone
		{B50E502A-8DBC-46E2-AE1F-092F126DE838}.Debug|iPhoneSimulator.ActiveCfg = Debug|iPhoneSimulator
		{B50E502A-8DBC-46E2-AE1F-092F126DE838}.Debug|iPhoneSimulator.Build.0 = Debug|iPhoneSimulator
		{B50E502A-8DBC-46E2-AE1F-092F126DE838}.Debug|x64.ActiveCfg = Debug|iPhone
		{B50E502A-8DBC-46E2-AE1F-092F126DE838}.Debug|x86.ActiveCfg = Debug|iPhone
		{B50E502A-8DBC-46E2-AE1F-092F126DE838}.Release|Any CPU.ActiveCfg = Release|iPhone
		{B50E502A-8DBC-46E2-AE1F-092F126DE838}.Release|ARM.ActiveCfg = Release|iPhone
		{B50E502A-8DBC-46E2-AE1F-092F126DE838}.Release|iPhone.ActiveCfg = Release|iPhone
		{B50E502A-8DBC-46E2-AE1F-092F126DE838}.Release|iPhone.Build.0 = Release|iPhone
		{B50E502A-8DBC-46E2-AE1F-092F126DE838}.Release|iPhoneSimulator.ActiveCfg = Release|iPhoneSimulator
		{B50E502A-8DBC-46E2-AE1F-092F126DE838}.Release|iPhoneSimulator.Build.0 = Release|iPhoneSimulator
		{B50E502A-8DBC-46E2-AE1F-092F126DE838}.Release|x64.ActiveCfg = Release|iPhone
		{B50E502A-8DBC-46E2-AE1F-092F126DE838}.Release|x86.ActiveCfg = Release|iPhone
		{DC1496A6-1F14-468A-BCE6-3634B82B77F1}.Ad-Hoc|Any CPU.ActiveCfg = Debug|Any CPU
		{DC1496A6-1F14-468A-BCE6-3634B82B77F1}.Ad-Hoc|Any CPU.Build.0 = Debug|Any CPU
		{DC1496A6-1F14-468A-BCE6-3634B82B77F1}.Ad-Hoc|ARM.ActiveCfg = Debug|Any CPU
		{DC1496A6-1F14-468A-BCE6-3634B82B77F1}.Ad-Hoc|ARM.Build.0 = Debug|Any CPU
		{DC1496A6-1F14-468A-BCE6-3634B82B77F1}.Ad-Hoc|iPhone.ActiveCfg = Debug|Any CPU
		{DC1496A6-1F14-468A-BCE6-3634B82B77F1}.Ad-Hoc|iPhone.Build.0 = Debug|Any CPU
		{DC1496A6-1F14-468A-BCE6-3634B82B77F1}.Ad-Hoc|iPhoneSimulator.ActiveCfg = Debug|Any CPU
		{DC1496A6-1F14-468A-BCE6-3634B82B77F1}.Ad-Hoc|iPhoneSimulator.Build.0 = Debug|Any CPU
		{DC1496A6-1F14-468A-BCE6-3634B82B77F1}.Ad-Hoc|x64.ActiveCfg = Debug|Any CPU
		{DC1496A6-1F14-468A-BCE6-3634B82B77F1}.Ad-Hoc|x64.Build.0 = Debug|Any CPU
		{DC1496A6-1F14-468A-BCE6-3634B82B77F1}.Ad-Hoc|x86.ActiveCfg = Debug|Any CPU
		{DC1496A6-1F14-468A-BCE6-3634B82B77F1}.Ad-Hoc|x86.Build.0 = Debug|Any CPU
		{DC1496A6-1F14-468A-BCE6-3634B82B77F1}.AppStore|Any CPU.ActiveCfg = Debug|Any CPU
		{DC1496A6-1F14-468A-BCE6-3634B82B77F1}.AppStore|Any CPU.Build.0 = Debug|Any CPU
		{DC1496A6-1F14-468A-BCE6-3634B82B77F1}.AppStore|ARM.ActiveCfg = Debug|Any CPU
		{DC1496A6-1F14-468A-BCE6-3634B82B77F1}.AppStore|ARM.Build.0 = Debug|Any CPU
		{DC1496A6-1F14-468A-BCE6-3634B82B77F1}.AppStore|iPhone.ActiveCfg = Debug|Any CPU
		{DC1496A6-1F14-468A-BCE6-3634B82B77F1}.AppStore|iPhone.Build.0 = Debug|Any CPU
		{DC1496A6-1F14-468A-BCE6-3634B82B77F1}.AppStore|iPhoneSimulator.ActiveCfg = Debug|Any CPU
		{DC1496A6-1F14-468A-BCE6-3634B82B77F1}.AppStore|iPhoneSimulator.Build.0 = Debug|Any CPU
		{DC1496A6-1F14-468A-BCE6-3634B82B77F1}.AppStore|x64.ActiveCfg = Debug|Any CPU
		{DC1496A6-1F14-468A-BCE6-3634B82B77F1}.AppStore|x64.Build.0 = Debug|Any CPU
		{DC1496A6-1F14-468A-BCE6-3634B82B77F1}.AppStore|x86.ActiveCfg = Debug|Any CPU
		{DC1496A6-1F14-468A-BCE6-3634B82B77F1}.AppStore|x86.Build.0 = Debug|Any CPU
		{DC1496A6-1F14-468A-BCE6-3634B82B77F1}.Debug|Any CPU.ActiveCfg = Debug|Any CPU
		{DC1496A6-1F14-468A-BCE6-3634B82B77F1}.Debug|Any CPU.Build.0 = Debug|Any CPU
		{DC1496A6-1F14-468A-BCE6-3634B82B77F1}.Debug|ARM.ActiveCfg = Debug|Any CPU
		{DC1496A6-1F14-468A-BCE6-3634B82B77F1}.Debug|ARM.Build.0 = Debug|Any CPU
		{DC1496A6-1F14-468A-BCE6-3634B82B77F1}.Debug|iPhone.ActiveCfg = Debug|Any CPU
		{DC1496A6-1F14-468A-BCE6-3634B82B77F1}.Debug|iPhone.Build.0 = Debug|Any CPU
		{DC1496A6-1F14-468A-BCE6-3634B82B77F1}.Debug|iPhoneSimulator.ActiveCfg = Debug|Any CPU
		{DC1496A6-1F14-468A-BCE6-3634B82B77F1}.Debug|iPhoneSimulator.Build.0 = Debug|Any CPU
		{DC1496A6-1F14-468A-BCE6-3634B82B77F1}.Debug|x64.ActiveCfg = Debug|Any CPU
		{DC1496A6-1F14-468A-BCE6-3634B82B77F1}.Debug|x64.Build.0 = Debug|Any CPU
		{DC1496A6-1F14-468A-BCE6-3634B82B77F1}.Debug|x86.ActiveCfg = Debug|Any CPU
		{DC1496A6-1F14-468A-BCE6-3634B82B77F1}.Debug|x86.Build.0 = Debug|Any CPU
		{DC1496A6-1F14-468A-BCE6-3634B82B77F1}.Release|Any CPU.ActiveCfg = Release|Any CPU
		{DC1496A6-1F14-468A-BCE6-3634B82B77F1}.Release|Any CPU.Build.0 = Release|Any CPU
		{DC1496A6-1F14-468A-BCE6-3634B82B77F1}.Release|ARM.ActiveCfg = Release|Any CPU
		{DC1496A6-1F14-468A-BCE6-3634B82B77F1}.Release|ARM.Build.0 = Release|Any CPU
		{DC1496A6-1F14-468A-BCE6-3634B82B77F1}.Release|iPhone.ActiveCfg = Release|Any CPU
		{DC1496A6-1F14-468A-BCE6-3634B82B77F1}.Release|iPhone.Build.0 = Release|Any CPU
		{DC1496A6-1F14-468A-BCE6-3634B82B77F1}.Release|iPhoneSimulator.ActiveCfg = Release|Any CPU
		{DC1496A6-1F14-468A-BCE6-3634B82B77F1}.Release|iPhoneSimulator.Build.0 = Release|Any CPU
		{DC1496A6-1F14-468A-BCE6-3634B82B77F1}.Release|x64.ActiveCfg = Release|Any CPU
		{DC1496A6-1F14-468A-BCE6-3634B82B77F1}.Release|x64.Build.0 = Release|Any CPU
		{DC1496A6-1F14-468A-BCE6-3634B82B77F1}.Release|x86.ActiveCfg = Release|Any CPU
		{DC1496A6-1F14-468A-BCE6-3634B82B77F1}.Release|x86.Build.0 = Release|Any CPU
		{FD9972B1-15EC-4D67-B50B-6DB0EFB255C2}.Ad-Hoc|Any CPU.ActiveCfg = Debug|Any CPU
		{FD9972B1-15EC-4D67-B50B-6DB0EFB255C2}.Ad-Hoc|Any CPU.Build.0 = Debug|Any CPU
		{FD9972B1-15EC-4D67-B50B-6DB0EFB255C2}.Ad-Hoc|ARM.ActiveCfg = Debug|Any CPU
		{FD9972B1-15EC-4D67-B50B-6DB0EFB255C2}.Ad-Hoc|ARM.Build.0 = Debug|Any CPU
		{FD9972B1-15EC-4D67-B50B-6DB0EFB255C2}.Ad-Hoc|iPhone.ActiveCfg = Debug|Any CPU
		{FD9972B1-15EC-4D67-B50B-6DB0EFB255C2}.Ad-Hoc|iPhone.Build.0 = Debug|Any CPU
		{FD9972B1-15EC-4D67-B50B-6DB0EFB255C2}.Ad-Hoc|iPhoneSimulator.ActiveCfg = Debug|Any CPU
		{FD9972B1-15EC-4D67-B50B-6DB0EFB255C2}.Ad-Hoc|iPhoneSimulator.Build.0 = Debug|Any CPU
		{FD9972B1-15EC-4D67-B50B-6DB0EFB255C2}.Ad-Hoc|x64.ActiveCfg = Debug|Any CPU
		{FD9972B1-15EC-4D67-B50B-6DB0EFB255C2}.Ad-Hoc|x64.Build.0 = Debug|Any CPU
		{FD9972B1-15EC-4D67-B50B-6DB0EFB255C2}.Ad-Hoc|x86.ActiveCfg = Debug|Any CPU
		{FD9972B1-15EC-4D67-B50B-6DB0EFB255C2}.Ad-Hoc|x86.Build.0 = Debug|Any CPU
		{FD9972B1-15EC-4D67-B50B-6DB0EFB255C2}.AppStore|Any CPU.ActiveCfg = Debug|Any CPU
		{FD9972B1-15EC-4D67-B50B-6DB0EFB255C2}.AppStore|Any CPU.Build.0 = Debug|Any CPU
		{FD9972B1-15EC-4D67-B50B-6DB0EFB255C2}.AppStore|ARM.ActiveCfg = Debug|Any CPU
		{FD9972B1-15EC-4D67-B50B-6DB0EFB255C2}.AppStore|ARM.Build.0 = Debug|Any CPU
		{FD9972B1-15EC-4D67-B50B-6DB0EFB255C2}.AppStore|iPhone.ActiveCfg = Debug|Any CPU
		{FD9972B1-15EC-4D67-B50B-6DB0EFB255C2}.AppStore|iPhone.Build.0 = Debug|Any CPU
		{FD9972B1-15EC-4D67-B50B-6DB0EFB255C2}.AppStore|iPhoneSimulator.ActiveCfg = Debug|Any CPU
		{FD9972B1-15EC-4D67-B50B-6DB0EFB255C2}.AppStore|iPhoneSimulator.Build.0 = Debug|Any CPU
		{FD9972B1-15EC-4D67-B50B-6DB0EFB255C2}.AppStore|x64.ActiveCfg = Debug|Any CPU
		{FD9972B1-15EC-4D67-B50B-6DB0EFB255C2}.AppStore|x64.Build.0 = Debug|Any CPU
		{FD9972B1-15EC-4D67-B50B-6DB0EFB255C2}.AppStore|x86.ActiveCfg = Debug|Any CPU
		{FD9972B1-15EC-4D67-B50B-6DB0EFB255C2}.AppStore|x86.Build.0 = Debug|Any CPU
		{FD9972B1-15EC-4D67-B50B-6DB0EFB255C2}.Debug|Any CPU.ActiveCfg = Debug|Any CPU
		{FD9972B1-15EC-4D67-B50B-6DB0EFB255C2}.Debug|Any CPU.Build.0 = Debug|Any CPU
		{FD9972B1-15EC-4D67-B50B-6DB0EFB255C2}.Debug|ARM.ActiveCfg = Debug|Any CPU
		{FD9972B1-15EC-4D67-B50B-6DB0EFB255C2}.Debug|ARM.Build.0 = Debug|Any CPU
		{FD9972B1-15EC-4D67-B50B-6DB0EFB255C2}.Debug|iPhone.ActiveCfg = Debug|Any CPU
		{FD9972B1-15EC-4D67-B50B-6DB0EFB255C2}.Debug|iPhone.Build.0 = Debug|Any CPU
		{FD9972B1-15EC-4D67-B50B-6DB0EFB255C2}.Debug|iPhoneSimulator.ActiveCfg = Debug|Any CPU
		{FD9972B1-15EC-4D67-B50B-6DB0EFB255C2}.Debug|iPhoneSimulator.Build.0 = Debug|Any CPU
		{FD9972B1-15EC-4D67-B50B-6DB0EFB255C2}.Debug|x64.ActiveCfg = Debug|Any CPU
		{FD9972B1-15EC-4D67-B50B-6DB0EFB255C2}.Debug|x64.Build.0 = Debug|Any CPU
		{FD9972B1-15EC-4D67-B50B-6DB0EFB255C2}.Debug|x86.ActiveCfg = Debug|Any CPU
		{FD9972B1-15EC-4D67-B50B-6DB0EFB255C2}.Debug|x86.Build.0 = Debug|Any CPU
		{FD9972B1-15EC-4D67-B50B-6DB0EFB255C2}.Release|Any CPU.ActiveCfg = Release|Any CPU
		{FD9972B1-15EC-4D67-B50B-6DB0EFB255C2}.Release|Any CPU.Build.0 = Release|Any CPU
		{FD9972B1-15EC-4D67-B50B-6DB0EFB255C2}.Release|ARM.ActiveCfg = Release|Any CPU
		{FD9972B1-15EC-4D67-B50B-6DB0EFB255C2}.Release|ARM.Build.0 = Release|Any CPU
		{FD9972B1-15EC-4D67-B50B-6DB0EFB255C2}.Release|iPhone.ActiveCfg = Release|Any CPU
		{FD9972B1-15EC-4D67-B50B-6DB0EFB255C2}.Release|iPhone.Build.0 = Release|Any CPU
		{FD9972B1-15EC-4D67-B50B-6DB0EFB255C2}.Release|iPhoneSimulator.ActiveCfg = Release|Any CPU
		{FD9972B1-15EC-4D67-B50B-6DB0EFB255C2}.Release|iPhoneSimulator.Build.0 = Release|Any CPU
		{FD9972B1-15EC-4D67-B50B-6DB0EFB255C2}.Release|x64.ActiveCfg = Release|Any CPU
		{FD9972B1-15EC-4D67-B50B-6DB0EFB255C2}.Release|x64.Build.0 = Release|Any CPU
		{FD9972B1-15EC-4D67-B50B-6DB0EFB255C2}.Release|x86.ActiveCfg = Release|Any CPU
		{FD9972B1-15EC-4D67-B50B-6DB0EFB255C2}.Release|x86.Build.0 = Release|Any CPU
		{E0A1ADD2-AA1D-4024-9443-60334BF385C0}.Ad-Hoc|Any CPU.ActiveCfg = Debug|Any CPU
		{E0A1ADD2-AA1D-4024-9443-60334BF385C0}.Ad-Hoc|Any CPU.Build.0 = Debug|Any CPU
		{E0A1ADD2-AA1D-4024-9443-60334BF385C0}.Ad-Hoc|ARM.ActiveCfg = Debug|Any CPU
		{E0A1ADD2-AA1D-4024-9443-60334BF385C0}.Ad-Hoc|ARM.Build.0 = Debug|Any CPU
		{E0A1ADD2-AA1D-4024-9443-60334BF385C0}.Ad-Hoc|iPhone.ActiveCfg = Debug|Any CPU
		{E0A1ADD2-AA1D-4024-9443-60334BF385C0}.Ad-Hoc|iPhone.Build.0 = Debug|Any CPU
		{E0A1ADD2-AA1D-4024-9443-60334BF385C0}.Ad-Hoc|iPhoneSimulator.ActiveCfg = Debug|Any CPU
		{E0A1ADD2-AA1D-4024-9443-60334BF385C0}.Ad-Hoc|iPhoneSimulator.Build.0 = Debug|Any CPU
		{E0A1ADD2-AA1D-4024-9443-60334BF385C0}.Ad-Hoc|x64.ActiveCfg = Debug|Any CPU
		{E0A1ADD2-AA1D-4024-9443-60334BF385C0}.Ad-Hoc|x64.Build.0 = Debug|Any CPU
		{E0A1ADD2-AA1D-4024-9443-60334BF385C0}.Ad-Hoc|x86.ActiveCfg = Debug|Any CPU
		{E0A1ADD2-AA1D-4024-9443-60334BF385C0}.Ad-Hoc|x86.Build.0 = Debug|Any CPU
		{E0A1ADD2-AA1D-4024-9443-60334BF385C0}.AppStore|Any CPU.ActiveCfg = Debug|Any CPU
		{E0A1ADD2-AA1D-4024-9443-60334BF385C0}.AppStore|Any CPU.Build.0 = Debug|Any CPU
		{E0A1ADD2-AA1D-4024-9443-60334BF385C0}.AppStore|ARM.ActiveCfg = Debug|Any CPU
		{E0A1ADD2-AA1D-4024-9443-60334BF385C0}.AppStore|ARM.Build.0 = Debug|Any CPU
		{E0A1ADD2-AA1D-4024-9443-60334BF385C0}.AppStore|iPhone.ActiveCfg = Debug|Any CPU
		{E0A1ADD2-AA1D-4024-9443-60334BF385C0}.AppStore|iPhone.Build.0 = Debug|Any CPU
		{E0A1ADD2-AA1D-4024-9443-60334BF385C0}.AppStore|iPhoneSimulator.ActiveCfg = Debug|Any CPU
		{E0A1ADD2-AA1D-4024-9443-60334BF385C0}.AppStore|iPhoneSimulator.Build.0 = Debug|Any CPU
		{E0A1ADD2-AA1D-4024-9443-60334BF385C0}.AppStore|x64.ActiveCfg = Debug|Any CPU
		{E0A1ADD2-AA1D-4024-9443-60334BF385C0}.AppStore|x64.Build.0 = Debug|Any CPU
		{E0A1ADD2-AA1D-4024-9443-60334BF385C0}.AppStore|x86.ActiveCfg = Debug|Any CPU
		{E0A1ADD2-AA1D-4024-9443-60334BF385C0}.AppStore|x86.Build.0 = Debug|Any CPU
		{E0A1ADD2-AA1D-4024-9443-60334BF385C0}.Debug|Any CPU.ActiveCfg = Debug|Any CPU
		{E0A1ADD2-AA1D-4024-9443-60334BF385C0}.Debug|Any CPU.Build.0 = Debug|Any CPU
		{E0A1ADD2-AA1D-4024-9443-60334BF385C0}.Debug|ARM.ActiveCfg = Debug|Any CPU
		{E0A1ADD2-AA1D-4024-9443-60334BF385C0}.Debug|ARM.Build.0 = Debug|Any CPU
		{E0A1ADD2-AA1D-4024-9443-60334BF385C0}.Debug|iPhone.ActiveCfg = Debug|Any CPU
		{E0A1ADD2-AA1D-4024-9443-60334BF385C0}.Debug|iPhone.Build.0 = Debug|Any CPU
		{E0A1ADD2-AA1D-4024-9443-60334BF385C0}.Debug|iPhoneSimulator.ActiveCfg = Debug|Any CPU
		{E0A1ADD2-AA1D-4024-9443-60334BF385C0}.Debug|iPhoneSimulator.Build.0 = Debug|Any CPU
		{E0A1ADD2-AA1D-4024-9443-60334BF385C0}.Debug|x64.ActiveCfg = Debug|Any CPU
		{E0A1ADD2-AA1D-4024-9443-60334BF385C0}.Debug|x64.Build.0 = Debug|Any CPU
		{E0A1ADD2-AA1D-4024-9443-60334BF385C0}.Debug|x86.ActiveCfg = Debug|Any CPU
		{E0A1ADD2-AA1D-4024-9443-60334BF385C0}.Debug|x86.Build.0 = Debug|Any CPU
		{E0A1ADD2-AA1D-4024-9443-60334BF385C0}.Release|Any CPU.ActiveCfg = Release|Any CPU
		{E0A1ADD2-AA1D-4024-9443-60334BF385C0}.Release|Any CPU.Build.0 = Release|Any CPU
		{E0A1ADD2-AA1D-4024-9443-60334BF385C0}.Release|ARM.ActiveCfg = Release|Any CPU
		{E0A1ADD2-AA1D-4024-9443-60334BF385C0}.Release|ARM.Build.0 = Release|Any CPU
		{E0A1ADD2-AA1D-4024-9443-60334BF385C0}.Release|iPhone.ActiveCfg = Release|Any CPU
		{E0A1ADD2-AA1D-4024-9443-60334BF385C0}.Release|iPhone.Build.0 = Release|Any CPU
		{E0A1ADD2-AA1D-4024-9443-60334BF385C0}.Release|iPhoneSimulator.ActiveCfg = Release|Any CPU
		{E0A1ADD2-AA1D-4024-9443-60334BF385C0}.Release|iPhoneSimulator.Build.0 = Release|Any CPU
		{E0A1ADD2-AA1D-4024-9443-60334BF385C0}.Release|x64.ActiveCfg = Release|Any CPU
		{E0A1ADD2-AA1D-4024-9443-60334BF385C0}.Release|x64.Build.0 = Release|Any CPU
		{E0A1ADD2-AA1D-4024-9443-60334BF385C0}.Release|x86.ActiveCfg = Release|Any CPU
		{E0A1ADD2-AA1D-4024-9443-60334BF385C0}.Release|x86.Build.0 = Release|Any CPU
		{242EC010-6289-4B5A-A064-4F167044760B}.Ad-Hoc|Any CPU.ActiveCfg = Release|x64
		{242EC010-6289-4B5A-A064-4F167044760B}.Ad-Hoc|Any CPU.Build.0 = Release|x64
		{242EC010-6289-4B5A-A064-4F167044760B}.Ad-Hoc|Any CPU.Deploy.0 = Release|x64
		{242EC010-6289-4B5A-A064-4F167044760B}.Ad-Hoc|ARM.ActiveCfg = Release|ARM
		{242EC010-6289-4B5A-A064-4F167044760B}.Ad-Hoc|ARM.Build.0 = Release|ARM
		{242EC010-6289-4B5A-A064-4F167044760B}.Ad-Hoc|ARM.Deploy.0 = Release|ARM
		{242EC010-6289-4B5A-A064-4F167044760B}.Ad-Hoc|iPhone.ActiveCfg = Release|x64
		{242EC010-6289-4B5A-A064-4F167044760B}.Ad-Hoc|iPhone.Build.0 = Release|x64
		{242EC010-6289-4B5A-A064-4F167044760B}.Ad-Hoc|iPhone.Deploy.0 = Release|x64
		{242EC010-6289-4B5A-A064-4F167044760B}.Ad-Hoc|iPhoneSimulator.ActiveCfg = Release|x64
		{242EC010-6289-4B5A-A064-4F167044760B}.Ad-Hoc|iPhoneSimulator.Build.0 = Release|x64
		{242EC010-6289-4B5A-A064-4F167044760B}.Ad-Hoc|iPhoneSimulator.Deploy.0 = Release|x64
		{242EC010-6289-4B5A-A064-4F167044760B}.Ad-Hoc|x64.ActiveCfg = Release|x64
		{242EC010-6289-4B5A-A064-4F167044760B}.Ad-Hoc|x64.Build.0 = Release|x64
		{242EC010-6289-4B5A-A064-4F167044760B}.Ad-Hoc|x64.Deploy.0 = Release|x64
		{242EC010-6289-4B5A-A064-4F167044760B}.Ad-Hoc|x86.ActiveCfg = Release|x86
		{242EC010-6289-4B5A-A064-4F167044760B}.Ad-Hoc|x86.Build.0 = Release|x86
		{242EC010-6289-4B5A-A064-4F167044760B}.Ad-Hoc|x86.Deploy.0 = Release|x86
		{242EC010-6289-4B5A-A064-4F167044760B}.AppStore|Any CPU.ActiveCfg = Release|x64
		{242EC010-6289-4B5A-A064-4F167044760B}.AppStore|Any CPU.Build.0 = Release|x64
		{242EC010-6289-4B5A-A064-4F167044760B}.AppStore|Any CPU.Deploy.0 = Release|x64
		{242EC010-6289-4B5A-A064-4F167044760B}.AppStore|ARM.ActiveCfg = Release|ARM
		{242EC010-6289-4B5A-A064-4F167044760B}.AppStore|ARM.Build.0 = Release|ARM
		{242EC010-6289-4B5A-A064-4F167044760B}.AppStore|ARM.Deploy.0 = Release|ARM
		{242EC010-6289-4B5A-A064-4F167044760B}.AppStore|iPhone.ActiveCfg = Release|x64
		{242EC010-6289-4B5A-A064-4F167044760B}.AppStore|iPhone.Build.0 = Release|x64
		{242EC010-6289-4B5A-A064-4F167044760B}.AppStore|iPhone.Deploy.0 = Release|x64
		{242EC010-6289-4B5A-A064-4F167044760B}.AppStore|iPhoneSimulator.ActiveCfg = Release|x64
		{242EC010-6289-4B5A-A064-4F167044760B}.AppStore|iPhoneSimulator.Build.0 = Release|x64
		{242EC010-6289-4B5A-A064-4F167044760B}.AppStore|iPhoneSimulator.Deploy.0 = Release|x64
		{242EC010-6289-4B5A-A064-4F167044760B}.AppStore|x64.ActiveCfg = Release|x64
		{242EC010-6289-4B5A-A064-4F167044760B}.AppStore|x64.Build.0 = Release|x64
		{242EC010-6289-4B5A-A064-4F167044760B}.AppStore|x64.Deploy.0 = Release|x64
		{242EC010-6289-4B5A-A064-4F167044760B}.AppStore|x86.ActiveCfg = Release|x86
		{242EC010-6289-4B5A-A064-4F167044760B}.AppStore|x86.Build.0 = Release|x86
		{242EC010-6289-4B5A-A064-4F167044760B}.AppStore|x86.Deploy.0 = Release|x86
		{242EC010-6289-4B5A-A064-4F167044760B}.Debug|Any CPU.ActiveCfg = Debug|x86
		{242EC010-6289-4B5A-A064-4F167044760B}.Debug|ARM.ActiveCfg = Debug|ARM
		{242EC010-6289-4B5A-A064-4F167044760B}.Debug|ARM.Build.0 = Debug|ARM
		{242EC010-6289-4B5A-A064-4F167044760B}.Debug|ARM.Deploy.0 = Debug|ARM
		{242EC010-6289-4B5A-A064-4F167044760B}.Debug|iPhone.ActiveCfg = Debug|x86
		{242EC010-6289-4B5A-A064-4F167044760B}.Debug|iPhoneSimulator.ActiveCfg = Debug|x86
		{242EC010-6289-4B5A-A064-4F167044760B}.Debug|x64.ActiveCfg = Debug|x64
		{242EC010-6289-4B5A-A064-4F167044760B}.Debug|x64.Build.0 = Debug|x64
		{242EC010-6289-4B5A-A064-4F167044760B}.Debug|x64.Deploy.0 = Debug|x64
		{242EC010-6289-4B5A-A064-4F167044760B}.Debug|x86.ActiveCfg = Debug|x86
		{242EC010-6289-4B5A-A064-4F167044760B}.Debug|x86.Build.0 = Debug|x86
		{242EC010-6289-4B5A-A064-4F167044760B}.Debug|x86.Deploy.0 = Debug|x86
		{242EC010-6289-4B5A-A064-4F167044760B}.Release|Any CPU.ActiveCfg = Release|x86
		{242EC010-6289-4B5A-A064-4F167044760B}.Release|ARM.ActiveCfg = Release|ARM
		{242EC010-6289-4B5A-A064-4F167044760B}.Release|ARM.Build.0 = Release|ARM
		{242EC010-6289-4B5A-A064-4F167044760B}.Release|ARM.Deploy.0 = Release|ARM
		{242EC010-6289-4B5A-A064-4F167044760B}.Release|iPhone.ActiveCfg = Release|x86
		{242EC010-6289-4B5A-A064-4F167044760B}.Release|iPhoneSimulator.ActiveCfg = Release|x86
		{242EC010-6289-4B5A-A064-4F167044760B}.Release|x64.ActiveCfg = Release|x64
		{242EC010-6289-4B5A-A064-4F167044760B}.Release|x64.Build.0 = Release|x64
		{242EC010-6289-4B5A-A064-4F167044760B}.Release|x64.Deploy.0 = Release|x64
		{242EC010-6289-4B5A-A064-4F167044760B}.Release|x86.ActiveCfg = Release|x86
		{242EC010-6289-4B5A-A064-4F167044760B}.Release|x86.Build.0 = Release|x86
		{242EC010-6289-4B5A-A064-4F167044760B}.Release|x86.Deploy.0 = Release|x86
		{31C4E6F9-4608-4A6F-8445-10F823FEFBAA}.Ad-Hoc|Any CPU.ActiveCfg = Debug|Any CPU
		{31C4E6F9-4608-4A6F-8445-10F823FEFBAA}.Ad-Hoc|Any CPU.Build.0 = Debug|Any CPU
		{31C4E6F9-4608-4A6F-8445-10F823FEFBAA}.Ad-Hoc|ARM.ActiveCfg = Debug|Any CPU
		{31C4E6F9-4608-4A6F-8445-10F823FEFBAA}.Ad-Hoc|ARM.Build.0 = Debug|Any CPU
		{31C4E6F9-4608-4A6F-8445-10F823FEFBAA}.Ad-Hoc|iPhone.ActiveCfg = Debug|Any CPU
		{31C4E6F9-4608-4A6F-8445-10F823FEFBAA}.Ad-Hoc|iPhone.Build.0 = Debug|Any CPU
		{31C4E6F9-4608-4A6F-8445-10F823FEFBAA}.Ad-Hoc|iPhoneSimulator.ActiveCfg = Debug|Any CPU
		{31C4E6F9-4608-4A6F-8445-10F823FEFBAA}.Ad-Hoc|iPhoneSimulator.Build.0 = Debug|Any CPU
		{31C4E6F9-4608-4A6F-8445-10F823FEFBAA}.Ad-Hoc|x64.ActiveCfg = Debug|Any CPU
		{31C4E6F9-4608-4A6F-8445-10F823FEFBAA}.Ad-Hoc|x64.Build.0 = Debug|Any CPU
		{31C4E6F9-4608-4A6F-8445-10F823FEFBAA}.Ad-Hoc|x86.ActiveCfg = Debug|Any CPU
		{31C4E6F9-4608-4A6F-8445-10F823FEFBAA}.Ad-Hoc|x86.Build.0 = Debug|Any CPU
		{31C4E6F9-4608-4A6F-8445-10F823FEFBAA}.AppStore|Any CPU.ActiveCfg = Debug|Any CPU
		{31C4E6F9-4608-4A6F-8445-10F823FEFBAA}.AppStore|Any CPU.Build.0 = Debug|Any CPU
		{31C4E6F9-4608-4A6F-8445-10F823FEFBAA}.AppStore|ARM.ActiveCfg = Debug|Any CPU
		{31C4E6F9-4608-4A6F-8445-10F823FEFBAA}.AppStore|ARM.Build.0 = Debug|Any CPU
		{31C4E6F9-4608-4A6F-8445-10F823FEFBAA}.AppStore|iPhone.ActiveCfg = Debug|Any CPU
		{31C4E6F9-4608-4A6F-8445-10F823FEFBAA}.AppStore|iPhone.Build.0 = Debug|Any CPU
		{31C4E6F9-4608-4A6F-8445-10F823FEFBAA}.AppStore|iPhoneSimulator.ActiveCfg = Debug|Any CPU
		{31C4E6F9-4608-4A6F-8445-10F823FEFBAA}.AppStore|iPhoneSimulator.Build.0 = Debug|Any CPU
		{31C4E6F9-4608-4A6F-8445-10F823FEFBAA}.AppStore|x64.ActiveCfg = Debug|Any CPU
		{31C4E6F9-4608-4A6F-8445-10F823FEFBAA}.AppStore|x64.Build.0 = Debug|Any CPU
		{31C4E6F9-4608-4A6F-8445-10F823FEFBAA}.AppStore|x86.ActiveCfg = Debug|Any CPU
		{31C4E6F9-4608-4A6F-8445-10F823FEFBAA}.AppStore|x86.Build.0 = Debug|Any CPU
		{31C4E6F9-4608-4A6F-8445-10F823FEFBAA}.Debug|Any CPU.ActiveCfg = Debug|Any CPU
		{31C4E6F9-4608-4A6F-8445-10F823FEFBAA}.Debug|Any CPU.Build.0 = Debug|Any CPU
		{31C4E6F9-4608-4A6F-8445-10F823FEFBAA}.Debug|ARM.ActiveCfg = Debug|Any CPU
		{31C4E6F9-4608-4A6F-8445-10F823FEFBAA}.Debug|ARM.Build.0 = Debug|Any CPU
		{31C4E6F9-4608-4A6F-8445-10F823FEFBAA}.Debug|iPhone.ActiveCfg = Debug|Any CPU
		{31C4E6F9-4608-4A6F-8445-10F823FEFBAA}.Debug|iPhone.Build.0 = Debug|Any CPU
		{31C4E6F9-4608-4A6F-8445-10F823FEFBAA}.Debug|iPhoneSimulator.ActiveCfg = Debug|Any CPU
		{31C4E6F9-4608-4A6F-8445-10F823FEFBAA}.Debug|iPhoneSimulator.Build.0 = Debug|Any CPU
		{31C4E6F9-4608-4A6F-8445-10F823FEFBAA}.Debug|x64.ActiveCfg = Debug|Any CPU
		{31C4E6F9-4608-4A6F-8445-10F823FEFBAA}.Debug|x64.Build.0 = Debug|Any CPU
		{31C4E6F9-4608-4A6F-8445-10F823FEFBAA}.Debug|x86.ActiveCfg = Debug|Any CPU
		{31C4E6F9-4608-4A6F-8445-10F823FEFBAA}.Debug|x86.Build.0 = Debug|Any CPU
		{31C4E6F9-4608-4A6F-8445-10F823FEFBAA}.Release|Any CPU.ActiveCfg = Release|Any CPU
		{31C4E6F9-4608-4A6F-8445-10F823FEFBAA}.Release|Any CPU.Build.0 = Release|Any CPU
		{31C4E6F9-4608-4A6F-8445-10F823FEFBAA}.Release|ARM.ActiveCfg = Release|Any CPU
		{31C4E6F9-4608-4A6F-8445-10F823FEFBAA}.Release|ARM.Build.0 = Release|Any CPU
		{31C4E6F9-4608-4A6F-8445-10F823FEFBAA}.Release|iPhone.ActiveCfg = Release|Any CPU
		{31C4E6F9-4608-4A6F-8445-10F823FEFBAA}.Release|iPhone.Build.0 = Release|Any CPU
		{31C4E6F9-4608-4A6F-8445-10F823FEFBAA}.Release|iPhoneSimulator.ActiveCfg = Release|Any CPU
		{31C4E6F9-4608-4A6F-8445-10F823FEFBAA}.Release|iPhoneSimulator.Build.0 = Release|Any CPU
		{31C4E6F9-4608-4A6F-8445-10F823FEFBAA}.Release|x64.ActiveCfg = Release|Any CPU
		{31C4E6F9-4608-4A6F-8445-10F823FEFBAA}.Release|x64.Build.0 = Release|Any CPU
		{31C4E6F9-4608-4A6F-8445-10F823FEFBAA}.Release|x86.ActiveCfg = Release|Any CPU
		{31C4E6F9-4608-4A6F-8445-10F823FEFBAA}.Release|x86.Build.0 = Release|Any CPU
		{1E8BA999-A416-425C-8703-C3589F0055F9}.Ad-Hoc|Any CPU.ActiveCfg = Debug|Any CPU
		{1E8BA999-A416-425C-8703-C3589F0055F9}.Ad-Hoc|Any CPU.Build.0 = Debug|Any CPU
		{1E8BA999-A416-425C-8703-C3589F0055F9}.Ad-Hoc|ARM.ActiveCfg = Debug|Any CPU
		{1E8BA999-A416-425C-8703-C3589F0055F9}.Ad-Hoc|ARM.Build.0 = Debug|Any CPU
		{1E8BA999-A416-425C-8703-C3589F0055F9}.Ad-Hoc|iPhone.ActiveCfg = Debug|Any CPU
		{1E8BA999-A416-425C-8703-C3589F0055F9}.Ad-Hoc|iPhone.Build.0 = Debug|Any CPU
		{1E8BA999-A416-425C-8703-C3589F0055F9}.Ad-Hoc|iPhoneSimulator.ActiveCfg = Debug|Any CPU
		{1E8BA999-A416-425C-8703-C3589F0055F9}.Ad-Hoc|iPhoneSimulator.Build.0 = Debug|Any CPU
		{1E8BA999-A416-425C-8703-C3589F0055F9}.Ad-Hoc|x64.ActiveCfg = Debug|Any CPU
		{1E8BA999-A416-425C-8703-C3589F0055F9}.Ad-Hoc|x64.Build.0 = Debug|Any CPU
		{1E8BA999-A416-425C-8703-C3589F0055F9}.Ad-Hoc|x86.ActiveCfg = Debug|Any CPU
		{1E8BA999-A416-425C-8703-C3589F0055F9}.Ad-Hoc|x86.Build.0 = Debug|Any CPU
		{1E8BA999-A416-425C-8703-C3589F0055F9}.AppStore|Any CPU.ActiveCfg = Debug|Any CPU
		{1E8BA999-A416-425C-8703-C3589F0055F9}.AppStore|Any CPU.Build.0 = Debug|Any CPU
		{1E8BA999-A416-425C-8703-C3589F0055F9}.AppStore|ARM.ActiveCfg = Debug|Any CPU
		{1E8BA999-A416-425C-8703-C3589F0055F9}.AppStore|ARM.Build.0 = Debug|Any CPU
		{1E8BA999-A416-425C-8703-C3589F0055F9}.AppStore|iPhone.ActiveCfg = Debug|Any CPU
		{1E8BA999-A416-425C-8703-C3589F0055F9}.AppStore|iPhone.Build.0 = Debug|Any CPU
		{1E8BA999-A416-425C-8703-C3589F0055F9}.AppStore|iPhoneSimulator.ActiveCfg = Debug|Any CPU
		{1E8BA999-A416-425C-8703-C3589F0055F9}.AppStore|iPhoneSimulator.Build.0 = Debug|Any CPU
		{1E8BA999-A416-425C-8703-C3589F0055F9}.AppStore|x64.ActiveCfg = Debug|Any CPU
		{1E8BA999-A416-425C-8703-C3589F0055F9}.AppStore|x64.Build.0 = Debug|Any CPU
		{1E8BA999-A416-425C-8703-C3589F0055F9}.AppStore|x86.ActiveCfg = Debug|Any CPU
		{1E8BA999-A416-425C-8703-C3589F0055F9}.AppStore|x86.Build.0 = Debug|Any CPU
		{1E8BA999-A416-425C-8703-C3589F0055F9}.Debug|Any CPU.ActiveCfg = Debug|Any CPU
		{1E8BA999-A416-425C-8703-C3589F0055F9}.Debug|Any CPU.Build.0 = Debug|Any CPU
		{1E8BA999-A416-425C-8703-C3589F0055F9}.Debug|ARM.ActiveCfg = Debug|Any CPU
		{1E8BA999-A416-425C-8703-C3589F0055F9}.Debug|ARM.Build.0 = Debug|Any CPU
		{1E8BA999-A416-425C-8703-C3589F0055F9}.Debug|iPhone.ActiveCfg = Debug|Any CPU
		{1E8BA999-A416-425C-8703-C3589F0055F9}.Debug|iPhone.Build.0 = Debug|Any CPU
		{1E8BA999-A416-425C-8703-C3589F0055F9}.Debug|iPhoneSimulator.ActiveCfg = Debug|Any CPU
		{1E8BA999-A416-425C-8703-C3589F0055F9}.Debug|iPhoneSimulator.Build.0 = Debug|Any CPU
		{1E8BA999-A416-425C-8703-C3589F0055F9}.Debug|x64.ActiveCfg = Debug|Any CPU
		{1E8BA999-A416-425C-8703-C3589F0055F9}.Debug|x64.Build.0 = Debug|Any CPU
		{1E8BA999-A416-425C-8703-C3589F0055F9}.Debug|x86.ActiveCfg = Debug|Any CPU
		{1E8BA999-A416-425C-8703-C3589F0055F9}.Debug|x86.Build.0 = Debug|Any CPU
		{1E8BA999-A416-425C-8703-C3589F0055F9}.Release|Any CPU.ActiveCfg = Release|Any CPU
		{1E8BA999-A416-425C-8703-C3589F0055F9}.Release|Any CPU.Build.0 = Release|Any CPU
		{1E8BA999-A416-425C-8703-C3589F0055F9}.Release|ARM.ActiveCfg = Release|Any CPU
		{1E8BA999-A416-425C-8703-C3589F0055F9}.Release|ARM.Build.0 = Release|Any CPU
		{1E8BA999-A416-425C-8703-C3589F0055F9}.Release|iPhone.ActiveCfg = Release|Any CPU
		{1E8BA999-A416-425C-8703-C3589F0055F9}.Release|iPhone.Build.0 = Release|Any CPU
		{1E8BA999-A416-425C-8703-C3589F0055F9}.Release|iPhoneSimulator.ActiveCfg = Release|Any CPU
		{1E8BA999-A416-425C-8703-C3589F0055F9}.Release|iPhoneSimulator.Build.0 = Release|Any CPU
		{1E8BA999-A416-425C-8703-C3589F0055F9}.Release|x64.ActiveCfg = Release|Any CPU
		{1E8BA999-A416-425C-8703-C3589F0055F9}.Release|x64.Build.0 = Release|Any CPU
		{1E8BA999-A416-425C-8703-C3589F0055F9}.Release|x86.ActiveCfg = Release|Any CPU
		{1E8BA999-A416-425C-8703-C3589F0055F9}.Release|x86.Build.0 = Release|Any CPU
		{5B667DB1-E6B2-4565-8DC3-6B684F081D45}.Ad-Hoc|Any CPU.ActiveCfg = Debug|Any CPU
		{5B667DB1-E6B2-4565-8DC3-6B684F081D45}.Ad-Hoc|Any CPU.Build.0 = Debug|Any CPU
		{5B667DB1-E6B2-4565-8DC3-6B684F081D45}.Ad-Hoc|ARM.ActiveCfg = Debug|Any CPU
		{5B667DB1-E6B2-4565-8DC3-6B684F081D45}.Ad-Hoc|ARM.Build.0 = Debug|Any CPU
		{5B667DB1-E6B2-4565-8DC3-6B684F081D45}.Ad-Hoc|iPhone.ActiveCfg = Debug|Any CPU
		{5B667DB1-E6B2-4565-8DC3-6B684F081D45}.Ad-Hoc|iPhone.Build.0 = Debug|Any CPU
		{5B667DB1-E6B2-4565-8DC3-6B684F081D45}.Ad-Hoc|iPhoneSimulator.ActiveCfg = Debug|Any CPU
		{5B667DB1-E6B2-4565-8DC3-6B684F081D45}.Ad-Hoc|iPhoneSimulator.Build.0 = Debug|Any CPU
		{5B667DB1-E6B2-4565-8DC3-6B684F081D45}.Ad-Hoc|x64.ActiveCfg = Debug|Any CPU
		{5B667DB1-E6B2-4565-8DC3-6B684F081D45}.Ad-Hoc|x64.Build.0 = Debug|Any CPU
		{5B667DB1-E6B2-4565-8DC3-6B684F081D45}.Ad-Hoc|x86.ActiveCfg = Debug|Any CPU
		{5B667DB1-E6B2-4565-8DC3-6B684F081D45}.Ad-Hoc|x86.Build.0 = Debug|Any CPU
		{5B667DB1-E6B2-4565-8DC3-6B684F081D45}.AppStore|Any CPU.ActiveCfg = Debug|Any CPU
		{5B667DB1-E6B2-4565-8DC3-6B684F081D45}.AppStore|Any CPU.Build.0 = Debug|Any CPU
		{5B667DB1-E6B2-4565-8DC3-6B684F081D45}.AppStore|ARM.ActiveCfg = Debug|Any CPU
		{5B667DB1-E6B2-4565-8DC3-6B684F081D45}.AppStore|ARM.Build.0 = Debug|Any CPU
		{5B667DB1-E6B2-4565-8DC3-6B684F081D45}.AppStore|iPhone.ActiveCfg = Debug|Any CPU
		{5B667DB1-E6B2-4565-8DC3-6B684F081D45}.AppStore|iPhone.Build.0 = Debug|Any CPU
		{5B667DB1-E6B2-4565-8DC3-6B684F081D45}.AppStore|iPhoneSimulator.ActiveCfg = Debug|Any CPU
		{5B667DB1-E6B2-4565-8DC3-6B684F081D45}.AppStore|iPhoneSimulator.Build.0 = Debug|Any CPU
		{5B667DB1-E6B2-4565-8DC3-6B684F081D45}.AppStore|x64.ActiveCfg = Debug|Any CPU
		{5B667DB1-E6B2-4565-8DC3-6B684F081D45}.AppStore|x64.Build.0 = Debug|Any CPU
		{5B667DB1-E6B2-4565-8DC3-6B684F081D45}.AppStore|x86.ActiveCfg = Debug|Any CPU
		{5B667DB1-E6B2-4565-8DC3-6B684F081D45}.AppStore|x86.Build.0 = Debug|Any CPU
		{5B667DB1-E6B2-4565-8DC3-6B684F081D45}.Debug|Any CPU.ActiveCfg = Debug|Any CPU
		{5B667DB1-E6B2-4565-8DC3-6B684F081D45}.Debug|Any CPU.Build.0 = Debug|Any CPU
		{5B667DB1-E6B2-4565-8DC3-6B684F081D45}.Debug|ARM.ActiveCfg = Debug|Any CPU
		{5B667DB1-E6B2-4565-8DC3-6B684F081D45}.Debug|ARM.Build.0 = Debug|Any CPU
		{5B667DB1-E6B2-4565-8DC3-6B684F081D45}.Debug|iPhone.ActiveCfg = Debug|Any CPU
		{5B667DB1-E6B2-4565-8DC3-6B684F081D45}.Debug|iPhone.Build.0 = Debug|Any CPU
		{5B667DB1-E6B2-4565-8DC3-6B684F081D45}.Debug|iPhoneSimulator.ActiveCfg = Debug|Any CPU
		{5B667DB1-E6B2-4565-8DC3-6B684F081D45}.Debug|iPhoneSimulator.Build.0 = Debug|Any CPU
		{5B667DB1-E6B2-4565-8DC3-6B684F081D45}.Debug|x64.ActiveCfg = Debug|Any CPU
		{5B667DB1-E6B2-4565-8DC3-6B684F081D45}.Debug|x64.Build.0 = Debug|Any CPU
		{5B667DB1-E6B2-4565-8DC3-6B684F081D45}.Debug|x86.ActiveCfg = Debug|Any CPU
		{5B667DB1-E6B2-4565-8DC3-6B684F081D45}.Debug|x86.Build.0 = Debug|Any CPU
		{5B667DB1-E6B2-4565-8DC3-6B684F081D45}.Release|Any CPU.ActiveCfg = Release|Any CPU
		{5B667DB1-E6B2-4565-8DC3-6B684F081D45}.Release|Any CPU.Build.0 = Release|Any CPU
		{5B667DB1-E6B2-4565-8DC3-6B684F081D45}.Release|ARM.ActiveCfg = Release|Any CPU
		{5B667DB1-E6B2-4565-8DC3-6B684F081D45}.Release|ARM.Build.0 = Release|Any CPU
		{5B667DB1-E6B2-4565-8DC3-6B684F081D45}.Release|iPhone.ActiveCfg = Release|Any CPU
		{5B667DB1-E6B2-4565-8DC3-6B684F081D45}.Release|iPhone.Build.0 = Release|Any CPU
		{5B667DB1-E6B2-4565-8DC3-6B684F081D45}.Release|iPhoneSimulator.ActiveCfg = Release|Any CPU
		{5B667DB1-E6B2-4565-8DC3-6B684F081D45}.Release|iPhoneSimulator.Build.0 = Release|Any CPU
		{5B667DB1-E6B2-4565-8DC3-6B684F081D45}.Release|x64.ActiveCfg = Release|Any CPU
		{5B667DB1-E6B2-4565-8DC3-6B684F081D45}.Release|x64.Build.0 = Release|Any CPU
		{5B667DB1-E6B2-4565-8DC3-6B684F081D45}.Release|x86.ActiveCfg = Release|Any CPU
		{5B667DB1-E6B2-4565-8DC3-6B684F081D45}.Release|x86.Build.0 = Release|Any CPU
		{4CA1E1F8-43BF-4EC8-8E47-7D066616D5A6}.Ad-Hoc|Any CPU.ActiveCfg = Release|x86
		{4CA1E1F8-43BF-4EC8-8E47-7D066616D5A6}.Ad-Hoc|Any CPU.Build.0 = Release|x86
		{4CA1E1F8-43BF-4EC8-8E47-7D066616D5A6}.Ad-Hoc|Any CPU.Deploy.0 = Release|x86
		{4CA1E1F8-43BF-4EC8-8E47-7D066616D5A6}.Ad-Hoc|ARM.ActiveCfg = Release|ARM
		{4CA1E1F8-43BF-4EC8-8E47-7D066616D5A6}.Ad-Hoc|ARM.Build.0 = Release|ARM
		{4CA1E1F8-43BF-4EC8-8E47-7D066616D5A6}.Ad-Hoc|ARM.Deploy.0 = Release|ARM
		{4CA1E1F8-43BF-4EC8-8E47-7D066616D5A6}.Ad-Hoc|iPhone.ActiveCfg = Release|x86
		{4CA1E1F8-43BF-4EC8-8E47-7D066616D5A6}.Ad-Hoc|iPhone.Build.0 = Release|x86
		{4CA1E1F8-43BF-4EC8-8E47-7D066616D5A6}.Ad-Hoc|iPhone.Deploy.0 = Release|x86
		{4CA1E1F8-43BF-4EC8-8E47-7D066616D5A6}.Ad-Hoc|iPhoneSimulator.ActiveCfg = Release|x86
		{4CA1E1F8-43BF-4EC8-8E47-7D066616D5A6}.Ad-Hoc|iPhoneSimulator.Build.0 = Release|x86
		{4CA1E1F8-43BF-4EC8-8E47-7D066616D5A6}.Ad-Hoc|iPhoneSimulator.Deploy.0 = Release|x86
		{4CA1E1F8-43BF-4EC8-8E47-7D066616D5A6}.Ad-Hoc|x64.ActiveCfg = Release|x64
		{4CA1E1F8-43BF-4EC8-8E47-7D066616D5A6}.Ad-Hoc|x64.Build.0 = Release|x64
		{4CA1E1F8-43BF-4EC8-8E47-7D066616D5A6}.Ad-Hoc|x64.Deploy.0 = Release|x64
		{4CA1E1F8-43BF-4EC8-8E47-7D066616D5A6}.Ad-Hoc|x86.ActiveCfg = Release|x86
		{4CA1E1F8-43BF-4EC8-8E47-7D066616D5A6}.Ad-Hoc|x86.Build.0 = Release|x86
		{4CA1E1F8-43BF-4EC8-8E47-7D066616D5A6}.Ad-Hoc|x86.Deploy.0 = Release|x86
		{4CA1E1F8-43BF-4EC8-8E47-7D066616D5A6}.AppStore|Any CPU.ActiveCfg = Release|x86
		{4CA1E1F8-43BF-4EC8-8E47-7D066616D5A6}.AppStore|Any CPU.Build.0 = Release|x86
		{4CA1E1F8-43BF-4EC8-8E47-7D066616D5A6}.AppStore|Any CPU.Deploy.0 = Release|x86
		{4CA1E1F8-43BF-4EC8-8E47-7D066616D5A6}.AppStore|ARM.ActiveCfg = Release|ARM
		{4CA1E1F8-43BF-4EC8-8E47-7D066616D5A6}.AppStore|ARM.Build.0 = Release|ARM
		{4CA1E1F8-43BF-4EC8-8E47-7D066616D5A6}.AppStore|ARM.Deploy.0 = Release|ARM
		{4CA1E1F8-43BF-4EC8-8E47-7D066616D5A6}.AppStore|iPhone.ActiveCfg = Release|x86
		{4CA1E1F8-43BF-4EC8-8E47-7D066616D5A6}.AppStore|iPhone.Build.0 = Release|x86
		{4CA1E1F8-43BF-4EC8-8E47-7D066616D5A6}.AppStore|iPhone.Deploy.0 = Release|x86
		{4CA1E1F8-43BF-4EC8-8E47-7D066616D5A6}.AppStore|iPhoneSimulator.ActiveCfg = Release|x86
		{4CA1E1F8-43BF-4EC8-8E47-7D066616D5A6}.AppStore|iPhoneSimulator.Build.0 = Release|x86
		{4CA1E1F8-43BF-4EC8-8E47-7D066616D5A6}.AppStore|iPhoneSimulator.Deploy.0 = Release|x86
		{4CA1E1F8-43BF-4EC8-8E47-7D066616D5A6}.AppStore|x64.ActiveCfg = Release|x64
		{4CA1E1F8-43BF-4EC8-8E47-7D066616D5A6}.AppStore|x64.Build.0 = Release|x64
		{4CA1E1F8-43BF-4EC8-8E47-7D066616D5A6}.AppStore|x64.Deploy.0 = Release|x64
		{4CA1E1F8-43BF-4EC8-8E47-7D066616D5A6}.AppStore|x86.ActiveCfg = Release|x86
		{4CA1E1F8-43BF-4EC8-8E47-7D066616D5A6}.AppStore|x86.Build.0 = Release|x86
		{4CA1E1F8-43BF-4EC8-8E47-7D066616D5A6}.AppStore|x86.Deploy.0 = Release|x86
		{4CA1E1F8-43BF-4EC8-8E47-7D066616D5A6}.Debug|Any CPU.ActiveCfg = Debug|x86
		{4CA1E1F8-43BF-4EC8-8E47-7D066616D5A6}.Debug|ARM.ActiveCfg = Debug|ARM
		{4CA1E1F8-43BF-4EC8-8E47-7D066616D5A6}.Debug|ARM.Build.0 = Debug|ARM
		{4CA1E1F8-43BF-4EC8-8E47-7D066616D5A6}.Debug|ARM.Deploy.0 = Debug|ARM
		{4CA1E1F8-43BF-4EC8-8E47-7D066616D5A6}.Debug|iPhone.ActiveCfg = Debug|x86
		{4CA1E1F8-43BF-4EC8-8E47-7D066616D5A6}.Debug|iPhoneSimulator.ActiveCfg = Debug|x86
		{4CA1E1F8-43BF-4EC8-8E47-7D066616D5A6}.Debug|x64.ActiveCfg = Debug|x64
		{4CA1E1F8-43BF-4EC8-8E47-7D066616D5A6}.Debug|x64.Build.0 = Debug|x64
		{4CA1E1F8-43BF-4EC8-8E47-7D066616D5A6}.Debug|x64.Deploy.0 = Debug|x64
		{4CA1E1F8-43BF-4EC8-8E47-7D066616D5A6}.Debug|x86.ActiveCfg = Debug|x86
		{4CA1E1F8-43BF-4EC8-8E47-7D066616D5A6}.Debug|x86.Build.0 = Debug|x86
		{4CA1E1F8-43BF-4EC8-8E47-7D066616D5A6}.Debug|x86.Deploy.0 = Debug|x86
		{4CA1E1F8-43BF-4EC8-8E47-7D066616D5A6}.Release|Any CPU.ActiveCfg = Release|x86
		{4CA1E1F8-43BF-4EC8-8E47-7D066616D5A6}.Release|ARM.ActiveCfg = Release|ARM
		{4CA1E1F8-43BF-4EC8-8E47-7D066616D5A6}.Release|ARM.Build.0 = Release|ARM
		{4CA1E1F8-43BF-4EC8-8E47-7D066616D5A6}.Release|ARM.Deploy.0 = Release|ARM
		{4CA1E1F8-43BF-4EC8-8E47-7D066616D5A6}.Release|iPhone.ActiveCfg = Release|x86
		{4CA1E1F8-43BF-4EC8-8E47-7D066616D5A6}.Release|iPhoneSimulator.ActiveCfg = Release|x86
		{4CA1E1F8-43BF-4EC8-8E47-7D066616D5A6}.Release|x64.ActiveCfg = Release|x64
		{4CA1E1F8-43BF-4EC8-8E47-7D066616D5A6}.Release|x64.Build.0 = Release|x64
		{4CA1E1F8-43BF-4EC8-8E47-7D066616D5A6}.Release|x64.Deploy.0 = Release|x64
		{4CA1E1F8-43BF-4EC8-8E47-7D066616D5A6}.Release|x86.ActiveCfg = Release|x86
		{4CA1E1F8-43BF-4EC8-8E47-7D066616D5A6}.Release|x86.Build.0 = Release|x86
		{4CA1E1F8-43BF-4EC8-8E47-7D066616D5A6}.Release|x86.Deploy.0 = Release|x86
		{7E74647F-462A-431C-9E66-83267A30D16E}.Ad-Hoc|Any CPU.ActiveCfg = Debug|Any CPU
		{7E74647F-462A-431C-9E66-83267A30D16E}.Ad-Hoc|Any CPU.Build.0 = Debug|Any CPU
		{7E74647F-462A-431C-9E66-83267A30D16E}.Ad-Hoc|ARM.ActiveCfg = Debug|Any CPU
		{7E74647F-462A-431C-9E66-83267A30D16E}.Ad-Hoc|ARM.Build.0 = Debug|Any CPU
		{7E74647F-462A-431C-9E66-83267A30D16E}.Ad-Hoc|iPhone.ActiveCfg = Debug|Any CPU
		{7E74647F-462A-431C-9E66-83267A30D16E}.Ad-Hoc|iPhone.Build.0 = Debug|Any CPU
		{7E74647F-462A-431C-9E66-83267A30D16E}.Ad-Hoc|iPhoneSimulator.ActiveCfg = Debug|Any CPU
		{7E74647F-462A-431C-9E66-83267A30D16E}.Ad-Hoc|iPhoneSimulator.Build.0 = Debug|Any CPU
		{7E74647F-462A-431C-9E66-83267A30D16E}.Ad-Hoc|x64.ActiveCfg = Debug|Any CPU
		{7E74647F-462A-431C-9E66-83267A30D16E}.Ad-Hoc|x64.Build.0 = Debug|Any CPU
		{7E74647F-462A-431C-9E66-83267A30D16E}.Ad-Hoc|x86.ActiveCfg = Debug|Any CPU
		{7E74647F-462A-431C-9E66-83267A30D16E}.Ad-Hoc|x86.Build.0 = Debug|Any CPU
		{7E74647F-462A-431C-9E66-83267A30D16E}.AppStore|Any CPU.ActiveCfg = Debug|Any CPU
		{7E74647F-462A-431C-9E66-83267A30D16E}.AppStore|Any CPU.Build.0 = Debug|Any CPU
		{7E74647F-462A-431C-9E66-83267A30D16E}.AppStore|ARM.ActiveCfg = Debug|Any CPU
		{7E74647F-462A-431C-9E66-83267A30D16E}.AppStore|ARM.Build.0 = Debug|Any CPU
		{7E74647F-462A-431C-9E66-83267A30D16E}.AppStore|iPhone.ActiveCfg = Debug|Any CPU
		{7E74647F-462A-431C-9E66-83267A30D16E}.AppStore|iPhone.Build.0 = Debug|Any CPU
		{7E74647F-462A-431C-9E66-83267A30D16E}.AppStore|iPhoneSimulator.ActiveCfg = Debug|Any CPU
		{7E74647F-462A-431C-9E66-83267A30D16E}.AppStore|iPhoneSimulator.Build.0 = Debug|Any CPU
		{7E74647F-462A-431C-9E66-83267A30D16E}.AppStore|x64.ActiveCfg = Debug|Any CPU
		{7E74647F-462A-431C-9E66-83267A30D16E}.AppStore|x64.Build.0 = Debug|Any CPU
		{7E74647F-462A-431C-9E66-83267A30D16E}.AppStore|x86.ActiveCfg = Debug|Any CPU
		{7E74647F-462A-431C-9E66-83267A30D16E}.AppStore|x86.Build.0 = Debug|Any CPU
		{7E74647F-462A-431C-9E66-83267A30D16E}.Debug|Any CPU.ActiveCfg = Debug|Any CPU
		{7E74647F-462A-431C-9E66-83267A30D16E}.Debug|Any CPU.Build.0 = Debug|Any CPU
		{7E74647F-462A-431C-9E66-83267A30D16E}.Debug|ARM.ActiveCfg = Debug|Any CPU
		{7E74647F-462A-431C-9E66-83267A30D16E}.Debug|ARM.Build.0 = Debug|Any CPU
		{7E74647F-462A-431C-9E66-83267A30D16E}.Debug|iPhone.ActiveCfg = Debug|Any CPU
		{7E74647F-462A-431C-9E66-83267A30D16E}.Debug|iPhone.Build.0 = Debug|Any CPU
		{7E74647F-462A-431C-9E66-83267A30D16E}.Debug|iPhoneSimulator.ActiveCfg = Debug|Any CPU
		{7E74647F-462A-431C-9E66-83267A30D16E}.Debug|iPhoneSimulator.Build.0 = Debug|Any CPU
		{7E74647F-462A-431C-9E66-83267A30D16E}.Debug|x64.ActiveCfg = Debug|Any CPU
		{7E74647F-462A-431C-9E66-83267A30D16E}.Debug|x64.Build.0 = Debug|Any CPU
		{7E74647F-462A-431C-9E66-83267A30D16E}.Debug|x86.ActiveCfg = Debug|Any CPU
		{7E74647F-462A-431C-9E66-83267A30D16E}.Debug|x86.Build.0 = Debug|Any CPU
		{7E74647F-462A-431C-9E66-83267A30D16E}.Release|Any CPU.ActiveCfg = Release|Any CPU
		{7E74647F-462A-431C-9E66-83267A30D16E}.Release|Any CPU.Build.0 = Release|Any CPU
		{7E74647F-462A-431C-9E66-83267A30D16E}.Release|ARM.ActiveCfg = Release|Any CPU
		{7E74647F-462A-431C-9E66-83267A30D16E}.Release|ARM.Build.0 = Release|Any CPU
		{7E74647F-462A-431C-9E66-83267A30D16E}.Release|iPhone.ActiveCfg = Release|Any CPU
		{7E74647F-462A-431C-9E66-83267A30D16E}.Release|iPhone.Build.0 = Release|Any CPU
		{7E74647F-462A-431C-9E66-83267A30D16E}.Release|iPhoneSimulator.ActiveCfg = Release|Any CPU
		{7E74647F-462A-431C-9E66-83267A30D16E}.Release|iPhoneSimulator.Build.0 = Release|Any CPU
		{7E74647F-462A-431C-9E66-83267A30D16E}.Release|x64.ActiveCfg = Release|Any CPU
		{7E74647F-462A-431C-9E66-83267A30D16E}.Release|x64.Build.0 = Release|Any CPU
		{7E74647F-462A-431C-9E66-83267A30D16E}.Release|x86.ActiveCfg = Release|Any CPU
		{7E74647F-462A-431C-9E66-83267A30D16E}.Release|x86.Build.0 = Release|Any CPU
	EndGlobalSection
	GlobalSection(SolutionProperties) = preSolution
		HideSolutionNode = FALSE
	EndGlobalSection
	GlobalSection(NestedProjects) = preSolution
		{4B455895-DEEB-4A2A-8633-ABDC9BF3E360} = {4EBA9AA3-290B-4961-B3ED-EF94DA7878CB}
		{486A4D3C-53FE-49D9-B061-A9E34D7F654C} = {3B9AC82A-1A12-4D42-B96C-6B7B1B2A0FAB}
		{B50E502A-8DBC-46E2-AE1F-092F126DE838} = {3B9AC82A-1A12-4D42-B96C-6B7B1B2A0FAB}
		{DC1496A6-1F14-468A-BCE6-3634B82B77F1} = {3B9AC82A-1A12-4D42-B96C-6B7B1B2A0FAB}
		{E0A1ADD2-AA1D-4024-9443-60334BF385C0} = {F491480F-C21A-4F46-9B41-05F1A1883ED9}
		{6279C845-92F8-4333-AB99-3D213163593C} = {4EBA9AA3-290B-4961-B3ED-EF94DA7878CB}
		{242EC010-6289-4B5A-A064-4F167044760B} = {4EBA9AA3-290B-4961-B3ED-EF94DA7878CB}
		{31C4E6F9-4608-4A6F-8445-10F823FEFBAA} = {C2EAC2D8-55B7-4470-8BF6-B79DC9120AE3}
		{1E8BA999-A416-425C-8703-C3589F0055F9} = {C2EAC2D8-55B7-4470-8BF6-B79DC9120AE3}
		{4CA1E1F8-43BF-4EC8-8E47-7D066616D5A6} = {3B9AC82A-1A12-4D42-B96C-6B7B1B2A0FAB}
	EndGlobalSection
	GlobalSection(ExtensibilityGlobals) = postSolution
		SolutionGuid = {161C04F8-70EC-46CD-A3CE-98587A829B9A}
	EndGlobalSection
EndGlobal
