
Microsoft Visual Studio Solution File, Format Version 12.00
# Visual Studio 15
Project("{FAE04EC0-301F-11D3-BF4B-00C04F79EFBC}") = "RestClient.Net.XamarinForms.iOS", "RestClient.Net.XamarinForms.iOS.csproj", "{C25F1E40-011C-404B-AA8D-370897CB12CC}"
EndProject
Global
	GlobalSection(SolutionConfigurationPlatforms) = preSolution
		Debug|iPhoneSimulator = Debug|iPhoneSimulator
		Release|iPhoneSimulator = Release|iPhoneSimulator
		Debug|iPhone = Debug|iPhone
		Release|iPhone = Release|iPhone
	EndGlobalSection
	GlobalSection(ProjectConfigurationPlatforms) = postSolution
		{C25F1E40-011C-404B-AA8D-370897CB12CC}.Debug|iPhoneSimulator.ActiveCfg = Debug|iPhoneSimulator
		{C25F1E40-011C-404B-AA8D-370897CB12CC}.Debug|iPhoneSimulator.Build.0 = Debug|iPhoneSimulator
		{C25F1E40-011C-404B-AA8D-370897CB12CC}.Release|iPhoneSimulator.ActiveCfg = Release|iPhoneSimulator
		{C25F1E40-011C-404B-AA8D-370897CB12CC}.Release|iPhoneSimulator.Build.0 = Release|iPhoneSimulator
		{C25F1E40-011C-404B-AA8D-370897CB12CC}.Debug|iPhone.ActiveCfg = Debug|iPhone
		{C25F1E40-011C-404B-AA8D-370897CB12CC}.Debug|iPhone.Build.0 = Debug|iPhone
		{C25F1E40-011C-404B-AA8D-370897CB12CC}.Release|iPhone.ActiveCfg = Release|iPhone
		{C25F1E40-011C-404B-AA8D-370897CB12CC}.Release|iPhone.Build.0 = Release|iPhone
	EndGlobalSection
EndGlobal
